PODS:
  - Alamofire (5.6.2)
  - GoogleDataTransport (9.2.0):
    - GoogleUtilities/Environment (~> 7.7)
    - nanopb (< 2.30910.0, >= 2.30908.0)
    - PromisesObjC (< 3.0, >= 1.2)
  - GoogleMLKit/MLKitCore (3.2.0):
    - MLKitCommon (~> 8.0.0)
  - GoogleMLKit/TextRecognitionKorean (3.2.0):
    - GoogleMLKit/MLKitCore
    - MLKitTextRecognitionKorean (~> 1.0.0-beta6)
  - GoogleToolboxForMac/DebugUtils (2.3.2):
    - GoogleToolboxForMac/Defines (= 2.3.2)
  - GoogleToolboxForMac/Defines (2.3.2)
  - GoogleToolboxForMac/Logger (2.3.2):
    - GoogleToolboxForMac/Defines (= 2.3.2)
  - "GoogleToolboxForMac/NSData+zlib (2.3.2)":
    - GoogleToolboxForMac/Defines (= 2.3.2)
  - "GoogleToolboxForMac/NSDictionary+URLArguments (2.3.2)":
    - GoogleToolboxForMac/DebugUtils (= 2.3.2)
    - GoogleToolboxForMac/Defines (= 2.3.2)
    - "GoogleToolboxForMac/NSString+URLArguments (= 2.3.2)"
  - "GoogleToolboxForMac/NSString+URLArguments (2.3.2)"
  - GoogleUtilities/Environment (7.8.0):
    - PromisesObjC (< 3.0, >= 1.2)
  - GoogleUtilities/Logger (7.8.0):
    - GoogleUtilities/Environment
  - GoogleUtilities/UserDefaults (7.8.0):
    - GoogleUtilities/Logger
  - GoogleUtilitiesComponents (1.1.0):
    - GoogleUtilities/Logger
  - GTMSessionFetcher/Core (1.7.2)
  - KakaoSDKAuth (2.11.3):
    - KakaoSDKCommon (= 2.11.3)
  - KakaoSDKCommon (2.11.3):
    - KakaoSDKCommon/Common (= 2.11.3)
    - KakaoSDKCommon/Network (= 2.11.3)
  - KakaoSDKCommon/Common (2.11.3)
  - KakaoSDKCommon/Network (2.11.3):
    - Alamofire (~> 5.1)
    - KakaoSDKCommon/Common (= 2.11.3)
  - KakaoSDKUser (2.11.3):
    - KakaoSDKAuth (= 2.11.3)
  - lottie-ios (3.5.0)
  - Mantis (2.1.1)
  - MLImage (1.0.0-beta3)
  - MLKitCommon (8.0.0):
    - GoogleDataTransport (~> 9.0)
    - GoogleToolboxForMac/Logger (~> 2.1)
    - "GoogleToolboxForMac/NSData+zlib (~> 2.1)"
    - "GoogleToolboxForMac/NSDictionary+URLArguments (~> 2.1)"
    - GoogleUtilities/UserDefaults (~> 7.0)
    - GoogleUtilitiesComponents (~> 1.0)
    - GTMSessionFetcher/Core (~> 1.1)
    - Protobuf (~> 3.12)
  - MLKitTextRecognitionCommon (1.0.0-beta6):
    - MLKitCommon (~> 8.0)
    - MLKitVision (~> 4.2)
  - MLKitTextRecognitionKorean (1.0.0-beta6):
    - MLKitCommon (~> 8.0)
    - MLKitTextRecognitionCommon (= 1.0.0-beta6)
    - MLKitVision (~> 4.2)
  - MLKitVision (4.2.0):
    - GoogleToolboxForMac/Logger (~> 2.1)
    - "GoogleToolboxForMac/NSData+zlib (~> 2.1)"
    - GTMSessionFetcher/Core (~> 1.1)
    - MLImage (= 1.0.0-beta3)
    - MLKitCommon (~> 8.0)
    - Protobuf (~> 3.12)
  - nanopb (2.30909.0):
    - nanopb/decode (= 2.30909.0)
    - nanopb/encode (= 2.30909.0)
  - nanopb/decode (2.30909.0)
  - nanopb/encode (2.30909.0)
  - naveridlogin-sdk-ios (4.1.5)
  - PromisesObjC (2.1.1)
  - Protobuf (3.21.7)
  - Realm (10.32.0):
    - Realm/Headers (= 10.32.0)
  - Realm/Headers (10.32.0)
  - RealmSwift (10.32.0):
    - Realm (= 10.32.0)
  - RxAlamofire (6.1.1):
    - RxAlamofire/Core (= 6.1.1)
  - RxAlamofire/Core (6.1.1):
    - Alamofire (~> 5.4)
    - RxSwift (~> 6.0)
  - RxCocoa (6.5.0):
    - RxRelay (= 6.5.0)
    - RxSwift (= 6.5.0)
  - RxKakaoSDKAuth (2.11.3):
    - KakaoSDKAuth (= 2.11.3)
    - RxKakaoSDKCommon (= 2.11.3)
  - RxKakaoSDKCommon (2.11.3):
    - RxKakaoSDKCommon/Common (= 2.11.3)
    - RxKakaoSDKCommon/Network (= 2.11.3)
  - RxKakaoSDKCommon/Common (2.11.3):
    - KakaoSDKCommon/Common (= 2.11.3)
    - RxCocoa
    - RxSwift (~> 6.0)
  - RxKakaoSDKCommon/Network (2.11.3):
    - KakaoSDKCommon/Network (= 2.11.3)
    - RxAlamofire (~> 6.0)
    - RxKakaoSDKCommon/Common (= 2.11.3)
  - RxKakaoSDKUser (2.11.3):
    - KakaoSDKUser (= 2.11.3)
    - RxKakaoSDKAuth (= 2.11.3)
  - RxRelay (6.5.0):
    - RxSwift (= 6.5.0)
  - RxSwift (6.5.0)
  - SnapKit (5.6.0)
  - SwiftyBeaver (1.9.6)

DEPENDENCIES:
  - Alamofire
  - GoogleMLKit/TextRecognitionKorean
  - KakaoSDKAuth
  - KakaoSDKCommon
  - KakaoSDKUser
  - lottie-ios
  - Mantis
  - naveridlogin-sdk-ios
  - RealmSwift
  - RxCocoa
  - RxKakaoSDKAuth
  - RxKakaoSDKUser
  - RxSwift
  - SnapKit
  - SwiftyBeaver

SPEC REPOS:
  trunk:
    - Alamofire
    - GoogleDataTransport
    - GoogleMLKit
    - GoogleToolboxForMac
    - GoogleUtilities
    - GoogleUtilitiesComponents
    - GTMSessionFetcher
    - KakaoSDKAuth
    - KakaoSDKCommon
    - KakaoSDKUser
    - lottie-ios
    - Mantis
    - MLImage
    - MLKitCommon
    - MLKitTextRecognitionCommon
    - MLKitTextRecognitionKorean
    - MLKitVision
    - nanopb
    - naveridlogin-sdk-ios
    - PromisesObjC
    - Protobuf
    - Realm
    - RealmSwift
    - RxAlamofire
    - RxCocoa
    - RxKakaoSDKAuth
    - RxKakaoSDKCommon
    - RxKakaoSDKUser
    - RxRelay
    - RxSwift
    - SnapKit
    - SwiftyBeaver

SPEC CHECKSUMS:
  Alamofire: d368e1ff8a298e6dde360e35a3e68e6c610e7204
  GoogleDataTransport: 1c8145da7117bd68bbbed00cf304edb6a24de00f
  GoogleMLKit: 0017a6a8372e1a182139b9def4d89be5d87ca5a7
  GoogleToolboxForMac: 8bef7c7c5cf7291c687cf5354f39f9db6399ad34
  GoogleUtilities: 1d20a6ad97ef46f67bbdec158ce00563a671ebb7
  GoogleUtilitiesComponents: 679b2c881db3b615a2777504623df6122dd20afe
  GTMSessionFetcher: 5595ec75acf5be50814f81e9189490412bad82ba
  KakaoSDKAuth: a64dde90516e18fdfc35b83bbad2677c3675c329
  KakaoSDKCommon: b4235203f67a5b6ee2df75eaf9bbc863c6d92e09
  KakaoSDKUser: 9a42e9b74855ce876b071c841418aa6726534010
  lottie-ios: c55158d67d0629a260625cc2ded2052b829e3c3e
  Mantis: 2ff1333b395b546a137be302e1deb98bf48f1cdc
  MLImage: 489dfec109f21da8621b28d476401aaf7a0d4ff4
  MLKitCommon: f6da6c5659618c070b50a80db01248ebe2964175
  MLKitTextRecognitionCommon: 0c720ee45ffedb3a34f0e8b95764d2f57a108e71
  MLKitTextRecognitionKorean: dfc0fa67510d971f49c1c56641953c32d65d7b10
  MLKitVision: 96c96571190b7f63eddf4a12068ce8a8689e0d2c
  nanopb: b552cce312b6c8484180ef47159bc0f65a1f0431
  naveridlogin-sdk-ios: 4351fe7162cd6b8b6dbb37bd7cc205304fa1d889
  PromisesObjC: ab77feca74fa2823e7af4249b8326368e61014cb
  Protobuf: f4128517d7a42302e106cc3afe614ee3a7513e94
  Realm: a00e93347b8d26d372c7a82f6c0b08d6536a21c8
  RealmSwift: fe09c29ca409f8f905fe4086f2a52936193f2e3d
  RxAlamofire: beb75a1c452d0de225651db4903f5d29d034a620
  RxCocoa: 94f817b71c07517321eb4f9ad299112ca8af743b
  RxKakaoSDKAuth: e0380c0369233da9b2bafcec6335bfd2491bb930
  RxKakaoSDKCommon: 473015ead2bca7ede6cfc7c602228f9d6f9adbc0
  RxKakaoSDKUser: 5395816373c847abe0211bdecfdcea6d465abc3d
  RxRelay: 1de1523e604c72b6c68feadedd1af3b1b4d0ecbd
  RxSwift: 5710a9e6b17f3c3d6e40d6e559b9fa1e813b2ef8
  SnapKit: e01d52ebb8ddbc333eefe2132acf85c8227d9c25
  SwiftyBeaver: c8241b4745aa269a78ca5a022532c6915e948536

PODFILE CHECKSUM: 828d51daa4330dc167ea3031a148e9b7d0e94a16

COCOAPODS: 1.11.2
