// !$*UTF8*$!
{
	archiveVersion = 1;
	classes = {
	};
	objectVersion = 55;
	objects = {

/* Begin PBXBuildFile section */
		40F5BA46BDC623769AD32EC9 /* Pods_lines_iOS.framework in Frameworks */ = {isa = PBXBuildFile; fileRef = 6C1553B13AD637E8346E0EA5 /* Pods_lines_iOS.framework */; };
		BA8F822529A48AE3007A48A0 /* Extensions+Func.swift in Sources */ = {isa = PBXBuildFile; fileRef = BA8F819929A48AE2007A48A0 /* Extensions+Func.swift */; };
		BA8F822629A48AE3007A48A0 /* Extensions+Value.swift in Sources */ = {isa = PBXBuildFile; fileRef = BA8F819A29A48AE2007A48A0 /* Extensions+Value.swift */; };
		BA8F822729A48AE3007A48A0 /* Extensions+UI.swift in Sources */ = {isa = PBXBuildFile; fileRef = BA8F819B29A48AE2007A48A0 /* Extensions+UI.swift */; };
		BA8F822829A48AE3007A48A0 /* FixCard_CompleteViewController.swift in Sources */ = {isa = PBXBuildFile; fileRef = BA8F819D29A48AE3007A48A0 /* FixCard_CompleteViewController.swift */; };
		BA8F822929A48AE3007A48A0 /* FixCard_DetailViewController.swift in Sources */ = {isa = PBXBuildFile; fileRef = BA8F819E29A48AE3007A48A0 /* FixCard_DetailViewController.swift */; };
		BA8F822A29A48AE3007A48A0 /* FixCardViewController.swift in Sources */ = {isa = PBXBuildFile; fileRef = BA8F819F29A48AE3007A48A0 /* FixCardViewController.swift */; };
		BA8F822B29A48AE3007A48A0 /* FixCard_SaveButtonView.swift in Sources */ = {isa = PBXBuildFile; fileRef = BA8F81A129A48AE3007A48A0 /* FixCard_SaveButtonView.swift */; };
		BA8F822C29A48AE3007A48A0 /* RecentRegisterBookListViewModel.swift in Sources */ = {isa = PBXBuildFile; fileRef = BA8F81A429A48AE3007A48A0 /* RecentRegisterBookListViewModel.swift */; };
		BA8F822D29A48AE3007A48A0 /* MainViewController.swift in Sources */ = {isa = PBXBuildFile; fileRef = BA8F81A529A48AE3007A48A0 /* MainViewController.swift */; };
		BA8F822E29A48AE3007A48A0 /* Main_CardDetailViewController.swift in Sources */ = {isa = PBXBuildFile; fileRef = BA8F81A629A48AE3007A48A0 /* Main_CardDetailViewController.swift */; };
		BA8F822F29A48AE3007A48A0 /* Main_PopUpAlertViewController.swift in Sources */ = {isa = PBXBuildFile; fileRef = BA8F81A729A48AE3007A48A0 /* Main_PopUpAlertViewController.swift */; };
		BA8F823029A48AE3007A48A0 /* RecentRegisterBookListModel.swift in Sources */ = {isa = PBXBuildFile; fileRef = BA8F81A929A48AE3007A48A0 /* RecentRegisterBookListModel.swift */; };
		BA8F823129A48AE3007A48A0 /* Main_HeaderView.swift in Sources */ = {isa = PBXBuildFile; fileRef = BA8F81AB29A48AE3007A48A0 /* Main_HeaderView.swift */; };
		BA8F823229A48AE3007A48A0 /* Main_MenuView.swift in Sources */ = {isa = PBXBuildFile; fileRef = BA8F81AC29A48AE3007A48A0 /* Main_MenuView.swift */; };
		BA8F823329A48AE3007A48A0 /* Main_TopView.swift in Sources */ = {isa = PBXBuildFile; fileRef = BA8F81AD29A48AE3007A48A0 /* Main_TopView.swift */; };
		BA8F823429A48AE3007A48A0 /* ImageListCellView.swift in Sources */ = {isa = PBXBuildFile; fileRef = BA8F81AF29A48AE3007A48A0 /* ImageListCellView.swift */; };
		BA8F823529A48AE3007A48A0 /* Main_CardDetailTopView.swift in Sources */ = {isa = PBXBuildFile; fileRef = BA8F81B029A48AE3007A48A0 /* Main_CardDetailTopView.swift */; };
		BA8F823629A48AE3007A48A0 /* Main_ListView.swift in Sources */ = {isa = PBXBuildFile; fileRef = BA8F81B129A48AE3007A48A0 /* Main_ListView.swift */; };
		BA8F823729A48AE3007A48A0 /* Main_MenuButton.swift in Sources */ = {isa = PBXBuildFile; fileRef = BA8F81B229A48AE3007A48A0 /* Main_MenuButton.swift */; };
		BA8F823829A48AE3007A48A0 /* Main_OverlappedButtonsView.swift in Sources */ = {isa = PBXBuildFile; fileRef = BA8F81B329A48AE3007A48A0 /* Main_OverlappedButtonsView.swift */; };
		BA8F823929A48AE3007A48A0 /* MakeCard_BarcodeViewController.swift in Sources */ = {isa = PBXBuildFile; fileRef = BA8F81B529A48AE3007A48A0 /* MakeCard_BarcodeViewController.swift */; };
		BA8F823A29A48AE3007A48A0 /* MakeCard_CompleteViewController.swift in Sources */ = {isa = PBXBuildFile; fileRef = BA8F81B629A48AE3007A48A0 /* MakeCard_CompleteViewController.swift */; };
		BA8F823B29A48AE3007A48A0 /* MakeCard_SearchBookViewController.swift in Sources */ = {isa = PBXBuildFile; fileRef = BA8F81B729A48AE3007A48A0 /* MakeCard_SearchBookViewController.swift */; };
		BA8F823C29A48AE3007A48A0 /* MakeCardOnlyTextViewController.swift in Sources */ = {isa = PBXBuildFile; fileRef = BA8F81B829A48AE3007A48A0 /* MakeCardOnlyTextViewController.swift */; };
		BA8F823D29A48AE3007A48A0 /* ShareController.swift in Sources */ = {isa = PBXBuildFile; fileRef = BA8F81BA29A48AE3007A48A0 /* ShareController.swift */; };
		BA8F823E29A48AE3007A48A0 /* MakeCard_SearchButtonType.swift in Sources */ = {isa = PBXBuildFile; fileRef = BA8F81BC29A48AE3007A48A0 /* MakeCard_SearchButtonType.swift */; };
		BA8F823F29A48AE3007A48A0 /* MakeCard_StickerBackColorType.swift in Sources */ = {isa = PBXBuildFile; fileRef = BA8F81BD29A48AE3007A48A0 /* MakeCard_StickerBackColorType.swift */; };
		BA8F824029A48AE3007A48A0 /* MakeCard_StickerRatioType.swift in Sources */ = {isa = PBXBuildFile; fileRef = BA8F81BE29A48AE3007A48A0 /* MakeCard_StickerRatioType.swift */; };
		BA8F824129A48AE3007A48A0 /* MakeCard_ShareButtonsType.swift in Sources */ = {isa = PBXBuildFile; fileRef = BA8F81BF29A48AE3007A48A0 /* MakeCard_ShareButtonsType.swift */; };
		BA8F824229A48AE3007A48A0 /* MakeCard_SearchedTypeViewButton.swift in Sources */ = {isa = PBXBuildFile; fileRef = BA8F81C029A48AE3007A48A0 /* MakeCard_SearchedTypeViewButton.swift */; };
		BA8F824329A48AE3007A48A0 /* MakeCard_StickerContentFontButton.swift in Sources */ = {isa = PBXBuildFile; fileRef = BA8F81C229A48AE3007A48A0 /* MakeCard_StickerContentFontButton.swift */; };
		BA8F824429A48AE3007A48A0 /* MakeCard_ContentView.swift in Sources */ = {isa = PBXBuildFile; fileRef = BA8F81C329A48AE3007A48A0 /* MakeCard_ContentView.swift */; };
		BA8F824529A48AE3007A48A0 /* MakeCard_SearchedListView.swift in Sources */ = {isa = PBXBuildFile; fileRef = BA8F81C429A48AE3007A48A0 /* MakeCard_SearchedListView.swift */; };
		BA8F824629A48AE3007A48A0 /* MakeCard_SearchedTypeView.swift in Sources */ = {isa = PBXBuildFile; fileRef = BA8F81C529A48AE3007A48A0 /* MakeCard_SearchedTypeView.swift */; };
		BA8F824729A48AE3007A48A0 /* MakeCard_StickerContentTextAlignmentButton.swift in Sources */ = {isa = PBXBuildFile; fileRef = BA8F81C629A48AE3007A48A0 /* MakeCard_StickerContentTextAlignmentButton.swift */; };
		BA8F824829A48AE3007A48A0 /* MarkCard_BottomView.swift in Sources */ = {isa = PBXBuildFile; fileRef = BA8F81C729A48AE3007A48A0 /* MarkCard_BottomView.swift */; };
		BA8F824929A48AE3007A48A0 /* MakeCard_StickerSetView.swift in Sources */ = {isa = PBXBuildFile; fileRef = BA8F81C829A48AE3007A48A0 /* MakeCard_StickerSetView.swift */; };
		BA8F824A29A48AE3007A48A0 /* MakeCard_KakaoBookSearcher.swift in Sources */ = {isa = PBXBuildFile; fileRef = BA8F81C929A48AE3007A48A0 /* MakeCard_KakaoBookSearcher.swift */; };
		BA8F824B29A48AE3007A48A0 /* MakeCard_BarcodeSearchButton.swift in Sources */ = {isa = PBXBuildFile; fileRef = BA8F81CA29A48AE3007A48A0 /* MakeCard_BarcodeSearchButton.swift */; };
		BA8F824C29A48AE3007A48A0 /* MakeCard_StickerOneToOneView.swift in Sources */ = {isa = PBXBuildFile; fileRef = BA8F81CB29A48AE3007A48A0 /* MakeCard_StickerOneToOneView.swift */; };
		BA8F824D29A48AE3007A48A0 /* MakeCard_StickerBackColorButton.swift in Sources */ = {isa = PBXBuildFile; fileRef = BA8F81CC29A48AE3007A48A0 /* MakeCard_StickerBackColorButton.swift */; };
		BA8F824E29A48AE3007A48A0 /* MakeCard_BarcodeReaderView.swift in Sources */ = {isa = PBXBuildFile; fileRef = BA8F81CD29A48AE3007A48A0 /* MakeCard_BarcodeReaderView.swift */; };
		BA8F824F29A48AE3007A48A0 /* MakeCard_StickerContentFontSetView.swift in Sources */ = {isa = PBXBuildFile; fileRef = BA8F81CE29A48AE3007A48A0 /* MakeCard_StickerContentFontSetView.swift */; };
		BA8F825029A48AE3007A48A0 /* MakeCard_StickerBackColorSetView.swift in Sources */ = {isa = PBXBuildFile; fileRef = BA8F81CF29A48AE3007A48A0 /* MakeCard_StickerBackColorSetView.swift */; };
		BA8F825129A48AE3007A48A0 /* MakeCard_ShareButtonsView.swift in Sources */ = {isa = PBXBuildFile; fileRef = BA8F81D029A48AE3007A48A0 /* MakeCard_ShareButtonsView.swift */; };
		BA8F825229A48AE3007A48A0 /* MakeCard_StickerView.swift in Sources */ = {isa = PBXBuildFile; fileRef = BA8F81D129A48AE3007A48A0 /* MakeCard_StickerView.swift */; };
		BA8F825329A48AE3007A48A0 /* MakeCard_NoticeView.swift in Sources */ = {isa = PBXBuildFile; fileRef = BA8F81D229A48AE3007A48A0 /* MakeCard_NoticeView.swift */; };
		BA8F825429A48AE3007A48A0 /* MakeCard_TopView.swift in Sources */ = {isa = PBXBuildFile; fileRef = BA8F81D329A48AE3007A48A0 /* MakeCard_TopView.swift */; };
		BA8F825529A48AE3007A48A0 /* MakeCard_StickerThreeToFourView.swift in Sources */ = {isa = PBXBuildFile; fileRef = BA8F81D429A48AE3007A48A0 /* MakeCard_StickerThreeToFourView.swift */; };
		BA8F825629A48AE3007A48A0 /* MakeCard_StickerContentTextAlignmentSetView.swift in Sources */ = {isa = PBXBuildFile; fileRef = BA8F81D529A48AE3007A48A0 /* MakeCard_StickerContentTextAlignmentSetView.swift */; };
		BA8F825729A48AE3007A48A0 /* MakeCard_GoToHomeButtonView.swift in Sources */ = {isa = PBXBuildFile; fileRef = BA8F81D629A48AE3007A48A0 /* MakeCard_GoToHomeButtonView.swift */; };
		BA8F825829A48AE3007A48A0 /* MainCard_ContentNoticeView.swift in Sources */ = {isa = PBXBuildFile; fileRef = BA8F81D729A48AE3007A48A0 /* MainCard_ContentNoticeView.swift */; };
		BA8F825929A48AE3007A48A0 /* MakeCard_SelectProportionButtonView.swift in Sources */ = {isa = PBXBuildFile; fileRef = BA8F81D829A48AE3007A48A0 /* MakeCard_SelectProportionButtonView.swift */; };
		BA8F825A29A48AE3007A48A0 /* MakeCard_DetailViewController.swift in Sources */ = {isa = PBXBuildFile; fileRef = BA8F81D929A48AE3007A48A0 /* MakeCard_DetailViewController.swift */; };
		BA8F825B29A48AE3007A48A0 /* MakeCardViewController.swift in Sources */ = {isa = PBXBuildFile; fileRef = BA8F81DA29A48AE3007A48A0 /* MakeCardViewController.swift */; };
		BA8F825C29A48AE3007A48A0 /* CameraViewController.swift in Sources */ = {isa = PBXBuildFile; fileRef = BA8F81DC29A48AE3007A48A0 /* CameraViewController.swift */; };
		BA8F825D29A48AE3007A48A0 /* TextRecognizeController.swift in Sources */ = {isa = PBXBuildFile; fileRef = BA8F81DE29A48AE3007A48A0 /* TextRecognizeController.swift */; };
		BA8F825E29A48AE3007A48A0 /* ReadTextController.swift in Sources */ = {isa = PBXBuildFile; fileRef = BA8F81DF29A48AE3007A48A0 /* ReadTextController.swift */; };
		BA8F825F29A48AE3007A48A0 /* ExternUIImagePickerController.swift in Sources */ = {isa = PBXBuildFile; fileRef = BA8F81E029A48AE3007A48A0 /* ExternUIImagePickerController.swift */; };
		BA8F826029A48AE3007A48A0 /* TestData.swift in Sources */ = {isa = PBXBuildFile; fileRef = BA8F81E229A48AE3007A48A0 /* TestData.swift */; };
		BA8F826129A48AE3007A48A0 /* AppleSDGothicNeoH.ttf in Resources */ = {isa = PBXBuildFile; fileRef = BA8F81E429A48AE3007A48A0 /* AppleSDGothicNeoH.ttf */; };
		BA8F826229A48AE3007A48A0 /* NotoSansNKo-Regular.ttf in Resources */ = {isa = PBXBuildFile; fileRef = BA8F81E529A48AE3007A48A0 /* NotoSansNKo-Regular.ttf */; };
		BA8F826329A48AE3007A48A0 /* AppleSDGothicNeoM.ttf in Resources */ = {isa = PBXBuildFile; fileRef = BA8F81E629A48AE3007A48A0 /* AppleSDGothicNeoM.ttf */; };
		BA8F826429A48AE3007A48A0 /* AppleSDGothicNeoL.ttf in Resources */ = {isa = PBXBuildFile; fileRef = BA8F81E729A48AE3007A48A0 /* AppleSDGothicNeoL.ttf */; };
		BA8F826529A48AE3007A48A0 /* AppleSDGothicNeoEB.ttf in Resources */ = {isa = PBXBuildFile; fileRef = BA8F81E829A48AE3007A48A0 /* AppleSDGothicNeoEB.ttf */; };
		BA8F826629A48AE3007A48A0 /* GowunDodum-Regular.ttf in Resources */ = {isa = PBXBuildFile; fileRef = BA8F81E929A48AE3007A48A0 /* GowunDodum-Regular.ttf */; };
		BA8F826729A48AE3007A48A0 /* AppleSDGothicNeoB.ttf in Resources */ = {isa = PBXBuildFile; fileRef = BA8F81EA29A48AE3007A48A0 /* AppleSDGothicNeoB.ttf */; };
		BA8F826829A48AE3007A48A0 /* NanumURiDdarSonGeurSsi.ttf in Resources */ = {isa = PBXBuildFile; fileRef = BA8F81EB29A48AE3007A48A0 /* NanumURiDdarSonGeurSsi.ttf */; };
		BA8F826929A48AE3007A48A0 /* NanumMyeongjo-YetHangul.ttf in Resources */ = {isa = PBXBuildFile; fileRef = BA8F81EC29A48AE3007A48A0 /* NanumMyeongjo-YetHangul.ttf */; };
		BA8F826A29A48AE3007A48A0 /* NanumSquareNeo-bRg.ttf in Resources */ = {isa = PBXBuildFile; fileRef = BA8F81ED29A48AE3007A48A0 /* NanumSquareNeo-bRg.ttf */; };
		BA8F826B29A48AE3007A48A0 /* Assets.xcassets in Resources */ = {isa = PBXBuildFile; fileRef = BA8F81EE29A48AE3007A48A0 /* Assets.xcassets */; };
		BA8F826C29A48AE3007A48A0 /* Fonts.swift in Sources */ = {isa = PBXBuildFile; fileRef = BA8F81EF29A48AE3007A48A0 /* Fonts.swift */; };
		BA8F826D29A48AE3007A48A0 /* Colors.swift in Sources */ = {isa = PBXBuildFile; fileRef = BA8F81F029A48AE3007A48A0 /* Colors.swift */; };
		BA8F826E29A48AE3007A48A0 /* Main_Lottie.json in Resources */ = {isa = PBXBuildFile; fileRef = BA8F81F129A48AE3007A48A0 /* Main_Lottie.json */; };
		BA8F827029A48AE3007A48A0 /* PopUpViewController.swift in Sources */ = {isa = PBXBuildFile; fileRef = BA8F81F429A48AE3007A48A0 /* PopUpViewController.swift */; };
		BA8F827129A48AE3007A48A0 /* ViewController.swift in Sources */ = {isa = PBXBuildFile; fileRef = BA8F81F629A48AE3007A48A0 /* ViewController.swift */; };
		BA8F827229A48AE3007A48A0 /* ScrollViewController.swift in Sources */ = {isa = PBXBuildFile; fileRef = BA8F81F729A48AE3007A48A0 /* ScrollViewController.swift */; };
		BA8F827329A48AE3007A48A0 /* LaunchScreen.storyboard in Resources */ = {isa = PBXBuildFile; fileRef = BA8F81F829A48AE3007A48A0 /* LaunchScreen.storyboard */; };
		BA8F827429A48AE3007A48A0 /* UserInfo.swift in Sources */ = {isa = PBXBuildFile; fileRef = BA8F81FB29A48AE3007A48A0 /* UserInfo.swift */; };
		BA8F827529A48AE3007A48A0 /* UserData.swift in Sources */ = {isa = PBXBuildFile; fileRef = BA8F81FC29A48AE3007A48A0 /* UserData.swift */; };
		BA8F827629A48AE3007A48A0 /* OneButtonAlertView.swift in Sources */ = {isa = PBXBuildFile; fileRef = BA8F81FE29A48AE3007A48A0 /* OneButtonAlertView.swift */; };
		BA8F827729A48AE3007A48A0 /* ImageAlertView.swift in Sources */ = {isa = PBXBuildFile; fileRef = BA8F81FF29A48AE3007A48A0 /* ImageAlertView.swift */; };
		BA8F827829A48AE3007A48A0 /* AlertView.swift in Sources */ = {isa = PBXBuildFile; fileRef = BA8F820029A48AE3007A48A0 /* AlertView.swift */; };
		BA8F827929A48AE3007A48A0 /* PopUpAlertView.swift in Sources */ = {isa = PBXBuildFile; fileRef = BA8F820129A48AE3007A48A0 /* PopUpAlertView.swift */; };
		BA8F827A29A48AE3007A48A0 /* TwoButtonAlertView.swift in Sources */ = {isa = PBXBuildFile; fileRef = BA8F820229A48AE3007A48A0 /* TwoButtonAlertView.swift */; };
		BA8F827B29A48AE3007A48A0 /* TopView.swift in Sources */ = {isa = PBXBuildFile; fileRef = BA8F820329A48AE3007A48A0 /* TopView.swift */; };
		BA8F827C29A48AE3007A48A0 /* Toast.swift in Sources */ = {isa = PBXBuildFile; fileRef = BA8F820429A48AE3007A48A0 /* Toast.swift */; };
		BA8F827D29A48AE3007A48A0 /* AppDelegate.swift in Sources */ = {isa = PBXBuildFile; fileRef = BA8F820529A48AE3007A48A0 /* AppDelegate.swift */; };
		BA8F827E29A48AE3007A48A0 /* RealmController.swift in Sources */ = {isa = PBXBuildFile; fileRef = BA8F820729A48AE3007A48A0 /* RealmController.swift */; };
		BA8F827F29A48AE3007A48A0 /* CardModel_Realm.swift in Sources */ = {isa = PBXBuildFile; fileRef = BA8F820929A48AE3007A48A0 /* CardModel_Realm.swift */; };
		BA8F828029A48AE3007A48A0 /* SplashViewController.swift in Sources */ = {isa = PBXBuildFile; fileRef = BA8F820B29A48AE3007A48A0 /* SplashViewController.swift */; };
		BA8F828129A48AE3007A48A0 /* StartViewController.swift in Sources */ = {isa = PBXBuildFile; fileRef = BA8F820C29A48AE3007A48A0 /* StartViewController.swift */; };
		BA8F828229A48AE3007A48A0 /* UserAgreementWebViewController.swift in Sources */ = {isa = PBXBuildFile; fileRef = BA8F820E29A48AE3007A48A0 /* UserAgreementWebViewController.swift */; };
		BA8F828329A48AE3007A48A0 /* KakaoLoginController.swift in Sources */ = {isa = PBXBuildFile; fileRef = BA8F821029A48AE3007A48A0 /* KakaoLoginController.swift */; };
		BA8F828429A48AE3007A48A0 /* NaverLoginController.swift in Sources */ = {isa = PBXBuildFile; fileRef = BA8F821129A48AE3007A48A0 /* NaverLoginController.swift */; };
		BA8F828529A48AE3007A48A0 /* LoginType.swift in Sources */ = {isa = PBXBuildFile; fileRef = BA8F821329A48AE3007A48A0 /* LoginType.swift */; };
		BA8F828629A48AE3007A48A0 /* UserAgreement_CellView.swift in Sources */ = {isa = PBXBuildFile; fileRef = BA8F821529A48AE3007A48A0 /* UserAgreement_CellView.swift */; };
		BA8F828729A48AE3007A48A0 /* LoginButton.swift in Sources */ = {isa = PBXBuildFile; fileRef = BA8F821629A48AE3007A48A0 /* LoginButton.swift */; };
		BA8F828829A48AE3007A48A0 /* UserAgreement_TopView.swift in Sources */ = {isa = PBXBuildFile; fileRef = BA8F821729A48AE3007A48A0 /* UserAgreement_TopView.swift */; };
		BA8F828929A48AE3007A48A0 /* LoginButtonView.swift in Sources */ = {isa = PBXBuildFile; fileRef = BA8F821829A48AE3007A48A0 /* LoginButtonView.swift */; };
		BA8F828A29A48AE3007A48A0 /* LoginViewController.swift in Sources */ = {isa = PBXBuildFile; fileRef = BA8F821929A48AE3007A48A0 /* LoginViewController.swift */; };
		BA8F828B29A48AE3007A48A0 /* UserAgreementViewController.swift in Sources */ = {isa = PBXBuildFile; fileRef = BA8F821A29A48AE3007A48A0 /* UserAgreementViewController.swift */; };
		BA8F828C29A48AE3007A48A0 /* NWMonitor.swift in Sources */ = {isa = PBXBuildFile; fileRef = BA8F821C29A48AE3007A48A0 /* NWMonitor.swift */; };
		BA8F828D29A48AE3007A48A0 /* AFHandler.swift in Sources */ = {isa = PBXBuildFile; fileRef = BA8F821D29A48AE3007A48A0 /* AFHandler.swift */; };
		BA8F828E29A48AE3007A48A0 /* RequestInterceptor.swift in Sources */ = {isa = PBXBuildFile; fileRef = BA8F821F29A48AE3007A48A0 /* RequestInterceptor.swift */; };
		BA8F828F29A48AE3007A48A0 /* ResponsableStatus.swift in Sources */ = {isa = PBXBuildFile; fileRef = BA8F822029A48AE3007A48A0 /* ResponsableStatus.swift */; };
		BA8F829029A48AE3007A48A0 /* SearchBookStatus.swift in Sources */ = {isa = PBXBuildFile; fileRef = BA8F822129A48AE3007A48A0 /* SearchBookStatus.swift */; };
		BA8F829129A48AE3007A48A0 /* ResponsableResult.swift in Sources */ = {isa = PBXBuildFile; fileRef = BA8F822229A48AE3007A48A0 /* ResponsableResult.swift */; };
		BA8F829229A48AE3007A48A0 /* NaverLoginStatus.swift in Sources */ = {isa = PBXBuildFile; fileRef = BA8F822329A48AE3007A48A0 /* NaverLoginStatus.swift */; };
		BA8F829329A48AE3007A48A0 /* EventMonitor.swift in Sources */ = {isa = PBXBuildFile; fileRef = BA8F822429A48AE3007A48A0 /* EventMonitor.swift */; };
/* End PBXBuildFile section */

/* Begin PBXFileReference section */
		6C1553B13AD637E8346E0EA5 /* Pods_lines_iOS.framework */ = {isa = PBXFileReference; explicitFileType = wrapper.framework; includeInIndex = 0; path = Pods_lines_iOS.framework; sourceTree = BUILT_PRODUCTS_DIR; };
		89EBF471927421B13CAF5923 /* Pods-lines_iOS.debug.xcconfig */ = {isa = PBXFileReference; includeInIndex = 1; lastKnownFileType = text.xcconfig; name = "Pods-lines_iOS.debug.xcconfig"; path = "Target Support Files/Pods-lines_iOS/Pods-lines_iOS.debug.xcconfig"; sourceTree = "<group>"; };
		95F41FDAA66CDF70A7DB6CE3 /* Pods-lines_iOS.release.xcconfig */ = {isa = PBXFileReference; includeInIndex = 1; lastKnownFileType = text.xcconfig; name = "Pods-lines_iOS.release.xcconfig"; path = "Target Support Files/Pods-lines_iOS/Pods-lines_iOS.release.xcconfig"; sourceTree = "<group>"; };
		BA8F819929A48AE2007A48A0 /* Extensions+Func.swift */ = {isa = PBXFileReference; fileEncoding = 4; lastKnownFileType = sourcecode.swift; path = "Extensions+Func.swift"; sourceTree = "<group>"; };
		BA8F819A29A48AE2007A48A0 /* Extensions+Value.swift */ = {isa = PBXFileReference; fileEncoding = 4; lastKnownFileType = sourcecode.swift; path = "Extensions+Value.swift"; sourceTree = "<group>"; };
		BA8F819B29A48AE2007A48A0 /* Extensions+UI.swift */ = {isa = PBXFileReference; fileEncoding = 4; lastKnownFileType = sourcecode.swift; path = "Extensions+UI.swift"; sourceTree = "<group>"; };
		BA8F819D29A48AE3007A48A0 /* FixCard_CompleteViewController.swift */ = {isa = PBXFileReference; fileEncoding = 4; lastKnownFileType = sourcecode.swift; path = FixCard_CompleteViewController.swift; sourceTree = "<group>"; };
		BA8F819E29A48AE3007A48A0 /* FixCard_DetailViewController.swift */ = {isa = PBXFileReference; fileEncoding = 4; lastKnownFileType = sourcecode.swift; path = FixCard_DetailViewController.swift; sourceTree = "<group>"; };
		BA8F819F29A48AE3007A48A0 /* FixCardViewController.swift */ = {isa = PBXFileReference; fileEncoding = 4; lastKnownFileType = sourcecode.swift; path = FixCardViewController.swift; sourceTree = "<group>"; };
		BA8F81A129A48AE3007A48A0 /* FixCard_SaveButtonView.swift */ = {isa = PBXFileReference; fileEncoding = 4; lastKnownFileType = sourcecode.swift; path = FixCard_SaveButtonView.swift; sourceTree = "<group>"; };
		BA8F81A429A48AE3007A48A0 /* RecentRegisterBookListViewModel.swift */ = {isa = PBXFileReference; fileEncoding = 4; lastKnownFileType = sourcecode.swift; path = RecentRegisterBookListViewModel.swift; sourceTree = "<group>"; };
		BA8F81A529A48AE3007A48A0 /* MainViewController.swift */ = {isa = PBXFileReference; fileEncoding = 4; lastKnownFileType = sourcecode.swift; path = MainViewController.swift; sourceTree = "<group>"; };
		BA8F81A629A48AE3007A48A0 /* Main_CardDetailViewController.swift */ = {isa = PBXFileReference; fileEncoding = 4; lastKnownFileType = sourcecode.swift; path = Main_CardDetailViewController.swift; sourceTree = "<group>"; };
		BA8F81A729A48AE3007A48A0 /* Main_PopUpAlertViewController.swift */ = {isa = PBXFileReference; fileEncoding = 4; lastKnownFileType = sourcecode.swift; path = Main_PopUpAlertViewController.swift; sourceTree = "<group>"; };
		BA8F81A929A48AE3007A48A0 /* RecentRegisterBookListModel.swift */ = {isa = PBXFileReference; fileEncoding = 4; lastKnownFileType = sourcecode.swift; path = RecentRegisterBookListModel.swift; sourceTree = "<group>"; };
		BA8F81AB29A48AE3007A48A0 /* Main_HeaderView.swift */ = {isa = PBXFileReference; fileEncoding = 4; lastKnownFileType = sourcecode.swift; path = Main_HeaderView.swift; sourceTree = "<group>"; };
		BA8F81AC29A48AE3007A48A0 /* Main_MenuView.swift */ = {isa = PBXFileReference; fileEncoding = 4; lastKnownFileType = sourcecode.swift; path = Main_MenuView.swift; sourceTree = "<group>"; };
		BA8F81AD29A48AE3007A48A0 /* Main_TopView.swift */ = {isa = PBXFileReference; fileEncoding = 4; lastKnownFileType = sourcecode.swift; path = Main_TopView.swift; sourceTree = "<group>"; };
		BA8F81AF29A48AE3007A48A0 /* ImageListCellView.swift */ = {isa = PBXFileReference; fileEncoding = 4; lastKnownFileType = sourcecode.swift; path = ImageListCellView.swift; sourceTree = "<group>"; };
		BA8F81B029A48AE3007A48A0 /* Main_CardDetailTopView.swift */ = {isa = PBXFileReference; fileEncoding = 4; lastKnownFileType = sourcecode.swift; path = Main_CardDetailTopView.swift; sourceTree = "<group>"; };
		BA8F81B129A48AE3007A48A0 /* Main_ListView.swift */ = {isa = PBXFileReference; fileEncoding = 4; lastKnownFileType = sourcecode.swift; path = Main_ListView.swift; sourceTree = "<group>"; };
		BA8F81B229A48AE3007A48A0 /* Main_MenuButton.swift */ = {isa = PBXFileReference; fileEncoding = 4; lastKnownFileType = sourcecode.swift; path = Main_MenuButton.swift; sourceTree = "<group>"; };
		BA8F81B329A48AE3007A48A0 /* Main_OverlappedButtonsView.swift */ = {isa = PBXFileReference; fileEncoding = 4; lastKnownFileType = sourcecode.swift; path = Main_OverlappedButtonsView.swift; sourceTree = "<group>"; };
		BA8F81B529A48AE3007A48A0 /* MakeCard_BarcodeViewController.swift */ = {isa = PBXFileReference; fileEncoding = 4; lastKnownFileType = sourcecode.swift; path = MakeCard_BarcodeViewController.swift; sourceTree = "<group>"; };
		BA8F81B629A48AE3007A48A0 /* MakeCard_CompleteViewController.swift */ = {isa = PBXFileReference; fileEncoding = 4; lastKnownFileType = sourcecode.swift; path = MakeCard_CompleteViewController.swift; sourceTree = "<group>"; };
		BA8F81B729A48AE3007A48A0 /* MakeCard_SearchBookViewController.swift */ = {isa = PBXFileReference; fileEncoding = 4; lastKnownFileType = sourcecode.swift; path = MakeCard_SearchBookViewController.swift; sourceTree = "<group>"; };
		BA8F81B829A48AE3007A48A0 /* MakeCardOnlyTextViewController.swift */ = {isa = PBXFileReference; fileEncoding = 4; lastKnownFileType = sourcecode.swift; path = MakeCardOnlyTextViewController.swift; sourceTree = "<group>"; };
		BA8F81BA29A48AE3007A48A0 /* ShareController.swift */ = {isa = PBXFileReference; fileEncoding = 4; lastKnownFileType = sourcecode.swift; path = ShareController.swift; sourceTree = "<group>"; };
		BA8F81BC29A48AE3007A48A0 /* MakeCard_SearchButtonType.swift */ = {isa = PBXFileReference; fileEncoding = 4; lastKnownFileType = sourcecode.swift; path = MakeCard_SearchButtonType.swift; sourceTree = "<group>"; };
		BA8F81BD29A48AE3007A48A0 /* MakeCard_StickerBackColorType.swift */ = {isa = PBXFileReference; fileEncoding = 4; lastKnownFileType = sourcecode.swift; path = MakeCard_StickerBackColorType.swift; sourceTree = "<group>"; };
		BA8F81BE29A48AE3007A48A0 /* MakeCard_StickerRatioType.swift */ = {isa = PBXFileReference; fileEncoding = 4; lastKnownFileType = sourcecode.swift; path = MakeCard_StickerRatioType.swift; sourceTree = "<group>"; };
		BA8F81BF29A48AE3007A48A0 /* MakeCard_ShareButtonsType.swift */ = {isa = PBXFileReference; fileEncoding = 4; lastKnownFileType = sourcecode.swift; path = MakeCard_ShareButtonsType.swift; sourceTree = "<group>"; };
		BA8F81C029A48AE3007A48A0 /* MakeCard_SearchedTypeViewButton.swift */ = {isa = PBXFileReference; fileEncoding = 4; lastKnownFileType = sourcecode.swift; path = MakeCard_SearchedTypeViewButton.swift; sourceTree = "<group>"; };
		BA8F81C229A48AE3007A48A0 /* MakeCard_StickerContentFontButton.swift */ = {isa = PBXFileReference; fileEncoding = 4; lastKnownFileType = sourcecode.swift; path = MakeCard_StickerContentFontButton.swift; sourceTree = "<group>"; };
		BA8F81C329A48AE3007A48A0 /* MakeCard_ContentView.swift */ = {isa = PBXFileReference; fileEncoding = 4; lastKnownFileType = sourcecode.swift; path = MakeCard_ContentView.swift; sourceTree = "<group>"; };
		BA8F81C429A48AE3007A48A0 /* MakeCard_SearchedListView.swift */ = {isa = PBXFileReference; fileEncoding = 4; lastKnownFileType = sourcecode.swift; path = MakeCard_SearchedListView.swift; sourceTree = "<group>"; };
		BA8F81C529A48AE3007A48A0 /* MakeCard_SearchedTypeView.swift */ = {isa = PBXFileReference; fileEncoding = 4; lastKnownFileType = sourcecode.swift; path = MakeCard_SearchedTypeView.swift; sourceTree = "<group>"; };
		BA8F81C629A48AE3007A48A0 /* MakeCard_StickerContentTextAlignmentButton.swift */ = {isa = PBXFileReference; fileEncoding = 4; lastKnownFileType = sourcecode.swift; path = MakeCard_StickerContentTextAlignmentButton.swift; sourceTree = "<group>"; };
		BA8F81C729A48AE3007A48A0 /* MarkCard_BottomView.swift */ = {isa = PBXFileReference; fileEncoding = 4; lastKnownFileType = sourcecode.swift; path = MarkCard_BottomView.swift; sourceTree = "<group>"; };
		BA8F81C829A48AE3007A48A0 /* MakeCard_StickerSetView.swift */ = {isa = PBXFileReference; fileEncoding = 4; lastKnownFileType = sourcecode.swift; path = MakeCard_StickerSetView.swift; sourceTree = "<group>"; };
		BA8F81C929A48AE3007A48A0 /* MakeCard_KakaoBookSearcher.swift */ = {isa = PBXFileReference; fileEncoding = 4; lastKnownFileType = sourcecode.swift; path = MakeCard_KakaoBookSearcher.swift; sourceTree = "<group>"; };
		BA8F81CA29A48AE3007A48A0 /* MakeCard_BarcodeSearchButton.swift */ = {isa = PBXFileReference; fileEncoding = 4; lastKnownFileType = sourcecode.swift; path = MakeCard_BarcodeSearchButton.swift; sourceTree = "<group>"; };
		BA8F81CB29A48AE3007A48A0 /* MakeCard_StickerOneToOneView.swift */ = {isa = PBXFileReference; fileEncoding = 4; lastKnownFileType = sourcecode.swift; path = MakeCard_StickerOneToOneView.swift; sourceTree = "<group>"; };
		BA8F81CC29A48AE3007A48A0 /* MakeCard_StickerBackColorButton.swift */ = {isa = PBXFileReference; fileEncoding = 4; lastKnownFileType = sourcecode.swift; path = MakeCard_StickerBackColorButton.swift; sourceTree = "<group>"; };
		BA8F81CD29A48AE3007A48A0 /* MakeCard_BarcodeReaderView.swift */ = {isa = PBXFileReference; fileEncoding = 4; lastKnownFileType = sourcecode.swift; path = MakeCard_BarcodeReaderView.swift; sourceTree = "<group>"; };
		BA8F81CE29A48AE3007A48A0 /* MakeCard_StickerContentFontSetView.swift */ = {isa = PBXFileReference; fileEncoding = 4; lastKnownFileType = sourcecode.swift; path = MakeCard_StickerContentFontSetView.swift; sourceTree = "<group>"; };
		BA8F81CF29A48AE3007A48A0 /* MakeCard_StickerBackColorSetView.swift */ = {isa = PBXFileReference; fileEncoding = 4; lastKnownFileType = sourcecode.swift; path = MakeCard_StickerBackColorSetView.swift; sourceTree = "<group>"; };
		BA8F81D029A48AE3007A48A0 /* MakeCard_ShareButtonsView.swift */ = {isa = PBXFileReference; fileEncoding = 4; lastKnownFileType = sourcecode.swift; path = MakeCard_ShareButtonsView.swift; sourceTree = "<group>"; };
		BA8F81D129A48AE3007A48A0 /* MakeCard_StickerView.swift */ = {isa = PBXFileReference; fileEncoding = 4; lastKnownFileType = sourcecode.swift; path = MakeCard_StickerView.swift; sourceTree = "<group>"; };
		BA8F81D229A48AE3007A48A0 /* MakeCard_NoticeView.swift */ = {isa = PBXFileReference; fileEncoding = 4; lastKnownFileType = sourcecode.swift; path = MakeCard_NoticeView.swift; sourceTree = "<group>"; };
		BA8F81D329A48AE3007A48A0 /* MakeCard_TopView.swift */ = {isa = PBXFileReference; fileEncoding = 4; lastKnownFileType = sourcecode.swift; path = MakeCard_TopView.swift; sourceTree = "<group>"; };
		BA8F81D429A48AE3007A48A0 /* MakeCard_StickerThreeToFourView.swift */ = {isa = PBXFileReference; fileEncoding = 4; lastKnownFileType = sourcecode.swift; path = MakeCard_StickerThreeToFourView.swift; sourceTree = "<group>"; };
		BA8F81D529A48AE3007A48A0 /* MakeCard_StickerContentTextAlignmentSetView.swift */ = {isa = PBXFileReference; fileEncoding = 4; lastKnownFileType = sourcecode.swift; path = MakeCard_StickerContentTextAlignmentSetView.swift; sourceTree = "<group>"; };
		BA8F81D629A48AE3007A48A0 /* MakeCard_GoToHomeButtonView.swift */ = {isa = PBXFileReference; fileEncoding = 4; lastKnownFileType = sourcecode.swift; path = MakeCard_GoToHomeButtonView.swift; sourceTree = "<group>"; };
		BA8F81D729A48AE3007A48A0 /* MainCard_ContentNoticeView.swift */ = {isa = PBXFileReference; fileEncoding = 4; lastKnownFileType = sourcecode.swift; path = MainCard_ContentNoticeView.swift; sourceTree = "<group>"; };
		BA8F81D829A48AE3007A48A0 /* MakeCard_SelectProportionButtonView.swift */ = {isa = PBXFileReference; fileEncoding = 4; lastKnownFileType = sourcecode.swift; path = MakeCard_SelectProportionButtonView.swift; sourceTree = "<group>"; };
		BA8F81D929A48AE3007A48A0 /* MakeCard_DetailViewController.swift */ = {isa = PBXFileReference; fileEncoding = 4; lastKnownFileType = sourcecode.swift; path = MakeCard_DetailViewController.swift; sourceTree = "<group>"; };
		BA8F81DA29A48AE3007A48A0 /* MakeCardViewController.swift */ = {isa = PBXFileReference; fileEncoding = 4; lastKnownFileType = sourcecode.swift; path = MakeCardViewController.swift; sourceTree = "<group>"; };
		BA8F81DC29A48AE3007A48A0 /* CameraViewController.swift */ = {isa = PBXFileReference; fileEncoding = 4; lastKnownFileType = sourcecode.swift; path = CameraViewController.swift; sourceTree = "<group>"; };
		BA8F81DE29A48AE3007A48A0 /* TextRecognizeController.swift */ = {isa = PBXFileReference; fileEncoding = 4; lastKnownFileType = sourcecode.swift; path = TextRecognizeController.swift; sourceTree = "<group>"; };
		BA8F81DF29A48AE3007A48A0 /* ReadTextController.swift */ = {isa = PBXFileReference; fileEncoding = 4; lastKnownFileType = sourcecode.swift; path = ReadTextController.swift; sourceTree = "<group>"; };
		BA8F81E029A48AE3007A48A0 /* ExternUIImagePickerController.swift */ = {isa = PBXFileReference; fileEncoding = 4; lastKnownFileType = sourcecode.swift; path = ExternUIImagePickerController.swift; sourceTree = "<group>"; };
		BA8F81E229A48AE3007A48A0 /* TestData.swift */ = {isa = PBXFileReference; fileEncoding = 4; lastKnownFileType = sourcecode.swift; path = TestData.swift; sourceTree = "<group>"; };
		BA8F81E429A48AE3007A48A0 /* AppleSDGothicNeoH.ttf */ = {isa = PBXFileReference; lastKnownFileType = file; path = AppleSDGothicNeoH.ttf; sourceTree = "<group>"; };
		BA8F81E529A48AE3007A48A0 /* NotoSansNKo-Regular.ttf */ = {isa = PBXFileReference; lastKnownFileType = file; path = "NotoSansNKo-Regular.ttf"; sourceTree = "<group>"; };
		BA8F81E629A48AE3007A48A0 /* AppleSDGothicNeoM.ttf */ = {isa = PBXFileReference; lastKnownFileType = file; path = AppleSDGothicNeoM.ttf; sourceTree = "<group>"; };
		BA8F81E729A48AE3007A48A0 /* AppleSDGothicNeoL.ttf */ = {isa = PBXFileReference; lastKnownFileType = file; path = AppleSDGothicNeoL.ttf; sourceTree = "<group>"; };
		BA8F81E829A48AE3007A48A0 /* AppleSDGothicNeoEB.ttf */ = {isa = PBXFileReference; lastKnownFileType = file; path = AppleSDGothicNeoEB.ttf; sourceTree = "<group>"; };
		BA8F81E929A48AE3007A48A0 /* GowunDodum-Regular.ttf */ = {isa = PBXFileReference; lastKnownFileType = file; path = "GowunDodum-Regular.ttf"; sourceTree = "<group>"; };
		BA8F81EA29A48AE3007A48A0 /* AppleSDGothicNeoB.ttf */ = {isa = PBXFileReference; lastKnownFileType = file; path = AppleSDGothicNeoB.ttf; sourceTree = "<group>"; };
		BA8F81EB29A48AE3007A48A0 /* NanumURiDdarSonGeurSsi.ttf */ = {isa = PBXFileReference; lastKnownFileType = file; path = NanumURiDdarSonGeurSsi.ttf; sourceTree = "<group>"; };
		BA8F81EC29A48AE3007A48A0 /* NanumMyeongjo-YetHangul.ttf */ = {isa = PBXFileReference; lastKnownFileType = file; path = "NanumMyeongjo-YetHangul.ttf"; sourceTree = "<group>"; };
		BA8F81ED29A48AE3007A48A0 /* NanumSquareNeo-bRg.ttf */ = {isa = PBXFileReference; lastKnownFileType = file; path = "NanumSquareNeo-bRg.ttf"; sourceTree = "<group>"; };
		BA8F81EE29A48AE3007A48A0 /* Assets.xcassets */ = {isa = PBXFileReference; lastKnownFileType = folder.assetcatalog; path = Assets.xcassets; sourceTree = "<group>"; };
		BA8F81EF29A48AE3007A48A0 /* Fonts.swift */ = {isa = PBXFileReference; fileEncoding = 4; lastKnownFileType = sourcecode.swift; path = Fonts.swift; sourceTree = "<group>"; };
		BA8F81F029A48AE3007A48A0 /* Colors.swift */ = {isa = PBXFileReference; fileEncoding = 4; lastKnownFileType = sourcecode.swift; path = Colors.swift; sourceTree = "<group>"; };
		BA8F81F129A48AE3007A48A0 /* Main_Lottie.json */ = {isa = PBXFileReference; fileEncoding = 4; lastKnownFileType = text.json; path = Main_Lottie.json; sourceTree = "<group>"; };
		BA8F81F229A48AE3007A48A0 /* Info.plist */ = {isa = PBXFileReference; fileEncoding = 4; lastKnownFileType = text.plist.xml; path = Info.plist; sourceTree = "<group>"; };
		BA8F81F429A48AE3007A48A0 /* PopUpViewController.swift */ = {isa = PBXFileReference; fileEncoding = 4; lastKnownFileType = sourcecode.swift; path = PopUpViewController.swift; sourceTree = "<group>"; };
		BA8F81F629A48AE3007A48A0 /* ViewController.swift */ = {isa = PBXFileReference; fileEncoding = 4; lastKnownFileType = sourcecode.swift; path = ViewController.swift; sourceTree = "<group>"; };
		BA8F81F729A48AE3007A48A0 /* ScrollViewController.swift */ = {isa = PBXFileReference; fileEncoding = 4; lastKnownFileType = sourcecode.swift; path = ScrollViewController.swift; sourceTree = "<group>"; };
		BA8F81F929A48AE3007A48A0 /* Base */ = {isa = PBXFileReference; lastKnownFileType = file.storyboard; name = Base; path = Base.lproj/LaunchScreen.storyboard; sourceTree = "<group>"; };
		BA8F81FB29A48AE3007A48A0 /* UserInfo.swift */ = {isa = PBXFileReference; fileEncoding = 4; lastKnownFileType = sourcecode.swift; path = UserInfo.swift; sourceTree = "<group>"; };
		BA8F81FC29A48AE3007A48A0 /* UserData.swift */ = {isa = PBXFileReference; fileEncoding = 4; lastKnownFileType = sourcecode.swift; path = UserData.swift; sourceTree = "<group>"; };
		BA8F81FE29A48AE3007A48A0 /* OneButtonAlertView.swift */ = {isa = PBXFileReference; fileEncoding = 4; lastKnownFileType = sourcecode.swift; path = OneButtonAlertView.swift; sourceTree = "<group>"; };
		BA8F81FF29A48AE3007A48A0 /* ImageAlertView.swift */ = {isa = PBXFileReference; fileEncoding = 4; lastKnownFileType = sourcecode.swift; path = ImageAlertView.swift; sourceTree = "<group>"; };
		BA8F820029A48AE3007A48A0 /* AlertView.swift */ = {isa = PBXFileReference; fileEncoding = 4; lastKnownFileType = sourcecode.swift; path = AlertView.swift; sourceTree = "<group>"; };
		BA8F820129A48AE3007A48A0 /* PopUpAlertView.swift */ = {isa = PBXFileReference; fileEncoding = 4; lastKnownFileType = sourcecode.swift; path = PopUpAlertView.swift; sourceTree = "<group>"; };
		BA8F820229A48AE3007A48A0 /* TwoButtonAlertView.swift */ = {isa = PBXFileReference; fileEncoding = 4; lastKnownFileType = sourcecode.swift; path = TwoButtonAlertView.swift; sourceTree = "<group>"; };
		BA8F820329A48AE3007A48A0 /* TopView.swift */ = {isa = PBXFileReference; fileEncoding = 4; lastKnownFileType = sourcecode.swift; path = TopView.swift; sourceTree = "<group>"; };
		BA8F820429A48AE3007A48A0 /* Toast.swift */ = {isa = PBXFileReference; fileEncoding = 4; lastKnownFileType = sourcecode.swift; path = Toast.swift; sourceTree = "<group>"; };
		BA8F820529A48AE3007A48A0 /* AppDelegate.swift */ = {isa = PBXFileReference; fileEncoding = 4; lastKnownFileType = sourcecode.swift; path = AppDelegate.swift; sourceTree = "<group>"; };
		BA8F820729A48AE3007A48A0 /* RealmController.swift */ = {isa = PBXFileReference; fileEncoding = 4; lastKnownFileType = sourcecode.swift; path = RealmController.swift; sourceTree = "<group>"; };
		BA8F820929A48AE3007A48A0 /* CardModel_Realm.swift */ = {isa = PBXFileReference; fileEncoding = 4; lastKnownFileType = sourcecode.swift; path = CardModel_Realm.swift; sourceTree = "<group>"; };
		BA8F820B29A48AE3007A48A0 /* SplashViewController.swift */ = {isa = PBXFileReference; fileEncoding = 4; lastKnownFileType = sourcecode.swift; path = SplashViewController.swift; sourceTree = "<group>"; };
		BA8F820C29A48AE3007A48A0 /* StartViewController.swift */ = {isa = PBXFileReference; fileEncoding = 4; lastKnownFileType = sourcecode.swift; path = StartViewController.swift; sourceTree = "<group>"; };
		BA8F820E29A48AE3007A48A0 /* UserAgreementWebViewController.swift */ = {isa = PBXFileReference; fileEncoding = 4; lastKnownFileType = sourcecode.swift; path = UserAgreementWebViewController.swift; sourceTree = "<group>"; };
		BA8F821029A48AE3007A48A0 /* KakaoLoginController.swift */ = {isa = PBXFileReference; fileEncoding = 4; lastKnownFileType = sourcecode.swift; path = KakaoLoginController.swift; sourceTree = "<group>"; };
		BA8F821129A48AE3007A48A0 /* NaverLoginController.swift */ = {isa = PBXFileReference; fileEncoding = 4; lastKnownFileType = sourcecode.swift; path = NaverLoginController.swift; sourceTree = "<group>"; };
		BA8F821329A48AE3007A48A0 /* LoginType.swift */ = {isa = PBXFileReference; fileEncoding = 4; lastKnownFileType = sourcecode.swift; path = LoginType.swift; sourceTree = "<group>"; };
		BA8F821529A48AE3007A48A0 /* UserAgreement_CellView.swift */ = {isa = PBXFileReference; fileEncoding = 4; lastKnownFileType = sourcecode.swift; path = UserAgreement_CellView.swift; sourceTree = "<group>"; };
		BA8F821629A48AE3007A48A0 /* LoginButton.swift */ = {isa = PBXFileReference; fileEncoding = 4; lastKnownFileType = sourcecode.swift; path = LoginButton.swift; sourceTree = "<group>"; };
		BA8F821729A48AE3007A48A0 /* UserAgreement_TopView.swift */ = {isa = PBXFileReference; fileEncoding = 4; lastKnownFileType = sourcecode.swift; path = UserAgreement_TopView.swift; sourceTree = "<group>"; };
		BA8F821829A48AE3007A48A0 /* LoginButtonView.swift */ = {isa = PBXFileReference; fileEncoding = 4; lastKnownFileType = sourcecode.swift; path = LoginButtonView.swift; sourceTree = "<group>"; };
		BA8F821929A48AE3007A48A0 /* LoginViewController.swift */ = {isa = PBXFileReference; fileEncoding = 4; lastKnownFileType = sourcecode.swift; path = LoginViewController.swift; sourceTree = "<group>"; };
		BA8F821A29A48AE3007A48A0 /* UserAgreementViewController.swift */ = {isa = PBXFileReference; fileEncoding = 4; lastKnownFileType = sourcecode.swift; path = UserAgreementViewController.swift; sourceTree = "<group>"; };
		BA8F821C29A48AE3007A48A0 /* NWMonitor.swift */ = {isa = PBXFileReference; fileEncoding = 4; lastKnownFileType = sourcecode.swift; path = NWMonitor.swift; sourceTree = "<group>"; };
		BA8F821D29A48AE3007A48A0 /* AFHandler.swift */ = {isa = PBXFileReference; fileEncoding = 4; lastKnownFileType = sourcecode.swift; path = AFHandler.swift; sourceTree = "<group>"; };
		BA8F821F29A48AE3007A48A0 /* RequestInterceptor.swift */ = {isa = PBXFileReference; fileEncoding = 4; lastKnownFileType = sourcecode.swift; path = RequestInterceptor.swift; sourceTree = "<group>"; };
		BA8F822029A48AE3007A48A0 /* ResponsableStatus.swift */ = {isa = PBXFileReference; fileEncoding = 4; lastKnownFileType = sourcecode.swift; path = ResponsableStatus.swift; sourceTree = "<group>"; };
		BA8F822129A48AE3007A48A0 /* SearchBookStatus.swift */ = {isa = PBXFileReference; fileEncoding = 4; lastKnownFileType = sourcecode.swift; path = SearchBookStatus.swift; sourceTree = "<group>"; };
		BA8F822229A48AE3007A48A0 /* ResponsableResult.swift */ = {isa = PBXFileReference; fileEncoding = 4; lastKnownFileType = sourcecode.swift; path = ResponsableResult.swift; sourceTree = "<group>"; };
		BA8F822329A48AE3007A48A0 /* NaverLoginStatus.swift */ = {isa = PBXFileReference; fileEncoding = 4; lastKnownFileType = sourcecode.swift; path = NaverLoginStatus.swift; sourceTree = "<group>"; };
		BA8F822429A48AE3007A48A0 /* EventMonitor.swift */ = {isa = PBXFileReference; fileEncoding = 4; lastKnownFileType = sourcecode.swift; path = EventMonitor.swift; sourceTree = "<group>"; };
		BAE5C9B52894B08A00659F74 /* lines_iOS.app */ = {isa = PBXFileReference; explicitFileType = wrapper.application; includeInIndex = 0; path = lines_iOS.app; sourceTree = BUILT_PRODUCTS_DIR; };
		BAEDCE9128C2B26900102C47 /* lines_iOS.entitlements */ = {isa = PBXFileReference; lastKnownFileType = text.plist.entitlements; path = lines_iOS.entitlements; sourceTree = "<group>"; };
/* End PBXFileReference section */

/* Begin PBXFrameworksBuildPhase section */
		BAE5C9B22894B08A00659F74 /* Frameworks */ = {
			isa = PBXFrameworksBuildPhase;
			buildActionMask = 2147483647;
			files = (
				40F5BA46BDC623769AD32EC9 /* Pods_lines_iOS.framework in Frameworks */,
			);
			runOnlyForDeploymentPostprocessing = 0;
		};
/* End PBXFrameworksBuildPhase section */

/* Begin PBXGroup section */
		BA8F819829A48AE2007A48A0 /* Extensions */ = {
			isa = PBXGroup;
			children = (
				BA8F819929A48AE2007A48A0 /* Extensions+Func.swift */,
				BA8F819A29A48AE2007A48A0 /* Extensions+Value.swift */,
				BA8F819B29A48AE2007A48A0 /* Extensions+UI.swift */,
			);
			path = Extensions;
			sourceTree = "<group>";
		};
		BA8F819C29A48AE3007A48A0 /* FixCard */ = {
			isa = PBXGroup;
			children = (
				BA8F819D29A48AE3007A48A0 /* FixCard_CompleteViewController.swift */,
				BA8F819E29A48AE3007A48A0 /* FixCard_DetailViewController.swift */,
				BA8F819F29A48AE3007A48A0 /* FixCardViewController.swift */,
				BA8F81A029A48AE3007A48A0 /* View */,
			);
			path = FixCard;
			sourceTree = "<group>";
		};
		BA8F81A029A48AE3007A48A0 /* View */ = {
			isa = PBXGroup;
			children = (
				BA8F81A129A48AE3007A48A0 /* FixCard_SaveButtonView.swift */,
			);
			path = View;
			sourceTree = "<group>";
		};
		BA8F81A229A48AE3007A48A0 /* Main */ = {
			isa = PBXGroup;
			children = (
				BA8F81A329A48AE3007A48A0 /* ViewModel */,
				BA8F81A529A48AE3007A48A0 /* MainViewController.swift */,
				BA8F81A629A48AE3007A48A0 /* Main_CardDetailViewController.swift */,
				BA8F81A729A48AE3007A48A0 /* Main_PopUpAlertViewController.swift */,
				BA8F81A829A48AE3007A48A0 /* Model */,
				BA8F81AA29A48AE3007A48A0 /* View */,
			);
			path = Main;
			sourceTree = "<group>";
		};
		BA8F81A329A48AE3007A48A0 /* ViewModel */ = {
			isa = PBXGroup;
			children = (
				BA8F81A429A48AE3007A48A0 /* RecentRegisterBookListViewModel.swift */,
			);
			path = ViewModel;
			sourceTree = "<group>";
		};
		BA8F81A829A48AE3007A48A0 /* Model */ = {
			isa = PBXGroup;
			children = (
				BA8F81A929A48AE3007A48A0 /* RecentRegisterBookListModel.swift */,
			);
			path = Model;
			sourceTree = "<group>";
		};
		BA8F81AA29A48AE3007A48A0 /* View */ = {
			isa = PBXGroup;
			children = (
				BA8F81AB29A48AE3007A48A0 /* Main_HeaderView.swift */,
				BA8F81AC29A48AE3007A48A0 /* Main_MenuView.swift */,
				BA8F81AD29A48AE3007A48A0 /* Main_TopView.swift */,
				BA8F81AE29A48AE3007A48A0 /* Cell */,
				BA8F81B029A48AE3007A48A0 /* Main_CardDetailTopView.swift */,
				BA8F81B129A48AE3007A48A0 /* Main_ListView.swift */,
				BA8F81B229A48AE3007A48A0 /* Main_MenuButton.swift */,
				BA8F81B329A48AE3007A48A0 /* Main_OverlappedButtonsView.swift */,
			);
			path = View;
			sourceTree = "<group>";
		};
		BA8F81AE29A48AE3007A48A0 /* Cell */ = {
			isa = PBXGroup;
			children = (
				BA8F81AF29A48AE3007A48A0 /* ImageListCellView.swift */,
			);
			path = Cell;
			sourceTree = "<group>";
		};
		BA8F81B429A48AE3007A48A0 /* MakeCard */ = {
			isa = PBXGroup;
			children = (
				BA8F81DA29A48AE3007A48A0 /* MakeCardViewController.swift */,
				BA8F81D929A48AE3007A48A0 /* MakeCard_DetailViewController.swift */,
				BA8F81B529A48AE3007A48A0 /* MakeCard_BarcodeViewController.swift */,
				BA8F81B629A48AE3007A48A0 /* MakeCard_CompleteViewController.swift */,
				BA8F81B729A48AE3007A48A0 /* MakeCard_SearchBookViewController.swift */,
				BA8F81B829A48AE3007A48A0 /* MakeCardOnlyTextViewController.swift */,
				BA8F81B929A48AE3007A48A0 /* Controller */,
				BA8F81BB29A48AE3007A48A0 /* Model */,
				BA8F81C129A48AE3007A48A0 /* View */,
			);
			path = MakeCard;
			sourceTree = "<group>";
		};
		BA8F81B929A48AE3007A48A0 /* Controller */ = {
			isa = PBXGroup;
			children = (
				BA8F81BA29A48AE3007A48A0 /* ShareController.swift */,
			);
			path = Controller;
			sourceTree = "<group>";
		};
		BA8F81BB29A48AE3007A48A0 /* Model */ = {
			isa = PBXGroup;
			children = (
				BA8F81BC29A48AE3007A48A0 /* MakeCard_SearchButtonType.swift */,
				BA8F81BD29A48AE3007A48A0 /* MakeCard_StickerBackColorType.swift */,
				BA8F81BE29A48AE3007A48A0 /* MakeCard_StickerRatioType.swift */,
				BA8F81BF29A48AE3007A48A0 /* MakeCard_ShareButtonsType.swift */,
				BA8F81C029A48AE3007A48A0 /* MakeCard_SearchedTypeViewButton.swift */,
			);
			path = Model;
			sourceTree = "<group>";
		};
		BA8F81C129A48AE3007A48A0 /* View */ = {
			isa = PBXGroup;
			children = (
				BA8F81C229A48AE3007A48A0 /* MakeCard_StickerContentFontButton.swift */,
				BA8F81C329A48AE3007A48A0 /* MakeCard_ContentView.swift */,
				BA8F81C429A48AE3007A48A0 /* MakeCard_SearchedListView.swift */,
				BA8F81C529A48AE3007A48A0 /* MakeCard_SearchedTypeView.swift */,
				BA8F81C629A48AE3007A48A0 /* MakeCard_StickerContentTextAlignmentButton.swift */,
				BA8F81C729A48AE3007A48A0 /* MarkCard_BottomView.swift */,
				BA8F81C829A48AE3007A48A0 /* MakeCard_StickerSetView.swift */,
				BA8F81C929A48AE3007A48A0 /* MakeCard_KakaoBookSearcher.swift */,
				BA8F81CA29A48AE3007A48A0 /* MakeCard_BarcodeSearchButton.swift */,
				BA8F81CB29A48AE3007A48A0 /* MakeCard_StickerOneToOneView.swift */,
				BA8F81CC29A48AE3007A48A0 /* MakeCard_StickerBackColorButton.swift */,
				BA8F81CD29A48AE3007A48A0 /* MakeCard_BarcodeReaderView.swift */,
				BA8F81CE29A48AE3007A48A0 /* MakeCard_StickerContentFontSetView.swift */,
				BA8F81CF29A48AE3007A48A0 /* MakeCard_StickerBackColorSetView.swift */,
				BA8F81D029A48AE3007A48A0 /* MakeCard_ShareButtonsView.swift */,
				BA8F81D129A48AE3007A48A0 /* MakeCard_StickerView.swift */,
				BA8F81D229A48AE3007A48A0 /* MakeCard_NoticeView.swift */,
				BA8F81D329A48AE3007A48A0 /* MakeCard_TopView.swift */,
				BA8F81D429A48AE3007A48A0 /* MakeCard_StickerThreeToFourView.swift */,
				BA8F81D529A48AE3007A48A0 /* MakeCard_StickerContentTextAlignmentSetView.swift */,
				BA8F81D629A48AE3007A48A0 /* MakeCard_GoToHomeButtonView.swift */,
				BA8F81D729A48AE3007A48A0 /* MainCard_ContentNoticeView.swift */,
				BA8F81D829A48AE3007A48A0 /* MakeCard_SelectProportionButtonView.swift */,
			);
			path = View;
			sourceTree = "<group>";
		};
		BA8F81DB29A48AE3007A48A0 /* Read */ = {
			isa = PBXGroup;
			children = (
				BA8F81DC29A48AE3007A48A0 /* CameraViewController.swift */,
				BA8F81DD29A48AE3007A48A0 /* Controller */,
				BA8F81E029A48AE3007A48A0 /* ExternUIImagePickerController.swift */,
			);
			path = Read;
			sourceTree = "<group>";
		};
		BA8F81DD29A48AE3007A48A0 /* Controller */ = {
			isa = PBXGroup;
			children = (
				BA8F81DE29A48AE3007A48A0 /* TextRecognizeController.swift */,
				BA8F81DF29A48AE3007A48A0 /* ReadTextController.swift */,
			);
			path = Controller;
			sourceTree = "<group>";
		};
		BA8F81E129A48AE3007A48A0 /* Resources */ = {
			isa = PBXGroup;
			children = (
				BA8F81E229A48AE3007A48A0 /* TestData.swift */,
				BA8F81E329A48AE3007A48A0 /* FontResource */,
				BA8F81EE29A48AE3007A48A0 /* Assets.xcassets */,
				BA8F81EF29A48AE3007A48A0 /* Fonts.swift */,
				BA8F81F029A48AE3007A48A0 /* Colors.swift */,
				BA8F81F129A48AE3007A48A0 /* Main_Lottie.json */,
				BA8F81F229A48AE3007A48A0 /* Info.plist */,
			);
			path = Resources;
			sourceTree = "<group>";
		};
		BA8F81E329A48AE3007A48A0 /* FontResource */ = {
			isa = PBXGroup;
			children = (
				BA8F81E429A48AE3007A48A0 /* AppleSDGothicNeoH.ttf */,
				BA8F81E529A48AE3007A48A0 /* NotoSansNKo-Regular.ttf */,
				BA8F81E629A48AE3007A48A0 /* AppleSDGothicNeoM.ttf */,
				BA8F81E729A48AE3007A48A0 /* AppleSDGothicNeoL.ttf */,
				BA8F81E829A48AE3007A48A0 /* AppleSDGothicNeoEB.ttf */,
				BA8F81E929A48AE3007A48A0 /* GowunDodum-Regular.ttf */,
				BA8F81EA29A48AE3007A48A0 /* AppleSDGothicNeoB.ttf */,
				BA8F81EB29A48AE3007A48A0 /* NanumURiDdarSonGeurSsi.ttf */,
				BA8F81EC29A48AE3007A48A0 /* NanumMyeongjo-YetHangul.ttf */,
				BA8F81ED29A48AE3007A48A0 /* NanumSquareNeo-bRg.ttf */,
			);
			path = FontResource;
			sourceTree = "<group>";
		};
		BA8F81F329A48AE3007A48A0 /* Universial */ = {
			isa = PBXGroup;
			children = (
				BA8F81F429A48AE3007A48A0 /* PopUpViewController.swift */,
			);
			path = Universial;
			sourceTree = "<group>";
		};
		BA8F81F529A48AE3007A48A0 /* Base */ = {
			isa = PBXGroup;
			children = (
				BA8F81F629A48AE3007A48A0 /* ViewController.swift */,
				BA8F81F729A48AE3007A48A0 /* ScrollViewController.swift */,
				BA8F81F829A48AE3007A48A0 /* LaunchScreen.storyboard */,
				BA8F81FA29A48AE3007A48A0 /* Model */,
				BA8F81FD29A48AE3007A48A0 /* View */,
				BA8F820529A48AE3007A48A0 /* AppDelegate.swift */,
				BA8F820629A48AE3007A48A0 /* Realm */,
			);
			path = Base;
			sourceTree = "<group>";
		};
		BA8F81FA29A48AE3007A48A0 /* Model */ = {
			isa = PBXGroup;
			children = (
				BA8F81FB29A48AE3007A48A0 /* UserInfo.swift */,
				BA8F81FC29A48AE3007A48A0 /* UserData.swift */,
			);
			path = Model;
			sourceTree = "<group>";
		};
		BA8F81FD29A48AE3007A48A0 /* View */ = {
			isa = PBXGroup;
			children = (
				BA8F81FE29A48AE3007A48A0 /* OneButtonAlertView.swift */,
				BA8F81FF29A48AE3007A48A0 /* ImageAlertView.swift */,
				BA8F820029A48AE3007A48A0 /* AlertView.swift */,
				BA8F820129A48AE3007A48A0 /* PopUpAlertView.swift */,
				BA8F820229A48AE3007A48A0 /* TwoButtonAlertView.swift */,
				BA8F820329A48AE3007A48A0 /* TopView.swift */,
				BA8F820429A48AE3007A48A0 /* Toast.swift */,
			);
			path = View;
			sourceTree = "<group>";
		};
		BA8F820629A48AE3007A48A0 /* Realm */ = {
			isa = PBXGroup;
			children = (
				BA8F820729A48AE3007A48A0 /* RealmController.swift */,
				BA8F820829A48AE3007A48A0 /* Model */,
			);
			path = Realm;
			sourceTree = "<group>";
		};
		BA8F820829A48AE3007A48A0 /* Model */ = {
			isa = PBXGroup;
			children = (
				BA8F820929A48AE3007A48A0 /* CardModel_Realm.swift */,
			);
			path = Model;
			sourceTree = "<group>";
		};
		BA8F820A29A48AE3007A48A0 /* Start */ = {
			isa = PBXGroup;
			children = (
				BA8F820B29A48AE3007A48A0 /* SplashViewController.swift */,
				BA8F820C29A48AE3007A48A0 /* StartViewController.swift */,
			);
			path = Start;
			sourceTree = "<group>";
		};
		BA8F820D29A48AE3007A48A0 /* Login */ = {
			isa = PBXGroup;
			children = (
				BA8F820E29A48AE3007A48A0 /* UserAgreementWebViewController.swift */,
				BA8F820F29A48AE3007A48A0 /* Controller */,
				BA8F821229A48AE3007A48A0 /* Model */,
				BA8F821429A48AE3007A48A0 /* View */,
				BA8F821929A48AE3007A48A0 /* LoginViewController.swift */,
				BA8F821A29A48AE3007A48A0 /* UserAgreementViewController.swift */,
			);
			path = Login;
			sourceTree = "<group>";
		};
		BA8F820F29A48AE3007A48A0 /* Controller */ = {
			isa = PBXGroup;
			children = (
				BA8F821029A48AE3007A48A0 /* KakaoLoginController.swift */,
				BA8F821129A48AE3007A48A0 /* NaverLoginController.swift */,
			);
			path = Controller;
			sourceTree = "<group>";
		};
		BA8F821229A48AE3007A48A0 /* Model */ = {
			isa = PBXGroup;
			children = (
				BA8F821329A48AE3007A48A0 /* LoginType.swift */,
			);
			path = Model;
			sourceTree = "<group>";
		};
		BA8F821429A48AE3007A48A0 /* View */ = {
			isa = PBXGroup;
			children = (
				BA8F821529A48AE3007A48A0 /* UserAgreement_CellView.swift */,
				BA8F821629A48AE3007A48A0 /* LoginButton.swift */,
				BA8F821729A48AE3007A48A0 /* UserAgreement_TopView.swift */,
				BA8F821829A48AE3007A48A0 /* LoginButtonView.swift */,
			);
			path = View;
			sourceTree = "<group>";
		};
		BA8F821B29A48AE3007A48A0 /* Network */ = {
			isa = PBXGroup;
			children = (
				BA8F821C29A48AE3007A48A0 /* NWMonitor.swift */,
				BA8F821D29A48AE3007A48A0 /* AFHandler.swift */,
				BA8F821E29A48AE3007A48A0 /* Model */,
				BA8F822429A48AE3007A48A0 /* EventMonitor.swift */,
			);
			path = Network;
			sourceTree = "<group>";
		};
		BA8F821E29A48AE3007A48A0 /* Model */ = {
			isa = PBXGroup;
			children = (
				BA8F821F29A48AE3007A48A0 /* RequestInterceptor.swift */,
				BA8F822029A48AE3007A48A0 /* ResponsableStatus.swift */,
				BA8F822129A48AE3007A48A0 /* SearchBookStatus.swift */,
				BA8F822229A48AE3007A48A0 /* ResponsableResult.swift */,
				BA8F822329A48AE3007A48A0 /* NaverLoginStatus.swift */,
			);
			path = Model;
			sourceTree = "<group>";
		};
		BAE5C9AC2894B08A00659F74 = {
			isa = PBXGroup;
			children = (
				BAE5C9B72894B08A00659F74 /* lines_iOS */,
				BAE5C9B62894B08A00659F74 /* Products */,
				BB9F99D65F9C4795120EE8D9 /* Pods */,
				EDB9167F6D9872969830FABC /* Frameworks */,
			);
			sourceTree = "<group>";
		};
		BAE5C9B62894B08A00659F74 /* Products */ = {
			isa = PBXGroup;
			children = (
				BAE5C9B52894B08A00659F74 /* lines_iOS.app */,
			);
			name = Products;
			sourceTree = "<group>";
		};
		BAE5C9B72894B08A00659F74 /* lines_iOS */ = {
			isa = PBXGroup;
			children = (
				BAEDCE9128C2B26900102C47 /* lines_iOS.entitlements */,
				BA8F81F329A48AE3007A48A0 /* Universial */,
				BA8F81F529A48AE3007A48A0 /* Base */,
				BA8F820D29A48AE3007A48A0 /* Login */,
				BA8F81A229A48AE3007A48A0 /* Main */,
				BA8F81DB29A48AE3007A48A0 /* Read */,
				BA8F81B429A48AE3007A48A0 /* MakeCard */,
				BA8F819829A48AE2007A48A0 /* Extensions */,
				BA8F819C29A48AE3007A48A0 /* FixCard */,
				BA8F821B29A48AE3007A48A0 /* Network */,
				BA8F81E129A48AE3007A48A0 /* Resources */,
				BA8F820A29A48AE3007A48A0 /* Start */,
			);
			path = lines_iOS;
			sourceTree = "<group>";
		};
		BB9F99D65F9C4795120EE8D9 /* Pods */ = {
			isa = PBXGroup;
			children = (
				89EBF471927421B13CAF5923 /* Pods-lines_iOS.debug.xcconfig */,
				95F41FDAA66CDF70A7DB6CE3 /* Pods-lines_iOS.release.xcconfig */,
			);
			path = Pods;
			sourceTree = "<group>";
		};
		EDB9167F6D9872969830FABC /* Frameworks */ = {
			isa = PBXGroup;
			children = (
				6C1553B13AD637E8346E0EA5 /* Pods_lines_iOS.framework */,
			);
			name = Frameworks;
			sourceTree = "<group>";
		};
/* End PBXGroup section */

/* Begin PBXNativeTarget section */
		BAE5C9B42894B08A00659F74 /* lines_iOS */ = {
			isa = PBXNativeTarget;
			buildConfigurationList = BAE5C9C92894B08C00659F74 /* Build configuration list for PBXNativeTarget "lines_iOS" */;
			buildPhases = (
				CF690BF42C5E2DD122C837B6 /* [CP] Check Pods Manifest.lock */,
				BAE5C9B12894B08A00659F74 /* Sources */,
				BAE5C9B22894B08A00659F74 /* Frameworks */,
				BAE5C9B32894B08A00659F74 /* Resources */,
				122A764644D96DA0877D0BD5 /* [CP] Embed Pods Frameworks */,
				D5FBE9E7CAB82204133264FF /* [CP] Copy Pods Resources */,
			);
			buildRules = (
			);
			dependencies = (
			);
			name = lines_iOS;
			productName = lines_iOS;
			productReference = BAE5C9B52894B08A00659F74 /* lines_iOS.app */;
			productType = "com.apple.product-type.application";
		};
/* End PBXNativeTarget section */

/* Begin PBXProject section */
		BAE5C9AD2894B08A00659F74 /* Project object */ = {
			isa = PBXProject;
			attributes = {
				BuildIndependentTargetsInParallel = 1;
				LastSwiftUpdateCheck = 1340;
				LastUpgradeCheck = 1340;
				TargetAttributes = {
					BAE5C9B42894B08A00659F74 = {
						CreatedOnToolsVersion = 13.4.1;
					};
				};
			};
			buildConfigurationList = BAE5C9B02894B08A00659F74 /* Build configuration list for PBXProject "lines_iOS" */;
			compatibilityVersion = "Xcode 13.0";
			developmentRegion = en;
			hasScannedForEncodings = 0;
			knownRegions = (
				en,
				Base,
			);
			mainGroup = BAE5C9AC2894B08A00659F74;
			productRefGroup = BAE5C9B62894B08A00659F74 /* Products */;
			projectDirPath = "";
			projectRoot = "";
			targets = (
				BAE5C9B42894B08A00659F74 /* lines_iOS */,
			);
		};
/* End PBXProject section */

/* Begin PBXResourcesBuildPhase section */
		BAE5C9B32894B08A00659F74 /* Resources */ = {
			isa = PBXResourcesBuildPhase;
			buildActionMask = 2147483647;
			files = (
				BA8F826129A48AE3007A48A0 /* AppleSDGothicNeoH.ttf in Resources */,
				BA8F826229A48AE3007A48A0 /* NotoSansNKo-Regular.ttf in Resources */,
				BA8F826B29A48AE3007A48A0 /* Assets.xcassets in Resources */,
				BA8F826829A48AE3007A48A0 /* NanumURiDdarSonGeurSsi.ttf in Resources */,
				BA8F826629A48AE3007A48A0 /* GowunDodum-Regular.ttf in Resources */,
				BA8F826E29A48AE3007A48A0 /* Main_Lottie.json in Resources */,
				BA8F826429A48AE3007A48A0 /* AppleSDGothicNeoL.ttf in Resources */,
				BA8F826929A48AE3007A48A0 /* NanumMyeongjo-YetHangul.ttf in Resources */,
				BA8F826529A48AE3007A48A0 /* AppleSDGothicNeoEB.ttf in Resources */,
				BA8F826329A48AE3007A48A0 /* AppleSDGothicNeoM.ttf in Resources */,
				BA8F826A29A48AE3007A48A0 /* NanumSquareNeo-bRg.ttf in Resources */,
				BA8F827329A48AE3007A48A0 /* LaunchScreen.storyboard in Resources */,
				BA8F826729A48AE3007A48A0 /* AppleSDGothicNeoB.ttf in Resources */,
			);
			runOnlyForDeploymentPostprocessing = 0;
		};
/* End PBXResourcesBuildPhase section */

/* Begin PBXShellScriptBuildPhase section */
		122A764644D96DA0877D0BD5 /* [CP] Embed Pods Frameworks */ = {
			isa = PBXShellScriptBuildPhase;
			buildActionMask = 2147483647;
			files = (
			);
			inputFileListPaths = (
				"${PODS_ROOT}/Target Support Files/Pods-lines_iOS/Pods-lines_iOS-frameworks-${CONFIGURATION}-input-files.xcfilelist",
			);
			name = "[CP] Embed Pods Frameworks";
			outputFileListPaths = (
				"${PODS_ROOT}/Target Support Files/Pods-lines_iOS/Pods-lines_iOS-frameworks-${CONFIGURATION}-output-files.xcfilelist",
			);
			runOnlyForDeploymentPostprocessing = 0;
			shellPath = /bin/sh;
			shellScript = "\"${PODS_ROOT}/Target Support Files/Pods-lines_iOS/Pods-lines_iOS-frameworks.sh\"\n";
			showEnvVarsInLog = 0;
		};
		CF690BF42C5E2DD122C837B6 /* [CP] Check Pods Manifest.lock */ = {
			isa = PBXShellScriptBuildPhase;
			buildActionMask = 2147483647;
			files = (
			);
			inputFileListPaths = (
			);
			inputPaths = (
				"${PODS_PODFILE_DIR_PATH}/Podfile.lock",
				"${PODS_ROOT}/Manifest.lock",
			);
			name = "[CP] Check Pods Manifest.lock";
			outputFileListPaths = (
			);
			outputPaths = (
				"$(DERIVED_FILE_DIR)/Pods-lines_iOS-checkManifestLockResult.txt",
			);
			runOnlyForDeploymentPostprocessing = 0;
			shellPath = /bin/sh;
			shellScript = "diff \"${PODS_PODFILE_DIR_PATH}/Podfile.lock\" \"${PODS_ROOT}/Manifest.lock\" > /dev/null\nif [ $? != 0 ] ; then\n    # print error to STDERR\n    echo \"error: The sandbox is not in sync with the Podfile.lock. Run 'pod install' or update your CocoaPods installation.\" >&2\n    exit 1\nfi\n# This output is used by Xcode 'outputs' to avoid re-running this script phase.\necho \"SUCCESS\" > \"${SCRIPT_OUTPUT_FILE_0}\"\n";
			showEnvVarsInLog = 0;
		};
		D5FBE9E7CAB82204133264FF /* [CP] Copy Pods Resources */ = {
			isa = PBXShellScriptBuildPhase;
			buildActionMask = 2147483647;
			files = (
			);
			inputFileListPaths = (
				"${PODS_ROOT}/Target Support Files/Pods-lines_iOS/Pods-lines_iOS-resources-${CONFIGURATION}-input-files.xcfilelist",
			);
			name = "[CP] Copy Pods Resources";
			outputFileListPaths = (
				"${PODS_ROOT}/Target Support Files/Pods-lines_iOS/Pods-lines_iOS-resources-${CONFIGURATION}-output-files.xcfilelist",
			);
			runOnlyForDeploymentPostprocessing = 0;
			shellPath = /bin/sh;
			shellScript = "\"${PODS_ROOT}/Target Support Files/Pods-lines_iOS/Pods-lines_iOS-resources.sh\"\n";
			showEnvVarsInLog = 0;
		};
/* End PBXShellScriptBuildPhase section */

/* Begin PBXSourcesBuildPhase section */
		BAE5C9B12894B08A00659F74 /* Sources */ = {
			isa = PBXSourcesBuildPhase;
			buildActionMask = 2147483647;
			files = (
				BA8F829029A48AE3007A48A0 /* SearchBookStatus.swift in Sources */,
				BA8F825229A48AE3007A48A0 /* MakeCard_StickerView.swift in Sources */,
				BA8F823929A48AE3007A48A0 /* MakeCard_BarcodeViewController.swift in Sources */,
				BA8F824529A48AE3007A48A0 /* MakeCard_SearchedListView.swift in Sources */,
				BA8F826029A48AE3007A48A0 /* TestData.swift in Sources */,
				BA8F829129A48AE3007A48A0 /* ResponsableResult.swift in Sources */,
				BA8F822529A48AE3007A48A0 /* Extensions+Func.swift in Sources */,
				BA8F826D29A48AE3007A48A0 /* Colors.swift in Sources */,
				BA8F824629A48AE3007A48A0 /* MakeCard_SearchedTypeView.swift in Sources */,
				BA8F827229A48AE3007A48A0 /* ScrollViewController.swift in Sources */,
				BA8F828F29A48AE3007A48A0 /* ResponsableStatus.swift in Sources */,
				BA8F828629A48AE3007A48A0 /* UserAgreement_CellView.swift in Sources */,
				BA8F825B29A48AE3007A48A0 /* MakeCardViewController.swift in Sources */,
				BA8F824429A48AE3007A48A0 /* MakeCard_ContentView.swift in Sources */,
				BA8F824B29A48AE3007A48A0 /* MakeCard_BarcodeSearchButton.swift in Sources */,
				BA8F822C29A48AE3007A48A0 /* RecentRegisterBookListViewModel.swift in Sources */,
				BA8F825329A48AE3007A48A0 /* MakeCard_NoticeView.swift in Sources */,
				BA8F824F29A48AE3007A48A0 /* MakeCard_StickerContentFontSetView.swift in Sources */,
				BA8F828729A48AE3007A48A0 /* LoginButton.swift in Sources */,
				BA8F824029A48AE3007A48A0 /* MakeCard_StickerRatioType.swift in Sources */,
				BA8F824129A48AE3007A48A0 /* MakeCard_ShareButtonsType.swift in Sources */,
				BA8F824829A48AE3007A48A0 /* MarkCard_BottomView.swift in Sources */,
				BA8F827529A48AE3007A48A0 /* UserData.swift in Sources */,
				BA8F827029A48AE3007A48A0 /* PopUpViewController.swift in Sources */,
				BA8F828229A48AE3007A48A0 /* UserAgreementWebViewController.swift in Sources */,
				BA8F828B29A48AE3007A48A0 /* UserAgreementViewController.swift in Sources */,
				BA8F823E29A48AE3007A48A0 /* MakeCard_SearchButtonType.swift in Sources */,
				BA8F827629A48AE3007A48A0 /* OneButtonAlertView.swift in Sources */,
				BA8F823829A48AE3007A48A0 /* Main_OverlappedButtonsView.swift in Sources */,
				BA8F828929A48AE3007A48A0 /* LoginButtonView.swift in Sources */,
				BA8F823729A48AE3007A48A0 /* Main_MenuButton.swift in Sources */,
				BA8F825629A48AE3007A48A0 /* MakeCard_StickerContentTextAlignmentSetView.swift in Sources */,
				BA8F825F29A48AE3007A48A0 /* ExternUIImagePickerController.swift in Sources */,
				BA8F825D29A48AE3007A48A0 /* TextRecognizeController.swift in Sources */,
				BA8F823C29A48AE3007A48A0 /* MakeCardOnlyTextViewController.swift in Sources */,
				BA8F827929A48AE3007A48A0 /* PopUpAlertView.swift in Sources */,
				BA8F825529A48AE3007A48A0 /* MakeCard_StickerThreeToFourView.swift in Sources */,
				BA8F823029A48AE3007A48A0 /* RecentRegisterBookListModel.swift in Sources */,
				BA8F825E29A48AE3007A48A0 /* ReadTextController.swift in Sources */,
				BA8F822E29A48AE3007A48A0 /* Main_CardDetailViewController.swift in Sources */,
				BA8F823D29A48AE3007A48A0 /* ShareController.swift in Sources */,
				BA8F823A29A48AE3007A48A0 /* MakeCard_CompleteViewController.swift in Sources */,
				BA8F823529A48AE3007A48A0 /* Main_CardDetailTopView.swift in Sources */,
				BA8F822F29A48AE3007A48A0 /* Main_PopUpAlertViewController.swift in Sources */,
				BA8F827A29A48AE3007A48A0 /* TwoButtonAlertView.swift in Sources */,
				BA8F828529A48AE3007A48A0 /* LoginType.swift in Sources */,
				BA8F828C29A48AE3007A48A0 /* NWMonitor.swift in Sources */,
				BA8F828429A48AE3007A48A0 /* NaverLoginController.swift in Sources */,
				BA8F827C29A48AE3007A48A0 /* Toast.swift in Sources */,
				BA8F828D29A48AE3007A48A0 /* AFHandler.swift in Sources */,
				BA8F829329A48AE3007A48A0 /* EventMonitor.swift in Sources */,
				BA8F825A29A48AE3007A48A0 /* MakeCard_DetailViewController.swift in Sources */,
				BA8F823129A48AE3007A48A0 /* Main_HeaderView.swift in Sources */,
				BA8F823629A48AE3007A48A0 /* Main_ListView.swift in Sources */,
				BA8F824329A48AE3007A48A0 /* MakeCard_StickerContentFontButton.swift in Sources */,
				BA8F828329A48AE3007A48A0 /* KakaoLoginController.swift in Sources */,
				BA8F825029A48AE3007A48A0 /* MakeCard_StickerBackColorSetView.swift in Sources */,
				BA8F824C29A48AE3007A48A0 /* MakeCard_StickerOneToOneView.swift in Sources */,
				BA8F827729A48AE3007A48A0 /* ImageAlertView.swift in Sources */,
				BA8F828029A48AE3007A48A0 /* SplashViewController.swift in Sources */,
				BA8F822729A48AE3007A48A0 /* Extensions+UI.swift in Sources */,
				BA8F822929A48AE3007A48A0 /* FixCard_DetailViewController.swift in Sources */,
				BA8F822B29A48AE3007A48A0 /* FixCard_SaveButtonView.swift in Sources */,
				BA8F825729A48AE3007A48A0 /* MakeCard_GoToHomeButtonView.swift in Sources */,
				BA8F822629A48AE3007A48A0 /* Extensions+Value.swift in Sources */,
				BA8F824229A48AE3007A48A0 /* MakeCard_SearchedTypeViewButton.swift in Sources */,
				BA8F824929A48AE3007A48A0 /* MakeCard_StickerSetView.swift in Sources */,
				BA8F823F29A48AE3007A48A0 /* MakeCard_StickerBackColorType.swift in Sources */,
				BA8F827B29A48AE3007A48A0 /* TopView.swift in Sources */,
				BA8F827129A48AE3007A48A0 /* ViewController.swift in Sources */,
				BA8F824D29A48AE3007A48A0 /* MakeCard_StickerBackColorButton.swift in Sources */,
				BA8F825929A48AE3007A48A0 /* MakeCard_SelectProportionButtonView.swift in Sources */,
				BA8F823229A48AE3007A48A0 /* Main_MenuView.swift in Sources */,
				BA8F825129A48AE3007A48A0 /* MakeCard_ShareButtonsView.swift in Sources */,
				BA8F825429A48AE3007A48A0 /* MakeCard_TopView.swift in Sources */,
				BA8F829229A48AE3007A48A0 /* NaverLoginStatus.swift in Sources */,
				BA8F825829A48AE3007A48A0 /* MainCard_ContentNoticeView.swift in Sources */,
				BA8F824A29A48AE3007A48A0 /* MakeCard_KakaoBookSearcher.swift in Sources */,
				BA8F827F29A48AE3007A48A0 /* CardModel_Realm.swift in Sources */,
				BA8F828129A48AE3007A48A0 /* StartViewController.swift in Sources */,
				BA8F828E29A48AE3007A48A0 /* RequestInterceptor.swift in Sources */,
				BA8F822D29A48AE3007A48A0 /* MainViewController.swift in Sources */,
				BA8F827D29A48AE3007A48A0 /* AppDelegate.swift in Sources */,
				BA8F823429A48AE3007A48A0 /* ImageListCellView.swift in Sources */,
				BA8F827E29A48AE3007A48A0 /* RealmController.swift in Sources */,
				BA8F828A29A48AE3007A48A0 /* LoginViewController.swift in Sources */,
				BA8F823329A48AE3007A48A0 /* Main_TopView.swift in Sources */,
				BA8F828829A48AE3007A48A0 /* UserAgreement_TopView.swift in Sources */,
				BA8F824729A48AE3007A48A0 /* MakeCard_StickerContentTextAlignmentButton.swift in Sources */,
				BA8F823B29A48AE3007A48A0 /* MakeCard_SearchBookViewController.swift in Sources */,
				BA8F822A29A48AE3007A48A0 /* FixCardViewController.swift in Sources */,
				BA8F825C29A48AE3007A48A0 /* CameraViewController.swift in Sources */,
				BA8F827829A48AE3007A48A0 /* AlertView.swift in Sources */,
				BA8F824E29A48AE3007A48A0 /* MakeCard_BarcodeReaderView.swift in Sources */,
				BA8F822829A48AE3007A48A0 /* FixCard_CompleteViewController.swift in Sources */,
				BA8F827429A48AE3007A48A0 /* UserInfo.swift in Sources */,
				BA8F826C29A48AE3007A48A0 /* Fonts.swift in Sources */,
			);
			runOnlyForDeploymentPostprocessing = 0;
		};
/* End PBXSourcesBuildPhase section */

/* Begin PBXVariantGroup section */
		BA8F81F829A48AE3007A48A0 /* LaunchScreen.storyboard */ = {
			isa = PBXVariantGroup;
			children = (
				BA8F81F929A48AE3007A48A0 /* Base */,
			);
			name = LaunchScreen.storyboard;
			sourceTree = "<group>";
		};
/* End PBXVariantGroup section */

/* Begin XCBuildConfiguration section */
		BAE5C9C72894B08C00659F74 /* Debug */ = {
			isa = XCBuildConfiguration;
			buildSettings = {
				ALWAYS_SEARCH_USER_PATHS = NO;
				CLANG_ANALYZER_NONNULL = YES;
				CLANG_ANALYZER_NUMBER_OBJECT_CONVERSION = YES_AGGRESSIVE;
				CLANG_CXX_LANGUAGE_STANDARD = "gnu++17";
				CLANG_ENABLE_MODULES = YES;
				CLANG_ENABLE_OBJC_ARC = YES;
				CLANG_ENABLE_OBJC_WEAK = YES;
				CLANG_WARN_BLOCK_CAPTURE_AUTORELEASING = YES;
				CLANG_WARN_BOOL_CONVERSION = YES;
				CLANG_WARN_COMMA = YES;
				CLANG_WARN_CONSTANT_CONVERSION = YES;
				CLANG_WARN_DEPRECATED_OBJC_IMPLEMENTATIONS = YES;
				CLANG_WARN_DIRECT_OBJC_ISA_USAGE = YES_ERROR;
				CLANG_WARN_DOCUMENTATION_COMMENTS = YES;
				CLANG_WARN_EMPTY_BODY = YES;
				CLANG_WARN_ENUM_CONVERSION = YES;
				CLANG_WARN_INFINITE_RECURSION = YES;
				CLANG_WARN_INT_CONVERSION = YES;
				CLANG_WARN_NON_LITERAL_NULL_CONVERSION = YES;
				CLANG_WARN_OBJC_IMPLICIT_RETAIN_SELF = YES;
				CLANG_WARN_OBJC_LITERAL_CONVERSION = YES;
				CLANG_WARN_OBJC_ROOT_CLASS = YES_ERROR;
				CLANG_WARN_QUOTED_INCLUDE_IN_FRAMEWORK_HEADER = YES;
				CLANG_WARN_RANGE_LOOP_ANALYSIS = YES;
				CLANG_WARN_STRICT_PROTOTYPES = YES;
				CLANG_WARN_SUSPICIOUS_MOVE = YES;
				CLANG_WARN_UNGUARDED_AVAILABILITY = YES_AGGRESSIVE;
				CLANG_WARN_UNREACHABLE_CODE = YES;
				CLANG_WARN__DUPLICATE_METHOD_MATCH = YES;
				COPY_PHASE_STRIP = NO;
				DEBUG_INFORMATION_FORMAT = dwarf;
				ENABLE_STRICT_OBJC_MSGSEND = YES;
				ENABLE_TESTABILITY = YES;
				GCC_C_LANGUAGE_STANDARD = gnu11;
				GCC_DYNAMIC_NO_PIC = NO;
				GCC_NO_COMMON_BLOCKS = YES;
				GCC_OPTIMIZATION_LEVEL = 0;
				GCC_PREPROCESSOR_DEFINITIONS = (
					"DEBUG=1",
					"$(inherited)",
				);
				GCC_WARN_64_TO_32_BIT_CONVERSION = YES;
				GCC_WARN_ABOUT_RETURN_TYPE = YES_ERROR;
				GCC_WARN_UNDECLARED_SELECTOR = YES;
				GCC_WARN_UNINITIALIZED_AUTOS = YES_AGGRESSIVE;
				GCC_WARN_UNUSED_FUNCTION = YES;
				GCC_WARN_UNUSED_VARIABLE = YES;
				IPHONEOS_DEPLOYMENT_TARGET = 14.0;
				MTL_ENABLE_DEBUG_INFO = INCLUDE_SOURCE;
				MTL_FAST_MATH = YES;
				ONLY_ACTIVE_ARCH = YES;
				SDKROOT = iphoneos;
				SWIFT_ACTIVE_COMPILATION_CONDITIONS = DEBUG;
				SWIFT_OPTIMIZATION_LEVEL = "-Onone";
			};
			name = Debug;
		};
		BAE5C9C82894B08C00659F74 /* Release */ = {
			isa = XCBuildConfiguration;
			buildSettings = {
				ALWAYS_SEARCH_USER_PATHS = NO;
				CLANG_ANALYZER_NONNULL = YES;
				CLANG_ANALYZER_NUMBER_OBJECT_CONVERSION = YES_AGGRESSIVE;
				CLANG_CXX_LANGUAGE_STANDARD = "gnu++17";
				CLANG_ENABLE_MODULES = YES;
				CLANG_ENABLE_OBJC_ARC = YES;
				CLANG_ENABLE_OBJC_WEAK = YES;
				CLANG_WARN_BLOCK_CAPTURE_AUTORELEASING = YES;
				CLANG_WARN_BOOL_CONVERSION = YES;
				CLANG_WARN_COMMA = YES;
				CLANG_WARN_CONSTANT_CONVERSION = YES;
				CLANG_WARN_DEPRECATED_OBJC_IMPLEMENTATIONS = YES;
				CLANG_WARN_DIRECT_OBJC_ISA_USAGE = YES_ERROR;
				CLANG_WARN_DOCUMENTATION_COMMENTS = YES;
				CLANG_WARN_EMPTY_BODY = YES;
				CLANG_WARN_ENUM_CONVERSION = YES;
				CLANG_WARN_INFINITE_RECURSION = YES;
				CLANG_WARN_INT_CONVERSION = YES;
				CLANG_WARN_NON_LITERAL_NULL_CONVERSION = YES;
				CLANG_WARN_OBJC_IMPLICIT_RETAIN_SELF = YES;
				CLANG_WARN_OBJC_LITERAL_CONVERSION = YES;
				CLANG_WARN_OBJC_ROOT_CLASS = YES_ERROR;
				CLANG_WARN_QUOTED_INCLUDE_IN_FRAMEWORK_HEADER = YES;
				CLANG_WARN_RANGE_LOOP_ANALYSIS = YES;
				CLANG_WARN_STRICT_PROTOTYPES = YES;
				CLANG_WARN_SUSPICIOUS_MOVE = YES;
				CLANG_WARN_UNGUARDED_AVAILABILITY = YES_AGGRESSIVE;
				CLANG_WARN_UNREACHABLE_CODE = YES;
				CLANG_WARN__DUPLICATE_METHOD_MATCH = YES;
				COPY_PHASE_STRIP = NO;
				DEBUG_INFORMATION_FORMAT = "dwarf-with-dsym";
				ENABLE_NS_ASSERTIONS = NO;
				ENABLE_STRICT_OBJC_MSGSEND = YES;
				GCC_C_LANGUAGE_STANDARD = gnu11;
				GCC_NO_COMMON_BLOCKS = YES;
				GCC_WARN_64_TO_32_BIT_CONVERSION = YES;
				GCC_WARN_ABOUT_RETURN_TYPE = YES_ERROR;
				GCC_WARN_UNDECLARED_SELECTOR = YES;
				GCC_WARN_UNINITIALIZED_AUTOS = YES_AGGRESSIVE;
				GCC_WARN_UNUSED_FUNCTION = YES;
				GCC_WARN_UNUSED_VARIABLE = YES;
				IPHONEOS_DEPLOYMENT_TARGET = 14.0;
				MTL_ENABLE_DEBUG_INFO = NO;
				MTL_FAST_MATH = YES;
				SDKROOT = iphoneos;
				SWIFT_COMPILATION_MODE = wholemodule;
				SWIFT_OPTIMIZATION_LEVEL = "-O";
				VALIDATE_PRODUCT = YES;
			};
			name = Release;
		};
		BAE5C9CA2894B08C00659F74 /* Debug */ = {
			isa = XCBuildConfiguration;
			baseConfigurationReference = 89EBF471927421B13CAF5923 /* Pods-lines_iOS.debug.xcconfig */;
			buildSettings = {
				ASSETCATALOG_COMPILER_APPICON_NAME = AppIcon;
				ASSETCATALOG_COMPILER_GLOBAL_ACCENT_COLOR_NAME = AccentColor;
				CODE_SIGN_ENTITLEMENTS = lines_iOS/lines_iOS.entitlements;
				CODE_SIGN_STYLE = Automatic;
				CURRENT_PROJECT_VERSION = 24;
				DEVELOPMENT_TEAM = 4UY2M9TWUY;
				GENERATE_INFOPLIST_FILE = YES;
				INFOPLIST_FILE = lines_iOS/Resources/Info.plist;
				INFOPLIST_KEY_CFBundleDisplayName = lines;
				INFOPLIST_KEY_NSCameraUsageDescription = "OCR 기능을 통해 문장 스캔을 위해\\n카메라 접근 권한 사용";
				INFOPLIST_KEY_NSPhotoLibraryAddUsageDescription = "사진 앨범 접근 권한을 요청합니다";
				INFOPLIST_KEY_NSPhotoLibraryUsageDescription = "OCR 기능을 통해 문장 스캔을 위해 \\n앨범 접근 권한 사용";
				INFOPLIST_KEY_UIApplicationSupportsIndirectInputEvents = YES;
				INFOPLIST_KEY_UILaunchStoryboardName = LaunchScreen;
				INFOPLIST_KEY_UISupportedInterfaceOrientations_iPad = "UIInterfaceOrientationPortrait UIInterfaceOrientationPortraitUpsideDown UIInterfaceOrientationLandscapeLeft UIInterfaceOrientationLandscapeRight";
				INFOPLIST_KEY_UISupportedInterfaceOrientations_iPhone = "UIInterfaceOrientationPortrait UIInterfaceOrientationLandscapeLeft UIInterfaceOrientationLandscapeRight";
				LD_RUNPATH_SEARCH_PATHS = (
					"$(inherited)",
					"@executable_path/Frameworks",
				);
				MARKETING_VERSION = 1.1.0;
				PRODUCT_BUNDLE_IDENTIFIER = "com.lines.lines-iOS";
				PRODUCT_NAME = "$(TARGET_NAME)";
				SWIFT_EMIT_LOC_STRINGS = YES;
				SWIFT_VERSION = 5.0;
				TARGETED_DEVICE_FAMILY = 1;
			};
			name = Debug;
		};
		BAE5C9CB2894B08C00659F74 /* Release */ = {
			isa = XCBuildConfiguration;
			baseConfigurationReference = 95F41FDAA66CDF70A7DB6CE3 /* Pods-lines_iOS.release.xcconfig */;
			buildSettings = {
				ASSETCATALOG_COMPILER_APPICON_NAME = AppIcon;
				ASSETCATALOG_COMPILER_GLOBAL_ACCENT_COLOR_NAME = AccentColor;
				CODE_SIGN_ENTITLEMENTS = lines_iOS/lines_iOS.entitlements;
				CODE_SIGN_STYLE = Automatic;
				CURRENT_PROJECT_VERSION = 24;
				DEVELOPMENT_TEAM = 4UY2M9TWUY;
				GENERATE_INFOPLIST_FILE = YES;
				INFOPLIST_FILE = lines_iOS/Resources/Info.plist;
				INFOPLIST_KEY_CFBundleDisplayName = lines;
				INFOPLIST_KEY_NSCameraUsageDescription = "OCR 기능을 통해 문장 스캔을 위해\\n카메라 접근 권한 사용";
				INFOPLIST_KEY_NSPhotoLibraryAddUsageDescription = "사진 앨범 접근 권한을 요청합니다";
				INFOPLIST_KEY_NSPhotoLibraryUsageDescription = "OCR 기능을 통해 문장 스캔을 위해 \\n앨범 접근 권한 사용";
				INFOPLIST_KEY_UIApplicationSupportsIndirectInputEvents = YES;
				INFOPLIST_KEY_UILaunchStoryboardName = LaunchScreen;
				INFOPLIST_KEY_UISupportedInterfaceOrientations_iPad = "UIInterfaceOrientationPortrait UIInterfaceOrientationPortraitUpsideDown UIInterfaceOrientationLandscapeLeft UIInterfaceOrientationLandscapeRight";
				INFOPLIST_KEY_UISupportedInterfaceOrientations_iPhone = "UIInterfaceOrientationPortrait UIInterfaceOrientationLandscapeLeft UIInterfaceOrientationLandscapeRight";
				LD_RUNPATH_SEARCH_PATHS = (
					"$(inherited)",
					"@executable_path/Frameworks",
				);
				MARKETING_VERSION = 1.1.0;
				PRODUCT_BUNDLE_IDENTIFIER = "com.lines.lines-iOS";
				PRODUCT_NAME = "$(TARGET_NAME)";
				SWIFT_EMIT_LOC_STRINGS = YES;
				SWIFT_VERSION = 5.0;
				TARGETED_DEVICE_FAMILY = 1;
			};
			name = Release;
		};
/* End XCBuildConfiguration section */

/* Begin XCConfigurationList section */
		BAE5C9B02894B08A00659F74 /* Build configuration list for PBXProject "lines_iOS" */ = {
			isa = XCConfigurationList;
			buildConfigurations = (
				BAE5C9C72894B08C00659F74 /* Debug */,
				BAE5C9C82894B08C00659F74 /* Release */,
			);
			defaultConfigurationIsVisible = 0;
			defaultConfigurationName = Release;
		};
		BAE5C9C92894B08C00659F74 /* Build configuration list for PBXNativeTarget "lines_iOS" */ = {
			isa = XCConfigurationList;
			buildConfigurations = (
				BAE5C9CA2894B08C00659F74 /* Debug */,
				BAE5C9CB2894B08C00659F74 /* Release */,
			);
			defaultConfigurationIsVisible = 0;
			defaultConfigurationName = Release;
		};
/* End XCConfigurationList section */
	};
	rootObject = BAE5C9AD2894B08A00659F74 /* Project object */;
}
