// !$*UTF8*$!
{
	archiveVersion = 1;
	classes = {
	};
	objectVersion = 55;
	objects = {

/* Begin PBXBuildFile section */
		40F5BA46BDC623769AD32EC9 /* Pods_lines_iOS.framework in Frameworks */ = {isa = PBXBuildFile; fileRef = 6C1553B13AD637E8346E0EA5 /* Pods_lines_iOS.framework */; };
		BA44ECA528BCF65A0040C26C /* MakeCard_ShareButtonsType.swift in Sources */ = {isa = PBXBuildFile; fileRef = BA44ECA428BCF65A0040C26C /* MakeCard_ShareButtonsType.swift */; };
		BA6A8372289CEDB50040512E /* LoginViewController.swift in Sources */ = {isa = PBXBuildFile; fileRef = BA6A8371289CEDB50040512E /* LoginViewController.swift */; };
		BA6A8375289CEDEA0040512E /* KakaoLoginController.swift in Sources */ = {isa = PBXBuildFile; fileRef = BA6A8374289CEDEA0040512E /* KakaoLoginController.swift */; };
		BA6A8378289CEEAD0040512E /* StartViewController.swift in Sources */ = {isa = PBXBuildFile; fileRef = BA6A8377289CEEAD0040512E /* StartViewController.swift */; };
		BA6A837F289DED060040512E /* ShareController.swift in Sources */ = {isa = PBXBuildFile; fileRef = BA6A837E289DED060040512E /* ShareController.swift */; };
		BA6A8381289F6E0D0040512E /* Main_HeaderView.swift in Sources */ = {isa = PBXBuildFile; fileRef = BA6A8380289F6E0D0040512E /* Main_HeaderView.swift */; };
		BA6A8385289F7D3B0040512E /* ScrollViewController.swift in Sources */ = {isa = PBXBuildFile; fileRef = BA6A8384289F7D3B0040512E /* ScrollViewController.swift */; };
		BA6A83AA28A71DC90040512E /* TopView.swift in Sources */ = {isa = PBXBuildFile; fileRef = BA6A83A928A71DC90040512E /* TopView.swift */; };
		BA6A83AC28A71E2A0040512E /* Main_TopView.swift in Sources */ = {isa = PBXBuildFile; fileRef = BA6A83AB28A71E2A0040512E /* Main_TopView.swift */; };
		BA6A83AE28A721530040512E /* Main_MenuButton.swift in Sources */ = {isa = PBXBuildFile; fileRef = BA6A83AD28A721530040512E /* Main_MenuButton.swift */; };
		BA6A83B028A728A80040512E /* Main_ListView.swift in Sources */ = {isa = PBXBuildFile; fileRef = BA6A83AF28A728A80040512E /* Main_ListView.swift */; };
		BA6A83B928A730670040512E /* ImageListCellView.swift in Sources */ = {isa = PBXBuildFile; fileRef = BA6A83B828A730670040512E /* ImageListCellView.swift */; };
		BA6A83BA28A744420040512E /* AppleSDGothicNeoB.ttf in Resources */ = {isa = PBXBuildFile; fileRef = BA6A83B228A72AE80040512E /* AppleSDGothicNeoB.ttf */; };
		BA6A83BB28A744420040512E /* AppleSDGothicNeoH.ttf in Resources */ = {isa = PBXBuildFile; fileRef = BA6A83B328A72AE80040512E /* AppleSDGothicNeoH.ttf */; };
		BA6A83BC28A744420040512E /* AppleSDGothicNeoL.ttf in Resources */ = {isa = PBXBuildFile; fileRef = BA6A83B428A72AE80040512E /* AppleSDGothicNeoL.ttf */; };
		BA6A83BD28A744420040512E /* AppleSDGothicNeoM.ttf in Resources */ = {isa = PBXBuildFile; fileRef = BA6A83B628A72AE80040512E /* AppleSDGothicNeoM.ttf */; };
		BA6A83BE28A744420040512E /* AppleSDGothicNeoEB.ttf in Resources */ = {isa = PBXBuildFile; fileRef = BA6A83B528A72AE80040512E /* AppleSDGothicNeoEB.ttf */; };
		BA6A83C028A7A9ED0040512E /* Main_OverlappedButtonsView.swift in Sources */ = {isa = PBXBuildFile; fileRef = BA6A83BF28A7A9ED0040512E /* Main_OverlappedButtonsView.swift */; };
		BA6A83C228A7B0A40040512E /* TestData.swift in Sources */ = {isa = PBXBuildFile; fileRef = BA6A83C128A7B0A40040512E /* TestData.swift */; };
		BA6A83C428A7C2120040512E /* ExternUIImagePickerController.swift in Sources */ = {isa = PBXBuildFile; fileRef = BA6A83C328A7C2120040512E /* ExternUIImagePickerController.swift */; };
		BA6A83CA28A7C2D00040512E /* MakeCardViewController.swift in Sources */ = {isa = PBXBuildFile; fileRef = BA6A83C928A7C2D00040512E /* MakeCardViewController.swift */; };
		BA6A83CD28A7C5FA0040512E /* MakeCard_TopView.swift in Sources */ = {isa = PBXBuildFile; fileRef = BA6A83CC28A7C5FA0040512E /* MakeCard_TopView.swift */; };
		BA6A83CF28A7D32A0040512E /* MakeCard_NoticeView.swift in Sources */ = {isa = PBXBuildFile; fileRef = BA6A83CE28A7D32A0040512E /* MakeCard_NoticeView.swift */; };
		BA6A83D128A7D8480040512E /* MakeCard_ContentView.swift in Sources */ = {isa = PBXBuildFile; fileRef = BA6A83D028A7D8480040512E /* MakeCard_ContentView.swift */; };
		BA6A83D328A7DECA0040512E /* MarkCard_BottomView.swift in Sources */ = {isa = PBXBuildFile; fileRef = BA6A83D228A7DECA0040512E /* MarkCard_BottomView.swift */; };
		BA6A83D528A7E5270040512E /* AlertView.swift in Sources */ = {isa = PBXBuildFile; fileRef = BA6A83D428A7E5270040512E /* AlertView.swift */; };
		BA6A83D728A7E56B0040512E /* ImageAlertView.swift in Sources */ = {isa = PBXBuildFile; fileRef = BA6A83D628A7E56B0040512E /* ImageAlertView.swift */; };
		BA6A83D928A863AE0040512E /* MainCard_ContentNoticeView.swift in Sources */ = {isa = PBXBuildFile; fileRef = BA6A83D828A863AE0040512E /* MainCard_ContentNoticeView.swift */; };
		BA6A83DB28A8759C0040512E /* MakeCard_DetailViewController.swift in Sources */ = {isa = PBXBuildFile; fileRef = BA6A83DA28A8759C0040512E /* MakeCard_DetailViewController.swift */; };
		BA6A83DD28B1C78B0040512E /* TwoButtonAlertView.swift in Sources */ = {isa = PBXBuildFile; fileRef = BA6A83DC28B1C78B0040512E /* TwoButtonAlertView.swift */; };
		BA6A83DF28B1D3000040512E /* MakeCard_StickerSetView.swift in Sources */ = {isa = PBXBuildFile; fileRef = BA6A83DE28B1D3000040512E /* MakeCard_StickerSetView.swift */; };
		BA6A83E128B1D3330040512E /* MakeCard_StickerOneToOneView.swift in Sources */ = {isa = PBXBuildFile; fileRef = BA6A83E028B1D3330040512E /* MakeCard_StickerOneToOneView.swift */; };
		BA6A83E328B1D3440040512E /* MakeCard_StickerThreeToFourView.swift in Sources */ = {isa = PBXBuildFile; fileRef = BA6A83E228B1D3440040512E /* MakeCard_StickerThreeToFourView.swift */; };
		BA6A83E528B1D36E0040512E /* MakeCard_StickerView.swift in Sources */ = {isa = PBXBuildFile; fileRef = BA6A83E428B1D36E0040512E /* MakeCard_StickerView.swift */; };
		BA6A83E728B2039C0040512E /* MakeCard_SelectProportionButtonView.swift in Sources */ = {isa = PBXBuildFile; fileRef = BA6A83E628B2039C0040512E /* MakeCard_SelectProportionButtonView.swift */; };
		BA6A83EA28B50EFD0040512E /* MakeCard_StickerBackColorType.swift in Sources */ = {isa = PBXBuildFile; fileRef = BA6A83E928B50EFD0040512E /* MakeCard_StickerBackColorType.swift */; };
		BA6A83EC28B50F0F0040512E /* MakeCard_StickerBackColorButton.swift in Sources */ = {isa = PBXBuildFile; fileRef = BA6A83EB28B50F0F0040512E /* MakeCard_StickerBackColorButton.swift */; };
		BA6A83EE28B50F300040512E /* MakeCard_StickerBackColorSetView.swift in Sources */ = {isa = PBXBuildFile; fileRef = BA6A83ED28B50F300040512E /* MakeCard_StickerBackColorSetView.swift */; };
		BA6A83F328BAD9B40040512E /* MakeCard_StickerRatioType.swift in Sources */ = {isa = PBXBuildFile; fileRef = BA6A83F228BAD9B40040512E /* MakeCard_StickerRatioType.swift */; };
		BA6A83F528BAD9EC0040512E /* MakeCard_SearchedTypeViewButton.swift in Sources */ = {isa = PBXBuildFile; fileRef = BA6A83F428BAD9EC0040512E /* MakeCard_SearchedTypeViewButton.swift */; };
		BA6A83F728BADA880040512E /* MakeCard_SearchButtonType.swift in Sources */ = {isa = PBXBuildFile; fileRef = BA6A83F628BADA880040512E /* MakeCard_SearchButtonType.swift */; };
		BA6A83F928BAEF1A0040512E /* MakeCard_BarcodeReaderView.swift in Sources */ = {isa = PBXBuildFile; fileRef = BA6A83F828BAEF1A0040512E /* MakeCard_BarcodeReaderView.swift */; };
		BA6A83FB28BB0A410040512E /* MakeCard_BarcodeSearchButton.swift in Sources */ = {isa = PBXBuildFile; fileRef = BA6A83FA28BB0A410040512E /* MakeCard_BarcodeSearchButton.swift */; };
		BA6A83FD28BCEFC50040512E /* MakeCard_CompleteViewController.swift in Sources */ = {isa = PBXBuildFile; fileRef = BA6A83FC28BCEFC50040512E /* MakeCard_CompleteViewController.swift */; };
		BA6A83FF28BCF02C0040512E /* MakeCard_GoToHomeButtonView.swift in Sources */ = {isa = PBXBuildFile; fileRef = BA6A83FE28BCF02C0040512E /* MakeCard_GoToHomeButtonView.swift */; };
		BA6A840128BCF06F0040512E /* MakeCard_ShareButtonsView.swift in Sources */ = {isa = PBXBuildFile; fileRef = BA6A840028BCF06F0040512E /* MakeCard_ShareButtonsView.swift */; };
		BA9DA30428C2BE33004CBBFB /* NaverLoginController.swift in Sources */ = {isa = PBXBuildFile; fileRef = BA9DA30328C2BE33004CBBFB /* NaverLoginController.swift */; };
		BA9DA30628C2C3A6004CBBFB /* NaverLoginStatus.swift in Sources */ = {isa = PBXBuildFile; fileRef = BA9DA30528C2C3A6004CBBFB /* NaverLoginStatus.swift */; };
		BAA07BFE2894C1DA0078EA83 /* Colors.swift in Sources */ = {isa = PBXBuildFile; fileRef = BAA07BFD2894C1DA0078EA83 /* Colors.swift */; };
		BAA07C002894C1E00078EA83 /* Fonts.swift in Sources */ = {isa = PBXBuildFile; fileRef = BAA07BFF2894C1E00078EA83 /* Fonts.swift */; };
		BAA07C032894C1FA0078EA83 /* Extensions+UI.swift in Sources */ = {isa = PBXBuildFile; fileRef = BAA07C022894C1FA0078EA83 /* Extensions+UI.swift */; };
		BAA07C052894C2060078EA83 /* Extensions+Func.swift in Sources */ = {isa = PBXBuildFile; fileRef = BAA07C042894C2060078EA83 /* Extensions+Func.swift */; };
		BAA07C0B2894CED80078EA83 /* CameraViewController.swift in Sources */ = {isa = PBXBuildFile; fileRef = BAA07C0A2894CED80078EA83 /* CameraViewController.swift */; };
		BAA07C102894D3430078EA83 /* MainViewController.swift in Sources */ = {isa = PBXBuildFile; fileRef = BAA07C0F2894D3430078EA83 /* MainViewController.swift */; };
		BAA07C142894E3780078EA83 /* ReadTextController.swift in Sources */ = {isa = PBXBuildFile; fileRef = BAA07C132894E3780078EA83 /* ReadTextController.swift */; };
		BAA07C162894EC9C0078EA83 /* TextRecognizeController.swift in Sources */ = {isa = PBXBuildFile; fileRef = BAA07C152894EC9C0078EA83 /* TextRecognizeController.swift */; };
		BAA07C192894F51C0078EA83 /* StickerTextView.swift in Sources */ = {isa = PBXBuildFile; fileRef = BAA07C182894F51C0078EA83 /* StickerTextView.swift */; };
		BAA07C1B2894F79F0078EA83 /* Extensions+Value.swift in Sources */ = {isa = PBXBuildFile; fileRef = BAA07C1A2894F79F0078EA83 /* Extensions+Value.swift */; };
		BAA07C1E289509940078EA83 /* NWMonitor.swift in Sources */ = {isa = PBXBuildFile; fileRef = BAA07C1D289509940078EA83 /* NWMonitor.swift */; };
		BAA07C20289509AF0078EA83 /* EventMonitor.swift in Sources */ = {isa = PBXBuildFile; fileRef = BAA07C1F289509AF0078EA83 /* EventMonitor.swift */; };
		BAA07C22289509EC0078EA83 /* AFHandler.swift in Sources */ = {isa = PBXBuildFile; fileRef = BAA07C21289509EC0078EA83 /* AFHandler.swift */; };
		BAA07C2528950B930078EA83 /* ResponsableResult.swift in Sources */ = {isa = PBXBuildFile; fileRef = BAA07C2428950B930078EA83 /* ResponsableResult.swift */; };
		BAA07C2728950EC00078EA83 /* SearchBookStatus.swift in Sources */ = {isa = PBXBuildFile; fileRef = BAA07C2628950EC00078EA83 /* SearchBookStatus.swift */; };
		BAA07C29289512DC0078EA83 /* RequestInterceptor.swift in Sources */ = {isa = PBXBuildFile; fileRef = BAA07C28289512DC0078EA83 /* RequestInterceptor.swift */; };
		BAA07C2C289517F50078EA83 /* MakeCard_KakaoBookSearcher.swift in Sources */ = {isa = PBXBuildFile; fileRef = BAA07C2B289517F50078EA83 /* MakeCard_KakaoBookSearcher.swift */; };
		BAA07C2E289527660078EA83 /* MakeCard_SearchBookViewController.swift in Sources */ = {isa = PBXBuildFile; fileRef = BAA07C2D289527660078EA83 /* MakeCard_SearchBookViewController.swift */; };
		BAA07C32289528A10078EA83 /* MakeCard_SearchedListView.swift in Sources */ = {isa = PBXBuildFile; fileRef = BAA07C31289528A10078EA83 /* MakeCard_SearchedListView.swift */; };
		BAA07C3428952D360078EA83 /* MakeCard_SearchedTypeView.swift in Sources */ = {isa = PBXBuildFile; fileRef = BAA07C3328952D360078EA83 /* MakeCard_SearchedTypeView.swift */; };
		BAA07C362895394C0078EA83 /* MakeCard_BarcodeViewController.swift in Sources */ = {isa = PBXBuildFile; fileRef = BAA07C352895394C0078EA83 /* MakeCard_BarcodeViewController.swift */; };
		BAE5C9B92894B08A00659F74 /* AppDelegate.swift in Sources */ = {isa = PBXBuildFile; fileRef = BAE5C9B82894B08A00659F74 /* AppDelegate.swift */; };
		BAE5C9BD2894B08A00659F74 /* ViewController.swift in Sources */ = {isa = PBXBuildFile; fileRef = BAE5C9BC2894B08A00659F74 /* ViewController.swift */; };
		BAE5C9C22894B08C00659F74 /* Assets.xcassets in Resources */ = {isa = PBXBuildFile; fileRef = BAE5C9C12894B08C00659F74 /* Assets.xcassets */; };
		BAE5C9C52894B08C00659F74 /* LaunchScreen.storyboard in Resources */ = {isa = PBXBuildFile; fileRef = BAE5C9C32894B08C00659F74 /* LaunchScreen.storyboard */; };
		BAEDCE9328C2B30F00102C47 /* OneButtonAlertView.swift in Sources */ = {isa = PBXBuildFile; fileRef = BAEDCE9228C2B30F00102C47 /* OneButtonAlertView.swift */; };
		BAEDCE9528C2B58D00102C47 /* PopUpAlertView.swift in Sources */ = {isa = PBXBuildFile; fileRef = BAEDCE9428C2B58D00102C47 /* PopUpAlertView.swift */; };
		BAFF71D928C0B84A00AA5E78 /* RealmController.swift in Sources */ = {isa = PBXBuildFile; fileRef = BAFF71D828C0B84A00AA5E78 /* RealmController.swift */; };
		BAFF71DC28C0B88600AA5E78 /* CardModel_Realm.swift in Sources */ = {isa = PBXBuildFile; fileRef = BAFF71DB28C0B88600AA5E78 /* CardModel_Realm.swift */; };
		BAFF71DF28C0CDCE00AA5E78 /* Main_ListSubView.swift in Sources */ = {isa = PBXBuildFile; fileRef = BAFF71DE28C0CDCE00AA5E78 /* Main_ListSubView.swift */; };
		BAFF71E228C0F27000AA5E78 /* LoginButtonView.swift in Sources */ = {isa = PBXBuildFile; fileRef = BAFF71E128C0F27000AA5E78 /* LoginButtonView.swift */; };
		BAFF71E528C0F3AA00AA5E78 /* LoginButtonType.swift in Sources */ = {isa = PBXBuildFile; fileRef = BAFF71E428C0F3AA00AA5E78 /* LoginButtonType.swift */; };
		BAFF71E728C0F3BE00AA5E78 /* LoginButton.swift in Sources */ = {isa = PBXBuildFile; fileRef = BAFF71E628C0F3BE00AA5E78 /* LoginButton.swift */; };
/* End PBXBuildFile section */

/* Begin PBXFileReference section */
		6C1553B13AD637E8346E0EA5 /* Pods_lines_iOS.framework */ = {isa = PBXFileReference; explicitFileType = wrapper.framework; includeInIndex = 0; path = Pods_lines_iOS.framework; sourceTree = BUILT_PRODUCTS_DIR; };
		89EBF471927421B13CAF5923 /* Pods-lines_iOS.debug.xcconfig */ = {isa = PBXFileReference; includeInIndex = 1; lastKnownFileType = text.xcconfig; name = "Pods-lines_iOS.debug.xcconfig"; path = "Target Support Files/Pods-lines_iOS/Pods-lines_iOS.debug.xcconfig"; sourceTree = "<group>"; };
		95F41FDAA66CDF70A7DB6CE3 /* Pods-lines_iOS.release.xcconfig */ = {isa = PBXFileReference; includeInIndex = 1; lastKnownFileType = text.xcconfig; name = "Pods-lines_iOS.release.xcconfig"; path = "Target Support Files/Pods-lines_iOS/Pods-lines_iOS.release.xcconfig"; sourceTree = "<group>"; };
		BA44ECA428BCF65A0040C26C /* MakeCard_ShareButtonsType.swift */ = {isa = PBXFileReference; lastKnownFileType = sourcecode.swift; path = MakeCard_ShareButtonsType.swift; sourceTree = "<group>"; };
		BA6A8371289CEDB50040512E /* LoginViewController.swift */ = {isa = PBXFileReference; lastKnownFileType = sourcecode.swift; path = LoginViewController.swift; sourceTree = "<group>"; };
		BA6A8374289CEDEA0040512E /* KakaoLoginController.swift */ = {isa = PBXFileReference; lastKnownFileType = sourcecode.swift; path = KakaoLoginController.swift; sourceTree = "<group>"; };
		BA6A8377289CEEAD0040512E /* StartViewController.swift */ = {isa = PBXFileReference; lastKnownFileType = sourcecode.swift; path = StartViewController.swift; sourceTree = "<group>"; };
		BA6A837E289DED060040512E /* ShareController.swift */ = {isa = PBXFileReference; lastKnownFileType = sourcecode.swift; path = ShareController.swift; sourceTree = "<group>"; };
		BA6A8380289F6E0D0040512E /* Main_HeaderView.swift */ = {isa = PBXFileReference; lastKnownFileType = sourcecode.swift; path = Main_HeaderView.swift; sourceTree = "<group>"; };
		BA6A8384289F7D3B0040512E /* ScrollViewController.swift */ = {isa = PBXFileReference; lastKnownFileType = sourcecode.swift; path = ScrollViewController.swift; sourceTree = "<group>"; };
		BA6A83A928A71DC90040512E /* TopView.swift */ = {isa = PBXFileReference; lastKnownFileType = sourcecode.swift; path = TopView.swift; sourceTree = "<group>"; };
		BA6A83AB28A71E2A0040512E /* Main_TopView.swift */ = {isa = PBXFileReference; lastKnownFileType = sourcecode.swift; path = Main_TopView.swift; sourceTree = "<group>"; };
		BA6A83AD28A721530040512E /* Main_MenuButton.swift */ = {isa = PBXFileReference; lastKnownFileType = sourcecode.swift; path = Main_MenuButton.swift; sourceTree = "<group>"; };
		BA6A83AF28A728A80040512E /* Main_ListView.swift */ = {isa = PBXFileReference; lastKnownFileType = sourcecode.swift; path = Main_ListView.swift; sourceTree = "<group>"; };
		BA6A83B228A72AE80040512E /* AppleSDGothicNeoB.ttf */ = {isa = PBXFileReference; lastKnownFileType = file; path = AppleSDGothicNeoB.ttf; sourceTree = "<group>"; };
		BA6A83B328A72AE80040512E /* AppleSDGothicNeoH.ttf */ = {isa = PBXFileReference; lastKnownFileType = file; path = AppleSDGothicNeoH.ttf; sourceTree = "<group>"; };
		BA6A83B428A72AE80040512E /* AppleSDGothicNeoL.ttf */ = {isa = PBXFileReference; lastKnownFileType = file; path = AppleSDGothicNeoL.ttf; sourceTree = "<group>"; };
		BA6A83B528A72AE80040512E /* AppleSDGothicNeoEB.ttf */ = {isa = PBXFileReference; lastKnownFileType = file; path = AppleSDGothicNeoEB.ttf; sourceTree = "<group>"; };
		BA6A83B628A72AE80040512E /* AppleSDGothicNeoM.ttf */ = {isa = PBXFileReference; lastKnownFileType = file; path = AppleSDGothicNeoM.ttf; sourceTree = "<group>"; };
		BA6A83B828A730670040512E /* ImageListCellView.swift */ = {isa = PBXFileReference; lastKnownFileType = sourcecode.swift; path = ImageListCellView.swift; sourceTree = "<group>"; };
		BA6A83BF28A7A9ED0040512E /* Main_OverlappedButtonsView.swift */ = {isa = PBXFileReference; lastKnownFileType = sourcecode.swift; path = Main_OverlappedButtonsView.swift; sourceTree = "<group>"; };
		BA6A83C128A7B0A40040512E /* TestData.swift */ = {isa = PBXFileReference; lastKnownFileType = sourcecode.swift; path = TestData.swift; sourceTree = "<group>"; };
		BA6A83C328A7C2120040512E /* ExternUIImagePickerController.swift */ = {isa = PBXFileReference; lastKnownFileType = sourcecode.swift; path = ExternUIImagePickerController.swift; sourceTree = "<group>"; };
		BA6A83C928A7C2D00040512E /* MakeCardViewController.swift */ = {isa = PBXFileReference; lastKnownFileType = sourcecode.swift; path = MakeCardViewController.swift; sourceTree = "<group>"; };
		BA6A83CC28A7C5FA0040512E /* MakeCard_TopView.swift */ = {isa = PBXFileReference; lastKnownFileType = sourcecode.swift; path = MakeCard_TopView.swift; sourceTree = "<group>"; };
		BA6A83CE28A7D32A0040512E /* MakeCard_NoticeView.swift */ = {isa = PBXFileReference; lastKnownFileType = sourcecode.swift; path = MakeCard_NoticeView.swift; sourceTree = "<group>"; };
		BA6A83D028A7D8480040512E /* MakeCard_ContentView.swift */ = {isa = PBXFileReference; lastKnownFileType = sourcecode.swift; path = MakeCard_ContentView.swift; sourceTree = "<group>"; };
		BA6A83D228A7DECA0040512E /* MarkCard_BottomView.swift */ = {isa = PBXFileReference; lastKnownFileType = sourcecode.swift; path = MarkCard_BottomView.swift; sourceTree = "<group>"; };
		BA6A83D428A7E5270040512E /* AlertView.swift */ = {isa = PBXFileReference; lastKnownFileType = sourcecode.swift; path = AlertView.swift; sourceTree = "<group>"; };
		BA6A83D628A7E56B0040512E /* ImageAlertView.swift */ = {isa = PBXFileReference; lastKnownFileType = sourcecode.swift; path = ImageAlertView.swift; sourceTree = "<group>"; };
		BA6A83D828A863AE0040512E /* MainCard_ContentNoticeView.swift */ = {isa = PBXFileReference; lastKnownFileType = sourcecode.swift; path = MainCard_ContentNoticeView.swift; sourceTree = "<group>"; };
		BA6A83DA28A8759C0040512E /* MakeCard_DetailViewController.swift */ = {isa = PBXFileReference; lastKnownFileType = sourcecode.swift; path = MakeCard_DetailViewController.swift; sourceTree = "<group>"; };
		BA6A83DC28B1C78B0040512E /* TwoButtonAlertView.swift */ = {isa = PBXFileReference; lastKnownFileType = sourcecode.swift; path = TwoButtonAlertView.swift; sourceTree = "<group>"; };
		BA6A83DE28B1D3000040512E /* MakeCard_StickerSetView.swift */ = {isa = PBXFileReference; lastKnownFileType = sourcecode.swift; path = MakeCard_StickerSetView.swift; sourceTree = "<group>"; };
		BA6A83E028B1D3330040512E /* MakeCard_StickerOneToOneView.swift */ = {isa = PBXFileReference; lastKnownFileType = sourcecode.swift; path = MakeCard_StickerOneToOneView.swift; sourceTree = "<group>"; };
		BA6A83E228B1D3440040512E /* MakeCard_StickerThreeToFourView.swift */ = {isa = PBXFileReference; lastKnownFileType = sourcecode.swift; path = MakeCard_StickerThreeToFourView.swift; sourceTree = "<group>"; };
		BA6A83E428B1D36E0040512E /* MakeCard_StickerView.swift */ = {isa = PBXFileReference; lastKnownFileType = sourcecode.swift; path = MakeCard_StickerView.swift; sourceTree = "<group>"; };
		BA6A83E628B2039C0040512E /* MakeCard_SelectProportionButtonView.swift */ = {isa = PBXFileReference; lastKnownFileType = sourcecode.swift; path = MakeCard_SelectProportionButtonView.swift; sourceTree = "<group>"; };
		BA6A83E928B50EFD0040512E /* MakeCard_StickerBackColorType.swift */ = {isa = PBXFileReference; lastKnownFileType = sourcecode.swift; path = MakeCard_StickerBackColorType.swift; sourceTree = "<group>"; };
		BA6A83EB28B50F0F0040512E /* MakeCard_StickerBackColorButton.swift */ = {isa = PBXFileReference; lastKnownFileType = sourcecode.swift; path = MakeCard_StickerBackColorButton.swift; sourceTree = "<group>"; };
		BA6A83ED28B50F300040512E /* MakeCard_StickerBackColorSetView.swift */ = {isa = PBXFileReference; lastKnownFileType = sourcecode.swift; path = MakeCard_StickerBackColorSetView.swift; sourceTree = "<group>"; };
		BA6A83F228BAD9B40040512E /* MakeCard_StickerRatioType.swift */ = {isa = PBXFileReference; lastKnownFileType = sourcecode.swift; path = MakeCard_StickerRatioType.swift; sourceTree = "<group>"; };
		BA6A83F428BAD9EC0040512E /* MakeCard_SearchedTypeViewButton.swift */ = {isa = PBXFileReference; lastKnownFileType = sourcecode.swift; path = MakeCard_SearchedTypeViewButton.swift; sourceTree = "<group>"; };
		BA6A83F628BADA880040512E /* MakeCard_SearchButtonType.swift */ = {isa = PBXFileReference; lastKnownFileType = sourcecode.swift; path = MakeCard_SearchButtonType.swift; sourceTree = "<group>"; };
		BA6A83F828BAEF1A0040512E /* MakeCard_BarcodeReaderView.swift */ = {isa = PBXFileReference; lastKnownFileType = sourcecode.swift; path = MakeCard_BarcodeReaderView.swift; sourceTree = "<group>"; };
		BA6A83FA28BB0A410040512E /* MakeCard_BarcodeSearchButton.swift */ = {isa = PBXFileReference; lastKnownFileType = sourcecode.swift; path = MakeCard_BarcodeSearchButton.swift; sourceTree = "<group>"; };
		BA6A83FC28BCEFC50040512E /* MakeCard_CompleteViewController.swift */ = {isa = PBXFileReference; fileEncoding = 4; lastKnownFileType = sourcecode.swift; path = MakeCard_CompleteViewController.swift; sourceTree = "<group>"; };
		BA6A83FE28BCF02C0040512E /* MakeCard_GoToHomeButtonView.swift */ = {isa = PBXFileReference; fileEncoding = 4; lastKnownFileType = sourcecode.swift; path = MakeCard_GoToHomeButtonView.swift; sourceTree = "<group>"; };
		BA6A840028BCF06F0040512E /* MakeCard_ShareButtonsView.swift */ = {isa = PBXFileReference; lastKnownFileType = sourcecode.swift; path = MakeCard_ShareButtonsView.swift; sourceTree = "<group>"; };
		BA9DA30328C2BE33004CBBFB /* NaverLoginController.swift */ = {isa = PBXFileReference; lastKnownFileType = sourcecode.swift; path = NaverLoginController.swift; sourceTree = "<group>"; };
		BA9DA30528C2C3A6004CBBFB /* NaverLoginStatus.swift */ = {isa = PBXFileReference; lastKnownFileType = sourcecode.swift; path = NaverLoginStatus.swift; sourceTree = "<group>"; };
		BAA07BFD2894C1DA0078EA83 /* Colors.swift */ = {isa = PBXFileReference; lastKnownFileType = sourcecode.swift; path = Colors.swift; sourceTree = "<group>"; };
		BAA07BFF2894C1E00078EA83 /* Fonts.swift */ = {isa = PBXFileReference; lastKnownFileType = sourcecode.swift; path = Fonts.swift; sourceTree = "<group>"; };
		BAA07C022894C1FA0078EA83 /* Extensions+UI.swift */ = {isa = PBXFileReference; lastKnownFileType = sourcecode.swift; path = "Extensions+UI.swift"; sourceTree = "<group>"; };
		BAA07C042894C2060078EA83 /* Extensions+Func.swift */ = {isa = PBXFileReference; lastKnownFileType = sourcecode.swift; path = "Extensions+Func.swift"; sourceTree = "<group>"; };
		BAA07C0A2894CED80078EA83 /* CameraViewController.swift */ = {isa = PBXFileReference; lastKnownFileType = sourcecode.swift; path = CameraViewController.swift; sourceTree = "<group>"; };
		BAA07C0F2894D3430078EA83 /* MainViewController.swift */ = {isa = PBXFileReference; lastKnownFileType = sourcecode.swift; path = MainViewController.swift; sourceTree = "<group>"; };
		BAA07C132894E3780078EA83 /* ReadTextController.swift */ = {isa = PBXFileReference; lastKnownFileType = sourcecode.swift; path = ReadTextController.swift; sourceTree = "<group>"; };
		BAA07C152894EC9C0078EA83 /* TextRecognizeController.swift */ = {isa = PBXFileReference; lastKnownFileType = sourcecode.swift; path = TextRecognizeController.swift; sourceTree = "<group>"; };
		BAA07C182894F51C0078EA83 /* StickerTextView.swift */ = {isa = PBXFileReference; lastKnownFileType = sourcecode.swift; path = StickerTextView.swift; sourceTree = "<group>"; };
		BAA07C1A2894F79F0078EA83 /* Extensions+Value.swift */ = {isa = PBXFileReference; lastKnownFileType = sourcecode.swift; path = "Extensions+Value.swift"; sourceTree = "<group>"; };
		BAA07C1D289509940078EA83 /* NWMonitor.swift */ = {isa = PBXFileReference; lastKnownFileType = sourcecode.swift; path = NWMonitor.swift; sourceTree = "<group>"; };
		BAA07C1F289509AF0078EA83 /* EventMonitor.swift */ = {isa = PBXFileReference; lastKnownFileType = sourcecode.swift; path = EventMonitor.swift; sourceTree = "<group>"; };
		BAA07C21289509EC0078EA83 /* AFHandler.swift */ = {isa = PBXFileReference; lastKnownFileType = sourcecode.swift; path = AFHandler.swift; sourceTree = "<group>"; };
		BAA07C2428950B930078EA83 /* ResponsableResult.swift */ = {isa = PBXFileReference; lastKnownFileType = sourcecode.swift; path = ResponsableResult.swift; sourceTree = "<group>"; };
		BAA07C2628950EC00078EA83 /* SearchBookStatus.swift */ = {isa = PBXFileReference; lastKnownFileType = sourcecode.swift; path = SearchBookStatus.swift; sourceTree = "<group>"; };
		BAA07C28289512DC0078EA83 /* RequestInterceptor.swift */ = {isa = PBXFileReference; lastKnownFileType = sourcecode.swift; path = RequestInterceptor.swift; sourceTree = "<group>"; };
		BAA07C2B289517F50078EA83 /* MakeCard_KakaoBookSearcher.swift */ = {isa = PBXFileReference; lastKnownFileType = sourcecode.swift; path = MakeCard_KakaoBookSearcher.swift; sourceTree = "<group>"; };
		BAA07C2D289527660078EA83 /* MakeCard_SearchBookViewController.swift */ = {isa = PBXFileReference; lastKnownFileType = sourcecode.swift; path = MakeCard_SearchBookViewController.swift; sourceTree = "<group>"; };
		BAA07C31289528A10078EA83 /* MakeCard_SearchedListView.swift */ = {isa = PBXFileReference; lastKnownFileType = sourcecode.swift; path = MakeCard_SearchedListView.swift; sourceTree = "<group>"; };
		BAA07C3328952D360078EA83 /* MakeCard_SearchedTypeView.swift */ = {isa = PBXFileReference; lastKnownFileType = sourcecode.swift; path = MakeCard_SearchedTypeView.swift; sourceTree = "<group>"; };
		BAA07C352895394C0078EA83 /* MakeCard_BarcodeViewController.swift */ = {isa = PBXFileReference; lastKnownFileType = sourcecode.swift; path = MakeCard_BarcodeViewController.swift; sourceTree = "<group>"; };
		BAE5C9B52894B08A00659F74 /* lines_iOS.app */ = {isa = PBXFileReference; explicitFileType = wrapper.application; includeInIndex = 0; path = lines_iOS.app; sourceTree = BUILT_PRODUCTS_DIR; };
		BAE5C9B82894B08A00659F74 /* AppDelegate.swift */ = {isa = PBXFileReference; lastKnownFileType = sourcecode.swift; path = AppDelegate.swift; sourceTree = "<group>"; };
		BAE5C9BC2894B08A00659F74 /* ViewController.swift */ = {isa = PBXFileReference; lastKnownFileType = sourcecode.swift; path = ViewController.swift; sourceTree = "<group>"; };
		BAE5C9C12894B08C00659F74 /* Assets.xcassets */ = {isa = PBXFileReference; lastKnownFileType = folder.assetcatalog; path = Assets.xcassets; sourceTree = "<group>"; };
		BAE5C9C42894B08C00659F74 /* Base */ = {isa = PBXFileReference; lastKnownFileType = file.storyboard; name = Base; path = Base.lproj/LaunchScreen.storyboard; sourceTree = "<group>"; };
		BAE5C9C62894B08C00659F74 /* Info.plist */ = {isa = PBXFileReference; lastKnownFileType = text.plist.xml; path = Info.plist; sourceTree = "<group>"; };
		BAEDCE9128C2B26900102C47 /* lines_iOS.entitlements */ = {isa = PBXFileReference; lastKnownFileType = text.plist.entitlements; path = lines_iOS.entitlements; sourceTree = "<group>"; };
		BAEDCE9228C2B30F00102C47 /* OneButtonAlertView.swift */ = {isa = PBXFileReference; lastKnownFileType = sourcecode.swift; path = OneButtonAlertView.swift; sourceTree = "<group>"; };
		BAEDCE9428C2B58D00102C47 /* PopUpAlertView.swift */ = {isa = PBXFileReference; lastKnownFileType = sourcecode.swift; path = PopUpAlertView.swift; sourceTree = "<group>"; };
		BAFF71D828C0B84A00AA5E78 /* RealmController.swift */ = {isa = PBXFileReference; lastKnownFileType = sourcecode.swift; path = RealmController.swift; sourceTree = "<group>"; };
		BAFF71DB28C0B88600AA5E78 /* CardModel_Realm.swift */ = {isa = PBXFileReference; lastKnownFileType = sourcecode.swift; path = CardModel_Realm.swift; sourceTree = "<group>"; };
		BAFF71DE28C0CDCE00AA5E78 /* Main_ListSubView.swift */ = {isa = PBXFileReference; lastKnownFileType = sourcecode.swift; path = Main_ListSubView.swift; sourceTree = "<group>"; };
		BAFF71E128C0F27000AA5E78 /* LoginButtonView.swift */ = {isa = PBXFileReference; lastKnownFileType = sourcecode.swift; path = LoginButtonView.swift; sourceTree = "<group>"; };
		BAFF71E428C0F3AA00AA5E78 /* LoginButtonType.swift */ = {isa = PBXFileReference; lastKnownFileType = sourcecode.swift; path = LoginButtonType.swift; sourceTree = "<group>"; };
		BAFF71E628C0F3BE00AA5E78 /* LoginButton.swift */ = {isa = PBXFileReference; lastKnownFileType = sourcecode.swift; path = LoginButton.swift; sourceTree = "<group>"; };
/* End PBXFileReference section */

/* Begin PBXFrameworksBuildPhase section */
		BAE5C9B22894B08A00659F74 /* Frameworks */ = {
			isa = PBXFrameworksBuildPhase;
			buildActionMask = 2147483647;
			files = (
				40F5BA46BDC623769AD32EC9 /* Pods_lines_iOS.framework in Frameworks */,
			);
			runOnlyForDeploymentPostprocessing = 0;
		};
/* End PBXFrameworksBuildPhase section */

/* Begin PBXGroup section */
		BA44ECA628BCFC490040C26C /* Controller */ = {
			isa = PBXGroup;
			children = (
				BA6A837E289DED060040512E /* ShareController.swift */,
			);
			path = Controller;
			sourceTree = "<group>";
		};
		BA6A8370289CEDA60040512E /* Login */ = {
			isa = PBXGroup;
			children = (
				BAFF71E328C0F3A100AA5E78 /* Model */,
				BAFF71E028C0F26600AA5E78 /* View */,
				BA6A8373289CEDE10040512E /* Controller */,
				BA6A8371289CEDB50040512E /* LoginViewController.swift */,
			);
			path = Login;
			sourceTree = "<group>";
		};
		BA6A8373289CEDE10040512E /* Controller */ = {
			isa = PBXGroup;
			children = (
				BA6A8374289CEDEA0040512E /* KakaoLoginController.swift */,
				BA9DA30328C2BE33004CBBFB /* NaverLoginController.swift */,
			);
			path = Controller;
			sourceTree = "<group>";
		};
		BA6A8376289CEEA10040512E /* Start */ = {
			isa = PBXGroup;
			children = (
				BA6A8377289CEEAD0040512E /* StartViewController.swift */,
			);
			path = Start;
			sourceTree = "<group>";
		};
		BA6A8379289DE0B00040512E /* Universial */ = {
			isa = PBXGroup;
			children = (
				BA6A837A289DE0BB0040512E /* Controller */,
			);
			path = Universial;
			sourceTree = "<group>";
		};
		BA6A837A289DE0BB0040512E /* Controller */ = {
			isa = PBXGroup;
			children = (
			);
			path = Controller;
			sourceTree = "<group>";
		};
		BA6A837D289DECF30040512E /* Controller */ = {
			isa = PBXGroup;
			children = (
			);
			path = Controller;
			sourceTree = "<group>";
		};
		BA6A83A828A71DBF0040512E /* View */ = {
			isa = PBXGroup;
			children = (
				BA6A83A928A71DC90040512E /* TopView.swift */,
				BA6A83D428A7E5270040512E /* AlertView.swift */,
				BA6A83D628A7E56B0040512E /* ImageAlertView.swift */,
				BAEDCE9228C2B30F00102C47 /* OneButtonAlertView.swift */,
				BA6A83DC28B1C78B0040512E /* TwoButtonAlertView.swift */,
				BAEDCE9428C2B58D00102C47 /* PopUpAlertView.swift */,
			);
			path = View;
			sourceTree = "<group>";
		};
		BA6A83B128A72AD90040512E /* FontResource */ = {
			isa = PBXGroup;
			children = (
				BA6A83B228A72AE80040512E /* AppleSDGothicNeoB.ttf */,
				BA6A83B528A72AE80040512E /* AppleSDGothicNeoEB.ttf */,
				BA6A83B328A72AE80040512E /* AppleSDGothicNeoH.ttf */,
				BA6A83B428A72AE80040512E /* AppleSDGothicNeoL.ttf */,
				BA6A83B628A72AE80040512E /* AppleSDGothicNeoM.ttf */,
			);
			path = FontResource;
			sourceTree = "<group>";
		};
		BA6A83B728A730560040512E /* Cell */ = {
			isa = PBXGroup;
			children = (
				BA6A83B828A730670040512E /* ImageListCellView.swift */,
			);
			path = Cell;
			sourceTree = "<group>";
		};
		BA6A83C528A7C23C0040512E /* Read */ = {
			isa = PBXGroup;
			children = (
				BA6A83C628A7C2510040512E /* View */,
				BA6A83C728A7C25A0040512E /* Controller */,
				BAA07C0A2894CED80078EA83 /* CameraViewController.swift */,
				BA6A83C328A7C2120040512E /* ExternUIImagePickerController.swift */,
			);
			path = Read;
			sourceTree = "<group>";
		};
		BA6A83C628A7C2510040512E /* View */ = {
			isa = PBXGroup;
			children = (
			);
			path = View;
			sourceTree = "<group>";
		};
		BA6A83C728A7C25A0040512E /* Controller */ = {
			isa = PBXGroup;
			children = (
				BAA07C132894E3780078EA83 /* ReadTextController.swift */,
				BAA07C152894EC9C0078EA83 /* TextRecognizeController.swift */,
			);
			path = Controller;
			sourceTree = "<group>";
		};
		BA6A83C828A7C2BD0040512E /* MakeCard */ = {
			isa = PBXGroup;
			children = (
				BA6A83E828B50EE80040512E /* Model */,
				BA6A83CB28A7C5F10040512E /* View */,
				BA44ECA628BCFC490040C26C /* Controller */,
				BA6A83C928A7C2D00040512E /* MakeCardViewController.swift */,
				BA6A83DA28A8759C0040512E /* MakeCard_DetailViewController.swift */,
				BAA07C2D289527660078EA83 /* MakeCard_SearchBookViewController.swift */,
				BAA07C352895394C0078EA83 /* MakeCard_BarcodeViewController.swift */,
				BA6A83FC28BCEFC50040512E /* MakeCard_CompleteViewController.swift */,
			);
			path = MakeCard;
			sourceTree = "<group>";
		};
		BA6A83CB28A7C5F10040512E /* View */ = {
			isa = PBXGroup;
			children = (
				BA6A83CC28A7C5FA0040512E /* MakeCard_TopView.swift */,
				BA6A83CE28A7D32A0040512E /* MakeCard_NoticeView.swift */,
				BA6A83D028A7D8480040512E /* MakeCard_ContentView.swift */,
				BA6A83D828A863AE0040512E /* MainCard_ContentNoticeView.swift */,
				BA6A83D228A7DECA0040512E /* MarkCard_BottomView.swift */,
				BA6A83E428B1D36E0040512E /* MakeCard_StickerView.swift */,
				BA6A83E028B1D3330040512E /* MakeCard_StickerOneToOneView.swift */,
				BA6A83E228B1D3440040512E /* MakeCard_StickerThreeToFourView.swift */,
				BA6A83DE28B1D3000040512E /* MakeCard_StickerSetView.swift */,
				BA6A83ED28B50F300040512E /* MakeCard_StickerBackColorSetView.swift */,
				BA6A83EB28B50F0F0040512E /* MakeCard_StickerBackColorButton.swift */,
				BA6A83E628B2039C0040512E /* MakeCard_SelectProportionButtonView.swift */,
				BAA07C3328952D360078EA83 /* MakeCard_SearchedTypeView.swift */,
				BAA07C31289528A10078EA83 /* MakeCard_SearchedListView.swift */,
				BAA07C2B289517F50078EA83 /* MakeCard_KakaoBookSearcher.swift */,
				BA6A83F828BAEF1A0040512E /* MakeCard_BarcodeReaderView.swift */,
				BA6A83FA28BB0A410040512E /* MakeCard_BarcodeSearchButton.swift */,
				BA6A840028BCF06F0040512E /* MakeCard_ShareButtonsView.swift */,
				BA6A83FE28BCF02C0040512E /* MakeCard_GoToHomeButtonView.swift */,
			);
			path = View;
			sourceTree = "<group>";
		};
		BA6A83E828B50EE80040512E /* Model */ = {
			isa = PBXGroup;
			children = (
				BA6A83E928B50EFD0040512E /* MakeCard_StickerBackColorType.swift */,
				BA6A83F228BAD9B40040512E /* MakeCard_StickerRatioType.swift */,
				BA6A83F428BAD9EC0040512E /* MakeCard_SearchedTypeViewButton.swift */,
				BA6A83F628BADA880040512E /* MakeCard_SearchButtonType.swift */,
				BA44ECA428BCF65A0040C26C /* MakeCard_ShareButtonsType.swift */,
			);
			path = Model;
			sourceTree = "<group>";
		};
		BAA07BFC2894BFC90078EA83 /* Resources */ = {
			isa = PBXGroup;
			children = (
				BAE5C9C62894B08C00659F74 /* Info.plist */,
				BAE5C9C12894B08C00659F74 /* Assets.xcassets */,
				BAA07BFD2894C1DA0078EA83 /* Colors.swift */,
				BAA07BFF2894C1E00078EA83 /* Fonts.swift */,
				BA6A83C128A7B0A40040512E /* TestData.swift */,
				BA6A83B128A72AD90040512E /* FontResource */,
			);
			path = Resources;
			sourceTree = "<group>";
		};
		BAA07C012894C1EC0078EA83 /* Extensions */ = {
			isa = PBXGroup;
			children = (
				BAA07C022894C1FA0078EA83 /* Extensions+UI.swift */,
				BAA07C1A2894F79F0078EA83 /* Extensions+Value.swift */,
				BAA07C042894C2060078EA83 /* Extensions+Func.swift */,
			);
			path = Extensions;
			sourceTree = "<group>";
		};
		BAA07C062894C2120078EA83 /* Classification */ = {
			isa = PBXGroup;
			children = (
				BA6A8379289DE0B00040512E /* Universial */,
				BAA07C1C289509790078EA83 /* Network */,
				BA6A8376289CEEA10040512E /* Start */,
				BA6A8370289CEDA60040512E /* Login */,
				BAA07C072894C21C0078EA83 /* Main */,
				BA6A83C528A7C23C0040512E /* Read */,
				BA6A83C828A7C2BD0040512E /* MakeCard */,
			);
			path = Classification;
			sourceTree = "<group>";
		};
		BAA07C072894C21C0078EA83 /* Main */ = {
			isa = PBXGroup;
			children = (
				BA6A837D289DECF30040512E /* Controller */,
				BAA07C172894F4F10078EA83 /* View */,
				BAA07C0F2894D3430078EA83 /* MainViewController.swift */,
			);
			path = Main;
			sourceTree = "<group>";
		};
		BAA07C0E2894CF0D0078EA83 /* Base */ = {
			isa = PBXGroup;
			children = (
				BAFF71D728C0B83B00AA5E78 /* Realm */,
				BA6A83A828A71DBF0040512E /* View */,
				BAE5C9C32894B08C00659F74 /* LaunchScreen.storyboard */,
				BAE5C9B82894B08A00659F74 /* AppDelegate.swift */,
				BAE5C9BC2894B08A00659F74 /* ViewController.swift */,
				BA6A8384289F7D3B0040512E /* ScrollViewController.swift */,
			);
			path = Base;
			sourceTree = "<group>";
		};
		BAA07C172894F4F10078EA83 /* View */ = {
			isa = PBXGroup;
			children = (
				BA6A83B728A730560040512E /* Cell */,
				BA6A83AB28A71E2A0040512E /* Main_TopView.swift */,
				BA6A8380289F6E0D0040512E /* Main_HeaderView.swift */,
				BA6A83AD28A721530040512E /* Main_MenuButton.swift */,
				BA6A83AF28A728A80040512E /* Main_ListView.swift */,
				BAFF71DD28C0CDB100AA5E78 /* Main_ListViewSubs */,
				BA6A83BF28A7A9ED0040512E /* Main_OverlappedButtonsView.swift */,
				BAA07C182894F51C0078EA83 /* StickerTextView.swift */,
			);
			path = View;
			sourceTree = "<group>";
		};
		BAA07C1C289509790078EA83 /* Network */ = {
			isa = PBXGroup;
			children = (
				BAA07C2328950B870078EA83 /* Model */,
				BAA07C2A289517E40078EA83 /* Controller */,
				BAA07C1D289509940078EA83 /* NWMonitor.swift */,
				BAA07C1F289509AF0078EA83 /* EventMonitor.swift */,
				BAA07C21289509EC0078EA83 /* AFHandler.swift */,
			);
			path = Network;
			sourceTree = "<group>";
		};
		BAA07C2328950B870078EA83 /* Model */ = {
			isa = PBXGroup;
			children = (
				BAA07C2428950B930078EA83 /* ResponsableResult.swift */,
				BAA07C2628950EC00078EA83 /* SearchBookStatus.swift */,
				BA9DA30528C2C3A6004CBBFB /* NaverLoginStatus.swift */,
				BAA07C28289512DC0078EA83 /* RequestInterceptor.swift */,
			);
			path = Model;
			sourceTree = "<group>";
		};
		BAA07C2A289517E40078EA83 /* Controller */ = {
			isa = PBXGroup;
			children = (
			);
			path = Controller;
			sourceTree = "<group>";
		};
		BAE5C9AC2894B08A00659F74 = {
			isa = PBXGroup;
			children = (
				BAE5C9B72894B08A00659F74 /* lines_iOS */,
				BAE5C9B62894B08A00659F74 /* Products */,
				BB9F99D65F9C4795120EE8D9 /* Pods */,
				EDB9167F6D9872969830FABC /* Frameworks */,
			);
			sourceTree = "<group>";
		};
		BAE5C9B62894B08A00659F74 /* Products */ = {
			isa = PBXGroup;
			children = (
				BAE5C9B52894B08A00659F74 /* lines_iOS.app */,
			);
			name = Products;
			sourceTree = "<group>";
		};
		BAE5C9B72894B08A00659F74 /* lines_iOS */ = {
			isa = PBXGroup;
			children = (
				BAEDCE9128C2B26900102C47 /* lines_iOS.entitlements */,
				BAA07C0E2894CF0D0078EA83 /* Base */,
				BAA07BFC2894BFC90078EA83 /* Resources */,
				BAA07C012894C1EC0078EA83 /* Extensions */,
				BAA07C062894C2120078EA83 /* Classification */,
			);
			path = lines_iOS;
			sourceTree = "<group>";
		};
		BAFF71D728C0B83B00AA5E78 /* Realm */ = {
			isa = PBXGroup;
			children = (
				BAFF71DA28C0B86D00AA5E78 /* Model */,
				BAFF71D828C0B84A00AA5E78 /* RealmController.swift */,
			);
			path = Realm;
			sourceTree = "<group>";
		};
		BAFF71DA28C0B86D00AA5E78 /* Model */ = {
			isa = PBXGroup;
			children = (
				BAFF71DB28C0B88600AA5E78 /* CardModel_Realm.swift */,
			);
			path = Model;
			sourceTree = "<group>";
		};
		BAFF71DD28C0CDB100AA5E78 /* Main_ListViewSubs */ = {
			isa = PBXGroup;
			children = (
				BAFF71DE28C0CDCE00AA5E78 /* Main_ListSubView.swift */,
			);
			path = Main_ListViewSubs;
			sourceTree = "<group>";
		};
		BAFF71E028C0F26600AA5E78 /* View */ = {
			isa = PBXGroup;
			children = (
				BAFF71E628C0F3BE00AA5E78 /* LoginButton.swift */,
				BAFF71E128C0F27000AA5E78 /* LoginButtonView.swift */,
			);
			path = View;
			sourceTree = "<group>";
		};
		BAFF71E328C0F3A100AA5E78 /* Model */ = {
			isa = PBXGroup;
			children = (
				BAFF71E428C0F3AA00AA5E78 /* LoginButtonType.swift */,
			);
			path = Model;
			sourceTree = "<group>";
		};
		BB9F99D65F9C4795120EE8D9 /* Pods */ = {
			isa = PBXGroup;
			children = (
				89EBF471927421B13CAF5923 /* Pods-lines_iOS.debug.xcconfig */,
				95F41FDAA66CDF70A7DB6CE3 /* Pods-lines_iOS.release.xcconfig */,
			);
			path = Pods;
			sourceTree = "<group>";
		};
		EDB9167F6D9872969830FABC /* Frameworks */ = {
			isa = PBXGroup;
			children = (
				6C1553B13AD637E8346E0EA5 /* Pods_lines_iOS.framework */,
			);
			name = Frameworks;
			sourceTree = "<group>";
		};
/* End PBXGroup section */

/* Begin PBXNativeTarget section */
		BAE5C9B42894B08A00659F74 /* lines_iOS */ = {
			isa = PBXNativeTarget;
			buildConfigurationList = BAE5C9C92894B08C00659F74 /* Build configuration list for PBXNativeTarget "lines_iOS" */;
			buildPhases = (
				CF690BF42C5E2DD122C837B6 /* [CP] Check Pods Manifest.lock */,
				BAE5C9B12894B08A00659F74 /* Sources */,
				BAE5C9B22894B08A00659F74 /* Frameworks */,
				BAE5C9B32894B08A00659F74 /* Resources */,
				122A764644D96DA0877D0BD5 /* [CP] Embed Pods Frameworks */,
				D5FBE9E7CAB82204133264FF /* [CP] Copy Pods Resources */,
			);
			buildRules = (
			);
			dependencies = (
			);
			name = lines_iOS;
			productName = lines_iOS;
			productReference = BAE5C9B52894B08A00659F74 /* lines_iOS.app */;
			productType = "com.apple.product-type.application";
		};
/* End PBXNativeTarget section */

/* Begin PBXProject section */
		BAE5C9AD2894B08A00659F74 /* Project object */ = {
			isa = PBXProject;
			attributes = {
				BuildIndependentTargetsInParallel = 1;
				LastSwiftUpdateCheck = 1340;
				LastUpgradeCheck = 1340;
				TargetAttributes = {
					BAE5C9B42894B08A00659F74 = {
						CreatedOnToolsVersion = 13.4.1;
					};
				};
			};
			buildConfigurationList = BAE5C9B02894B08A00659F74 /* Build configuration list for PBXProject "lines_iOS" */;
			compatibilityVersion = "Xcode 13.0";
			developmentRegion = en;
			hasScannedForEncodings = 0;
			knownRegions = (
				en,
				Base,
			);
			mainGroup = BAE5C9AC2894B08A00659F74;
			productRefGroup = BAE5C9B62894B08A00659F74 /* Products */;
			projectDirPath = "";
			projectRoot = "";
			targets = (
				BAE5C9B42894B08A00659F74 /* lines_iOS */,
			);
		};
/* End PBXProject section */

/* Begin PBXResourcesBuildPhase section */
		BAE5C9B32894B08A00659F74 /* Resources */ = {
			isa = PBXResourcesBuildPhase;
			buildActionMask = 2147483647;
			files = (
				BAE5C9C52894B08C00659F74 /* LaunchScreen.storyboard in Resources */,
				BA6A83BC28A744420040512E /* AppleSDGothicNeoL.ttf in Resources */,
				BAE5C9C22894B08C00659F74 /* Assets.xcassets in Resources */,
				BA6A83BB28A744420040512E /* AppleSDGothicNeoH.ttf in Resources */,
				BA6A83BA28A744420040512E /* AppleSDGothicNeoB.ttf in Resources */,
				BA6A83BD28A744420040512E /* AppleSDGothicNeoM.ttf in Resources */,
				BA6A83BE28A744420040512E /* AppleSDGothicNeoEB.ttf in Resources */,
			);
			runOnlyForDeploymentPostprocessing = 0;
		};
/* End PBXResourcesBuildPhase section */

/* Begin PBXShellScriptBuildPhase section */
		122A764644D96DA0877D0BD5 /* [CP] Embed Pods Frameworks */ = {
			isa = PBXShellScriptBuildPhase;
			buildActionMask = 2147483647;
			files = (
			);
			inputFileListPaths = (
				"${PODS_ROOT}/Target Support Files/Pods-lines_iOS/Pods-lines_iOS-frameworks-${CONFIGURATION}-input-files.xcfilelist",
			);
			name = "[CP] Embed Pods Frameworks";
			outputFileListPaths = (
				"${PODS_ROOT}/Target Support Files/Pods-lines_iOS/Pods-lines_iOS-frameworks-${CONFIGURATION}-output-files.xcfilelist",
			);
			runOnlyForDeploymentPostprocessing = 0;
			shellPath = /bin/sh;
			shellScript = "\"${PODS_ROOT}/Target Support Files/Pods-lines_iOS/Pods-lines_iOS-frameworks.sh\"\n";
			showEnvVarsInLog = 0;
		};
		CF690BF42C5E2DD122C837B6 /* [CP] Check Pods Manifest.lock */ = {
			isa = PBXShellScriptBuildPhase;
			buildActionMask = 2147483647;
			files = (
			);
			inputFileListPaths = (
			);
			inputPaths = (
				"${PODS_PODFILE_DIR_PATH}/Podfile.lock",
				"${PODS_ROOT}/Manifest.lock",
			);
			name = "[CP] Check Pods Manifest.lock";
			outputFileListPaths = (
			);
			outputPaths = (
				"$(DERIVED_FILE_DIR)/Pods-lines_iOS-checkManifestLockResult.txt",
			);
			runOnlyForDeploymentPostprocessing = 0;
			shellPath = /bin/sh;
			shellScript = "diff \"${PODS_PODFILE_DIR_PATH}/Podfile.lock\" \"${PODS_ROOT}/Manifest.lock\" > /dev/null\nif [ $? != 0 ] ; then\n    # print error to STDERR\n    echo \"error: The sandbox is not in sync with the Podfile.lock. Run 'pod install' or update your CocoaPods installation.\" >&2\n    exit 1\nfi\n# This output is used by Xcode 'outputs' to avoid re-running this script phase.\necho \"SUCCESS\" > \"${SCRIPT_OUTPUT_FILE_0}\"\n";
			showEnvVarsInLog = 0;
		};
		D5FBE9E7CAB82204133264FF /* [CP] Copy Pods Resources */ = {
			isa = PBXShellScriptBuildPhase;
			buildActionMask = 2147483647;
			files = (
			);
			inputFileListPaths = (
				"${PODS_ROOT}/Target Support Files/Pods-lines_iOS/Pods-lines_iOS-resources-${CONFIGURATION}-input-files.xcfilelist",
			);
			name = "[CP] Copy Pods Resources";
			outputFileListPaths = (
				"${PODS_ROOT}/Target Support Files/Pods-lines_iOS/Pods-lines_iOS-resources-${CONFIGURATION}-output-files.xcfilelist",
			);
			runOnlyForDeploymentPostprocessing = 0;
			shellPath = /bin/sh;
			shellScript = "\"${PODS_ROOT}/Target Support Files/Pods-lines_iOS/Pods-lines_iOS-resources.sh\"\n";
			showEnvVarsInLog = 0;
		};
/* End PBXShellScriptBuildPhase section */

/* Begin PBXSourcesBuildPhase section */
		BAE5C9B12894B08A00659F74 /* Sources */ = {
			isa = PBXSourcesBuildPhase;
			buildActionMask = 2147483647;
			files = (
				BA6A83B928A730670040512E /* ImageListCellView.swift in Sources */,
				BAA07C002894C1E00078EA83 /* Fonts.swift in Sources */,
				BA9DA30428C2BE33004CBBFB /* NaverLoginController.swift in Sources */,
				BA6A83FB28BB0A410040512E /* MakeCard_BarcodeSearchButton.swift in Sources */,
				BA6A83F328BAD9B40040512E /* MakeCard_StickerRatioType.swift in Sources */,
				BA6A83E728B2039C0040512E /* MakeCard_SelectProportionButtonView.swift in Sources */,
				BAA07C29289512DC0078EA83 /* RequestInterceptor.swift in Sources */,
				BAEDCE9528C2B58D00102C47 /* PopUpAlertView.swift in Sources */,
				BAA07C192894F51C0078EA83 /* StickerTextView.swift in Sources */,
				BA6A83AA28A71DC90040512E /* TopView.swift in Sources */,
				BA6A83D728A7E56B0040512E /* ImageAlertView.swift in Sources */,
				BA6A83E328B1D3440040512E /* MakeCard_StickerThreeToFourView.swift in Sources */,
				BA6A83EA28B50EFD0040512E /* MakeCard_StickerBackColorType.swift in Sources */,
				BAFF71E528C0F3AA00AA5E78 /* LoginButtonType.swift in Sources */,
				BA6A83CF28A7D32A0040512E /* MakeCard_NoticeView.swift in Sources */,
				BA6A83F928BAEF1A0040512E /* MakeCard_BarcodeReaderView.swift in Sources */,
				BA6A83FD28BCEFC50040512E /* MakeCard_CompleteViewController.swift in Sources */,
				BAA07C052894C2060078EA83 /* Extensions+Func.swift in Sources */,
				BA6A83AE28A721530040512E /* Main_MenuButton.swift in Sources */,
				BAE5C9BD2894B08A00659F74 /* ViewController.swift in Sources */,
				BA6A83E528B1D36E0040512E /* MakeCard_StickerView.swift in Sources */,
				BAA07C32289528A10078EA83 /* MakeCard_SearchedListView.swift in Sources */,
				BA6A83B028A728A80040512E /* Main_ListView.swift in Sources */,
				BA6A8385289F7D3B0040512E /* ScrollViewController.swift in Sources */,
				BA44ECA528BCF65A0040C26C /* MakeCard_ShareButtonsType.swift in Sources */,
				BAA07C2E289527660078EA83 /* MakeCard_SearchBookViewController.swift in Sources */,
				BAFF71DC28C0B88600AA5E78 /* CardModel_Realm.swift in Sources */,
				BAFF71E228C0F27000AA5E78 /* LoginButtonView.swift in Sources */,
				BA6A83CA28A7C2D00040512E /* MakeCardViewController.swift in Sources */,
				BA6A83D328A7DECA0040512E /* MarkCard_BottomView.swift in Sources */,
				BAA07C2C289517F50078EA83 /* MakeCard_KakaoBookSearcher.swift in Sources */,
				BAA07C22289509EC0078EA83 /* AFHandler.swift in Sources */,
				BA9DA30628C2C3A6004CBBFB /* NaverLoginStatus.swift in Sources */,
				BA6A83EC28B50F0F0040512E /* MakeCard_StickerBackColorButton.swift in Sources */,
				BAA07C162894EC9C0078EA83 /* TextRecognizeController.swift in Sources */,
				BAA07BFE2894C1DA0078EA83 /* Colors.swift in Sources */,
				BAA07C3428952D360078EA83 /* MakeCard_SearchedTypeView.swift in Sources */,
				BA6A8372289CEDB50040512E /* LoginViewController.swift in Sources */,
				BA6A83D128A7D8480040512E /* MakeCard_ContentView.swift in Sources */,
				BA6A83C028A7A9ED0040512E /* Main_OverlappedButtonsView.swift in Sources */,
				BAA07C2728950EC00078EA83 /* SearchBookStatus.swift in Sources */,
				BA6A83D528A7E5270040512E /* AlertView.swift in Sources */,
				BAA07C142894E3780078EA83 /* ReadTextController.swift in Sources */,
				BA6A83DF28B1D3000040512E /* MakeCard_StickerSetView.swift in Sources */,
				BAA07C1E289509940078EA83 /* NWMonitor.swift in Sources */,
				BAA07C0B2894CED80078EA83 /* CameraViewController.swift in Sources */,
				BA6A83EE28B50F300040512E /* MakeCard_StickerBackColorSetView.swift in Sources */,
				BA6A83D928A863AE0040512E /* MainCard_ContentNoticeView.swift in Sources */,
				BAE5C9B92894B08A00659F74 /* AppDelegate.swift in Sources */,
				BAA07C1B2894F79F0078EA83 /* Extensions+Value.swift in Sources */,
				BA6A8375289CEDEA0040512E /* KakaoLoginController.swift in Sources */,
				BA6A840128BCF06F0040512E /* MakeCard_ShareButtonsView.swift in Sources */,
				BA6A8381289F6E0D0040512E /* Main_HeaderView.swift in Sources */,
				BA6A83FF28BCF02C0040512E /* MakeCard_GoToHomeButtonView.swift in Sources */,
				BA6A83E128B1D3330040512E /* MakeCard_StickerOneToOneView.swift in Sources */,
				BA6A83C228A7B0A40040512E /* TestData.swift in Sources */,
				BA6A83C428A7C2120040512E /* ExternUIImagePickerController.swift in Sources */,
				BAA07C20289509AF0078EA83 /* EventMonitor.swift in Sources */,
				BA6A8378289CEEAD0040512E /* StartViewController.swift in Sources */,
				BAFF71DF28C0CDCE00AA5E78 /* Main_ListSubView.swift in Sources */,
				BAA07C032894C1FA0078EA83 /* Extensions+UI.swift in Sources */,
				BA6A83DB28A8759C0040512E /* MakeCard_DetailViewController.swift in Sources */,
				BAFF71D928C0B84A00AA5E78 /* RealmController.swift in Sources */,
				BAA07C362895394C0078EA83 /* MakeCard_BarcodeViewController.swift in Sources */,
				BA6A837F289DED060040512E /* ShareController.swift in Sources */,
				BA6A83DD28B1C78B0040512E /* TwoButtonAlertView.swift in Sources */,
				BA6A83CD28A7C5FA0040512E /* MakeCard_TopView.swift in Sources */,
				BAA07C102894D3430078EA83 /* MainViewController.swift in Sources */,
				BAFF71E728C0F3BE00AA5E78 /* LoginButton.swift in Sources */,
				BAA07C2528950B930078EA83 /* ResponsableResult.swift in Sources */,
				BA6A83F728BADA880040512E /* MakeCard_SearchButtonType.swift in Sources */,
				BAEDCE9328C2B30F00102C47 /* OneButtonAlertView.swift in Sources */,
				BA6A83F528BAD9EC0040512E /* MakeCard_SearchedTypeViewButton.swift in Sources */,
				BA6A83AC28A71E2A0040512E /* Main_TopView.swift in Sources */,
			);
			runOnlyForDeploymentPostprocessing = 0;
		};
/* End PBXSourcesBuildPhase section */

/* Begin PBXVariantGroup section */
		BAE5C9C32894B08C00659F74 /* LaunchScreen.storyboard */ = {
			isa = PBXVariantGroup;
			children = (
				BAE5C9C42894B08C00659F74 /* Base */,
			);
			name = LaunchScreen.storyboard;
			sourceTree = "<group>";
		};
/* End PBXVariantGroup section */

/* Begin XCBuildConfiguration section */
		BAE5C9C72894B08C00659F74 /* Debug */ = {
			isa = XCBuildConfiguration;
			buildSettings = {
				ALWAYS_SEARCH_USER_PATHS = NO;
				CLANG_ANALYZER_NONNULL = YES;
				CLANG_ANALYZER_NUMBER_OBJECT_CONVERSION = YES_AGGRESSIVE;
				CLANG_CXX_LANGUAGE_STANDARD = "gnu++17";
				CLANG_ENABLE_MODULES = YES;
				CLANG_ENABLE_OBJC_ARC = YES;
				CLANG_ENABLE_OBJC_WEAK = YES;
				CLANG_WARN_BLOCK_CAPTURE_AUTORELEASING = YES;
				CLANG_WARN_BOOL_CONVERSION = YES;
				CLANG_WARN_COMMA = YES;
				CLANG_WARN_CONSTANT_CONVERSION = YES;
				CLANG_WARN_DEPRECATED_OBJC_IMPLEMENTATIONS = YES;
				CLANG_WARN_DIRECT_OBJC_ISA_USAGE = YES_ERROR;
				CLANG_WARN_DOCUMENTATION_COMMENTS = YES;
				CLANG_WARN_EMPTY_BODY = YES;
				CLANG_WARN_ENUM_CONVERSION = YES;
				CLANG_WARN_INFINITE_RECURSION = YES;
				CLANG_WARN_INT_CONVERSION = YES;
				CLANG_WARN_NON_LITERAL_NULL_CONVERSION = YES;
				CLANG_WARN_OBJC_IMPLICIT_RETAIN_SELF = YES;
				CLANG_WARN_OBJC_LITERAL_CONVERSION = YES;
				CLANG_WARN_OBJC_ROOT_CLASS = YES_ERROR;
				CLANG_WARN_QUOTED_INCLUDE_IN_FRAMEWORK_HEADER = YES;
				CLANG_WARN_RANGE_LOOP_ANALYSIS = YES;
				CLANG_WARN_STRICT_PROTOTYPES = YES;
				CLANG_WARN_SUSPICIOUS_MOVE = YES;
				CLANG_WARN_UNGUARDED_AVAILABILITY = YES_AGGRESSIVE;
				CLANG_WARN_UNREACHABLE_CODE = YES;
				CLANG_WARN__DUPLICATE_METHOD_MATCH = YES;
				COPY_PHASE_STRIP = NO;
				DEBUG_INFORMATION_FORMAT = dwarf;
				ENABLE_STRICT_OBJC_MSGSEND = YES;
				ENABLE_TESTABILITY = YES;
				GCC_C_LANGUAGE_STANDARD = gnu11;
				GCC_DYNAMIC_NO_PIC = NO;
				GCC_NO_COMMON_BLOCKS = YES;
				GCC_OPTIMIZATION_LEVEL = 0;
				GCC_PREPROCESSOR_DEFINITIONS = (
					"DEBUG=1",
					"$(inherited)",
				);
				GCC_WARN_64_TO_32_BIT_CONVERSION = YES;
				GCC_WARN_ABOUT_RETURN_TYPE = YES_ERROR;
				GCC_WARN_UNDECLARED_SELECTOR = YES;
				GCC_WARN_UNINITIALIZED_AUTOS = YES_AGGRESSIVE;
				GCC_WARN_UNUSED_FUNCTION = YES;
				GCC_WARN_UNUSED_VARIABLE = YES;
				IPHONEOS_DEPLOYMENT_TARGET = 14.0;
				MTL_ENABLE_DEBUG_INFO = INCLUDE_SOURCE;
				MTL_FAST_MATH = YES;
				ONLY_ACTIVE_ARCH = YES;
				SDKROOT = iphoneos;
				SWIFT_ACTIVE_COMPILATION_CONDITIONS = DEBUG;
				SWIFT_OPTIMIZATION_LEVEL = "-Onone";
			};
			name = Debug;
		};
		BAE5C9C82894B08C00659F74 /* Release */ = {
			isa = XCBuildConfiguration;
			buildSettings = {
				ALWAYS_SEARCH_USER_PATHS = NO;
				CLANG_ANALYZER_NONNULL = YES;
				CLANG_ANALYZER_NUMBER_OBJECT_CONVERSION = YES_AGGRESSIVE;
				CLANG_CXX_LANGUAGE_STANDARD = "gnu++17";
				CLANG_ENABLE_MODULES = YES;
				CLANG_ENABLE_OBJC_ARC = YES;
				CLANG_ENABLE_OBJC_WEAK = YES;
				CLANG_WARN_BLOCK_CAPTURE_AUTORELEASING = YES;
				CLANG_WARN_BOOL_CONVERSION = YES;
				CLANG_WARN_COMMA = YES;
				CLANG_WARN_CONSTANT_CONVERSION = YES;
				CLANG_WARN_DEPRECATED_OBJC_IMPLEMENTATIONS = YES;
				CLANG_WARN_DIRECT_OBJC_ISA_USAGE = YES_ERROR;
				CLANG_WARN_DOCUMENTATION_COMMENTS = YES;
				CLANG_WARN_EMPTY_BODY = YES;
				CLANG_WARN_ENUM_CONVERSION = YES;
				CLANG_WARN_INFINITE_RECURSION = YES;
				CLANG_WARN_INT_CONVERSION = YES;
				CLANG_WARN_NON_LITERAL_NULL_CONVERSION = YES;
				CLANG_WARN_OBJC_IMPLICIT_RETAIN_SELF = YES;
				CLANG_WARN_OBJC_LITERAL_CONVERSION = YES;
				CLANG_WARN_OBJC_ROOT_CLASS = YES_ERROR;
				CLANG_WARN_QUOTED_INCLUDE_IN_FRAMEWORK_HEADER = YES;
				CLANG_WARN_RANGE_LOOP_ANALYSIS = YES;
				CLANG_WARN_STRICT_PROTOTYPES = YES;
				CLANG_WARN_SUSPICIOUS_MOVE = YES;
				CLANG_WARN_UNGUARDED_AVAILABILITY = YES_AGGRESSIVE;
				CLANG_WARN_UNREACHABLE_CODE = YES;
				CLANG_WARN__DUPLICATE_METHOD_MATCH = YES;
				COPY_PHASE_STRIP = NO;
				DEBUG_INFORMATION_FORMAT = "dwarf-with-dsym";
				ENABLE_NS_ASSERTIONS = NO;
				ENABLE_STRICT_OBJC_MSGSEND = YES;
				GCC_C_LANGUAGE_STANDARD = gnu11;
				GCC_NO_COMMON_BLOCKS = YES;
				GCC_WARN_64_TO_32_BIT_CONVERSION = YES;
				GCC_WARN_ABOUT_RETURN_TYPE = YES_ERROR;
				GCC_WARN_UNDECLARED_SELECTOR = YES;
				GCC_WARN_UNINITIALIZED_AUTOS = YES_AGGRESSIVE;
				GCC_WARN_UNUSED_FUNCTION = YES;
				GCC_WARN_UNUSED_VARIABLE = YES;
				IPHONEOS_DEPLOYMENT_TARGET = 14.0;
				MTL_ENABLE_DEBUG_INFO = NO;
				MTL_FAST_MATH = YES;
				SDKROOT = iphoneos;
				SWIFT_COMPILATION_MODE = wholemodule;
				SWIFT_OPTIMIZATION_LEVEL = "-O";
				VALIDATE_PRODUCT = YES;
			};
			name = Release;
		};
		BAE5C9CA2894B08C00659F74 /* Debug */ = {
			isa = XCBuildConfiguration;
			baseConfigurationReference = 89EBF471927421B13CAF5923 /* Pods-lines_iOS.debug.xcconfig */;
			buildSettings = {
				ASSETCATALOG_COMPILER_APPICON_NAME = AppIcon;
				ASSETCATALOG_COMPILER_GLOBAL_ACCENT_COLOR_NAME = AccentColor;
				CODE_SIGN_ENTITLEMENTS = lines_iOS/lines_iOS.entitlements;
				CODE_SIGN_STYLE = Automatic;
				CURRENT_PROJECT_VERSION = 5;
				DEVELOPMENT_TEAM = 4UY2M9TWUY;
				GENERATE_INFOPLIST_FILE = YES;
				INFOPLIST_FILE = lines_iOS/Resources/Info.plist;
				INFOPLIST_KEY_CFBundleDisplayName = lines;
				INFOPLIST_KEY_NSCameraUsageDescription = "OCR 기능을 통해 문장 스캔을 위해\\n카메라 접근 권한 사용";
				INFOPLIST_KEY_NSPhotoLibraryAddUsageDescription = "사진 앨범 접근 권한을 요청합니다";
				INFOPLIST_KEY_NSPhotoLibraryUsageDescription = "OCR 기능을 통해 문장 스캔을 위해 \\n앨범 접근 권한 사용";
				INFOPLIST_KEY_UIApplicationSupportsIndirectInputEvents = YES;
				INFOPLIST_KEY_UILaunchStoryboardName = LaunchScreen;
				INFOPLIST_KEY_UISupportedInterfaceOrientations_iPad = "UIInterfaceOrientationPortrait UIInterfaceOrientationPortraitUpsideDown UIInterfaceOrientationLandscapeLeft UIInterfaceOrientationLandscapeRight";
				INFOPLIST_KEY_UISupportedInterfaceOrientations_iPhone = "UIInterfaceOrientationPortrait UIInterfaceOrientationLandscapeLeft UIInterfaceOrientationLandscapeRight";
				LD_RUNPATH_SEARCH_PATHS = (
					"$(inherited)",
					"@executable_path/Frameworks",
				);
				MARKETING_VERSION = 1.0.0;
				PRODUCT_BUNDLE_IDENTIFIER = "com.lines.lines-iOS";
				PRODUCT_NAME = "$(TARGET_NAME)";
				SWIFT_EMIT_LOC_STRINGS = YES;
				SWIFT_VERSION = 5.0;
				TARGETED_DEVICE_FAMILY = "1,2";
			};
			name = Debug;
		};
		BAE5C9CB2894B08C00659F74 /* Release */ = {
			isa = XCBuildConfiguration;
			baseConfigurationReference = 95F41FDAA66CDF70A7DB6CE3 /* Pods-lines_iOS.release.xcconfig */;
			buildSettings = {
				ASSETCATALOG_COMPILER_APPICON_NAME = AppIcon;
				ASSETCATALOG_COMPILER_GLOBAL_ACCENT_COLOR_NAME = AccentColor;
				CODE_SIGN_ENTITLEMENTS = lines_iOS/lines_iOS.entitlements;
				CODE_SIGN_STYLE = Automatic;
				CURRENT_PROJECT_VERSION = 5;
				DEVELOPMENT_TEAM = 4UY2M9TWUY;
				GENERATE_INFOPLIST_FILE = YES;
				INFOPLIST_FILE = lines_iOS/Resources/Info.plist;
				INFOPLIST_KEY_CFBundleDisplayName = lines;
				INFOPLIST_KEY_NSCameraUsageDescription = "OCR 기능을 통해 문장 스캔을 위해\\n카메라 접근 권한 사용";
				INFOPLIST_KEY_NSPhotoLibraryAddUsageDescription = "사진 앨범 접근 권한을 요청합니다";
				INFOPLIST_KEY_NSPhotoLibraryUsageDescription = "OCR 기능을 통해 문장 스캔을 위해 \\n앨범 접근 권한 사용";
				INFOPLIST_KEY_UIApplicationSupportsIndirectInputEvents = YES;
				INFOPLIST_KEY_UILaunchStoryboardName = LaunchScreen;
				INFOPLIST_KEY_UISupportedInterfaceOrientations_iPad = "UIInterfaceOrientationPortrait UIInterfaceOrientationPortraitUpsideDown UIInterfaceOrientationLandscapeLeft UIInterfaceOrientationLandscapeRight";
				INFOPLIST_KEY_UISupportedInterfaceOrientations_iPhone = "UIInterfaceOrientationPortrait UIInterfaceOrientationLandscapeLeft UIInterfaceOrientationLandscapeRight";
				LD_RUNPATH_SEARCH_PATHS = (
					"$(inherited)",
					"@executable_path/Frameworks",
				);
				MARKETING_VERSION = 1.0.0;
				PRODUCT_BUNDLE_IDENTIFIER = "com.lines.lines-iOS";
				PRODUCT_NAME = "$(TARGET_NAME)";
				SWIFT_EMIT_LOC_STRINGS = YES;
				SWIFT_VERSION = 5.0;
				TARGETED_DEVICE_FAMILY = "1,2";
			};
			name = Release;
		};
/* End XCBuildConfiguration section */

/* Begin XCConfigurationList section */
		BAE5C9B02894B08A00659F74 /* Build configuration list for PBXProject "lines_iOS" */ = {
			isa = XCConfigurationList;
			buildConfigurations = (
				BAE5C9C72894B08C00659F74 /* Debug */,
				BAE5C9C82894B08C00659F74 /* Release */,
			);
			defaultConfigurationIsVisible = 0;
			defaultConfigurationName = Release;
		};
		BAE5C9C92894B08C00659F74 /* Build configuration list for PBXNativeTarget "lines_iOS" */ = {
			isa = XCConfigurationList;
			buildConfigurations = (
				BAE5C9CA2894B08C00659F74 /* Debug */,
				BAE5C9CB2894B08C00659F74 /* Release */,
			);
			defaultConfigurationIsVisible = 0;
			defaultConfigurationName = Release;
		};
/* End XCConfigurationList section */
	};
	rootObject = BAE5C9AD2894B08A00659F74 /* Project object */;
}
