// !$*UTF8*$!
{
	archiveVersion = 1;
	classes = {
	};
	objectVersion = 55;
	objects = {

/* Begin PBXBuildFile section */
		40F5BA46BDC623769AD32EC9 /* Pods_lines_iOS.framework in Frameworks */ = {isa = PBXBuildFile; fileRef = 6C1553B13AD637E8346E0EA5 /* Pods_lines_iOS.framework */; };
		BAA07BFE2894C1DA0078EA83 /* Colors.swift in Sources */ = {isa = PBXBuildFile; fileRef = BAA07BFD2894C1DA0078EA83 /* Colors.swift */; };
		BAA07C002894C1E00078EA83 /* Fonts.swift in Sources */ = {isa = PBXBuildFile; fileRef = BAA07BFF2894C1E00078EA83 /* Fonts.swift */; };
		BAA07C032894C1FA0078EA83 /* Extensions+UI.swift in Sources */ = {isa = PBXBuildFile; fileRef = BAA07C022894C1FA0078EA83 /* Extensions+UI.swift */; };
		BAA07C052894C2060078EA83 /* Extensions+Func.swift in Sources */ = {isa = PBXBuildFile; fileRef = BAA07C042894C2060078EA83 /* Extensions+Func.swift */; };
		BAA07C0B2894CED80078EA83 /* CameraViewController.swift in Sources */ = {isa = PBXBuildFile; fileRef = BAA07C0A2894CED80078EA83 /* CameraViewController.swift */; };
		BAA07C102894D3430078EA83 /* MainViewController.swift in Sources */ = {isa = PBXBuildFile; fileRef = BAA07C0F2894D3430078EA83 /* MainViewController.swift */; };
		BAA07C142894E3780078EA83 /* ReadTextController.swift in Sources */ = {isa = PBXBuildFile; fileRef = BAA07C132894E3780078EA83 /* ReadTextController.swift */; };
		BAA07C162894EC9C0078EA83 /* TextRecognizeController.swift in Sources */ = {isa = PBXBuildFile; fileRef = BAA07C152894EC9C0078EA83 /* TextRecognizeController.swift */; };
		BAA07C192894F51C0078EA83 /* StickerTextView.swift in Sources */ = {isa = PBXBuildFile; fileRef = BAA07C182894F51C0078EA83 /* StickerTextView.swift */; };
		BAA07C1B2894F79F0078EA83 /* Extensions+Value.swift in Sources */ = {isa = PBXBuildFile; fileRef = BAA07C1A2894F79F0078EA83 /* Extensions+Value.swift */; };
		BAA07C1E289509940078EA83 /* NWMonitor.swift in Sources */ = {isa = PBXBuildFile; fileRef = BAA07C1D289509940078EA83 /* NWMonitor.swift */; };
		BAA07C20289509AF0078EA83 /* EventMonitor.swift in Sources */ = {isa = PBXBuildFile; fileRef = BAA07C1F289509AF0078EA83 /* EventMonitor.swift */; };
		BAA07C22289509EC0078EA83 /* AFHandler.swift in Sources */ = {isa = PBXBuildFile; fileRef = BAA07C21289509EC0078EA83 /* AFHandler.swift */; };
		BAA07C2528950B930078EA83 /* ResponsableResult.swift in Sources */ = {isa = PBXBuildFile; fileRef = BAA07C2428950B930078EA83 /* ResponsableResult.swift */; };
		BAA07C2728950EC00078EA83 /* SearchBookStatus.swift in Sources */ = {isa = PBXBuildFile; fileRef = BAA07C2628950EC00078EA83 /* SearchBookStatus.swift */; };
		BAA07C29289512DC0078EA83 /* RequestInterceptor.swift in Sources */ = {isa = PBXBuildFile; fileRef = BAA07C28289512DC0078EA83 /* RequestInterceptor.swift */; };
		BAA07C2C289517F50078EA83 /* KakaoBookSearcher.swift in Sources */ = {isa = PBXBuildFile; fileRef = BAA07C2B289517F50078EA83 /* KakaoBookSearcher.swift */; };
		BAA07C2E289527660078EA83 /* SearchBookViewController.swift in Sources */ = {isa = PBXBuildFile; fileRef = BAA07C2D289527660078EA83 /* SearchBookViewController.swift */; };
		BAA07C32289528A10078EA83 /* SearchedListView.swift in Sources */ = {isa = PBXBuildFile; fileRef = BAA07C31289528A10078EA83 /* SearchedListView.swift */; };
		BAA07C3428952D360078EA83 /* SearchedTypeView.swift in Sources */ = {isa = PBXBuildFile; fileRef = BAA07C3328952D360078EA83 /* SearchedTypeView.swift */; };
		BAA07C362895394C0078EA83 /* BarcodeViewController.swift in Sources */ = {isa = PBXBuildFile; fileRef = BAA07C352895394C0078EA83 /* BarcodeViewController.swift */; };
		BAE5C9B92894B08A00659F74 /* AppDelegate.swift in Sources */ = {isa = PBXBuildFile; fileRef = BAE5C9B82894B08A00659F74 /* AppDelegate.swift */; };
		BAE5C9BD2894B08A00659F74 /* ViewController.swift in Sources */ = {isa = PBXBuildFile; fileRef = BAE5C9BC2894B08A00659F74 /* ViewController.swift */; };
		BAE5C9C22894B08C00659F74 /* Assets.xcassets in Resources */ = {isa = PBXBuildFile; fileRef = BAE5C9C12894B08C00659F74 /* Assets.xcassets */; };
		BAE5C9C52894B08C00659F74 /* LaunchScreen.storyboard in Resources */ = {isa = PBXBuildFile; fileRef = BAE5C9C32894B08C00659F74 /* LaunchScreen.storyboard */; };
/* End PBXBuildFile section */

/* Begin PBXFileReference section */
		6C1553B13AD637E8346E0EA5 /* Pods_lines_iOS.framework */ = {isa = PBXFileReference; explicitFileType = wrapper.framework; includeInIndex = 0; path = Pods_lines_iOS.framework; sourceTree = BUILT_PRODUCTS_DIR; };
		89EBF471927421B13CAF5923 /* Pods-lines_iOS.debug.xcconfig */ = {isa = PBXFileReference; includeInIndex = 1; lastKnownFileType = text.xcconfig; name = "Pods-lines_iOS.debug.xcconfig"; path = "Target Support Files/Pods-lines_iOS/Pods-lines_iOS.debug.xcconfig"; sourceTree = "<group>"; };
		95F41FDAA66CDF70A7DB6CE3 /* Pods-lines_iOS.release.xcconfig */ = {isa = PBXFileReference; includeInIndex = 1; lastKnownFileType = text.xcconfig; name = "Pods-lines_iOS.release.xcconfig"; path = "Target Support Files/Pods-lines_iOS/Pods-lines_iOS.release.xcconfig"; sourceTree = "<group>"; };
		BAA07BFD2894C1DA0078EA83 /* Colors.swift */ = {isa = PBXFileReference; lastKnownFileType = sourcecode.swift; path = Colors.swift; sourceTree = "<group>"; };
		BAA07BFF2894C1E00078EA83 /* Fonts.swift */ = {isa = PBXFileReference; lastKnownFileType = sourcecode.swift; path = Fonts.swift; sourceTree = "<group>"; };
		BAA07C022894C1FA0078EA83 /* Extensions+UI.swift */ = {isa = PBXFileReference; lastKnownFileType = sourcecode.swift; path = "Extensions+UI.swift"; sourceTree = "<group>"; };
		BAA07C042894C2060078EA83 /* Extensions+Func.swift */ = {isa = PBXFileReference; lastKnownFileType = sourcecode.swift; path = "Extensions+Func.swift"; sourceTree = "<group>"; };
		BAA07C0A2894CED80078EA83 /* CameraViewController.swift */ = {isa = PBXFileReference; lastKnownFileType = sourcecode.swift; path = CameraViewController.swift; sourceTree = "<group>"; };
		BAA07C0F2894D3430078EA83 /* MainViewController.swift */ = {isa = PBXFileReference; lastKnownFileType = sourcecode.swift; path = MainViewController.swift; sourceTree = "<group>"; };
		BAA07C132894E3780078EA83 /* ReadTextController.swift */ = {isa = PBXFileReference; lastKnownFileType = sourcecode.swift; path = ReadTextController.swift; sourceTree = "<group>"; };
		BAA07C152894EC9C0078EA83 /* TextRecognizeController.swift */ = {isa = PBXFileReference; lastKnownFileType = sourcecode.swift; path = TextRecognizeController.swift; sourceTree = "<group>"; };
		BAA07C182894F51C0078EA83 /* StickerTextView.swift */ = {isa = PBXFileReference; lastKnownFileType = sourcecode.swift; path = StickerTextView.swift; sourceTree = "<group>"; };
		BAA07C1A2894F79F0078EA83 /* Extensions+Value.swift */ = {isa = PBXFileReference; lastKnownFileType = sourcecode.swift; path = "Extensions+Value.swift"; sourceTree = "<group>"; };
		BAA07C1D289509940078EA83 /* NWMonitor.swift */ = {isa = PBXFileReference; lastKnownFileType = sourcecode.swift; path = NWMonitor.swift; sourceTree = "<group>"; };
		BAA07C1F289509AF0078EA83 /* EventMonitor.swift */ = {isa = PBXFileReference; lastKnownFileType = sourcecode.swift; path = EventMonitor.swift; sourceTree = "<group>"; };
		BAA07C21289509EC0078EA83 /* AFHandler.swift */ = {isa = PBXFileReference; lastKnownFileType = sourcecode.swift; path = AFHandler.swift; sourceTree = "<group>"; };
		BAA07C2428950B930078EA83 /* ResponsableResult.swift */ = {isa = PBXFileReference; lastKnownFileType = sourcecode.swift; path = ResponsableResult.swift; sourceTree = "<group>"; };
		BAA07C2628950EC00078EA83 /* SearchBookStatus.swift */ = {isa = PBXFileReference; lastKnownFileType = sourcecode.swift; path = SearchBookStatus.swift; sourceTree = "<group>"; };
		BAA07C28289512DC0078EA83 /* RequestInterceptor.swift */ = {isa = PBXFileReference; lastKnownFileType = sourcecode.swift; path = RequestInterceptor.swift; sourceTree = "<group>"; };
		BAA07C2B289517F50078EA83 /* KakaoBookSearcher.swift */ = {isa = PBXFileReference; lastKnownFileType = sourcecode.swift; path = KakaoBookSearcher.swift; sourceTree = "<group>"; };
		BAA07C2D289527660078EA83 /* SearchBookViewController.swift */ = {isa = PBXFileReference; lastKnownFileType = sourcecode.swift; path = SearchBookViewController.swift; sourceTree = "<group>"; };
		BAA07C31289528A10078EA83 /* SearchedListView.swift */ = {isa = PBXFileReference; lastKnownFileType = sourcecode.swift; path = SearchedListView.swift; sourceTree = "<group>"; };
		BAA07C3328952D360078EA83 /* SearchedTypeView.swift */ = {isa = PBXFileReference; lastKnownFileType = sourcecode.swift; path = SearchedTypeView.swift; sourceTree = "<group>"; };
		BAA07C352895394C0078EA83 /* BarcodeViewController.swift */ = {isa = PBXFileReference; lastKnownFileType = sourcecode.swift; path = BarcodeViewController.swift; sourceTree = "<group>"; };
		BAE5C9B52894B08A00659F74 /* lines_iOS.app */ = {isa = PBXFileReference; explicitFileType = wrapper.application; includeInIndex = 0; path = lines_iOS.app; sourceTree = BUILT_PRODUCTS_DIR; };
		BAE5C9B82894B08A00659F74 /* AppDelegate.swift */ = {isa = PBXFileReference; lastKnownFileType = sourcecode.swift; path = AppDelegate.swift; sourceTree = "<group>"; };
		BAE5C9BC2894B08A00659F74 /* ViewController.swift */ = {isa = PBXFileReference; lastKnownFileType = sourcecode.swift; path = ViewController.swift; sourceTree = "<group>"; };
		BAE5C9C12894B08C00659F74 /* Assets.xcassets */ = {isa = PBXFileReference; lastKnownFileType = folder.assetcatalog; path = Assets.xcassets; sourceTree = "<group>"; };
		BAE5C9C42894B08C00659F74 /* Base */ = {isa = PBXFileReference; lastKnownFileType = file.storyboard; name = Base; path = Base.lproj/LaunchScreen.storyboard; sourceTree = "<group>"; };
		BAE5C9C62894B08C00659F74 /* Info.plist */ = {isa = PBXFileReference; lastKnownFileType = text.plist.xml; path = Info.plist; sourceTree = "<group>"; };
/* End PBXFileReference section */

/* Begin PBXFrameworksBuildPhase section */
		BAE5C9B22894B08A00659F74 /* Frameworks */ = {
			isa = PBXFrameworksBuildPhase;
			buildActionMask = 2147483647;
			files = (
				40F5BA46BDC623769AD32EC9 /* Pods_lines_iOS.framework in Frameworks */,
			);
			runOnlyForDeploymentPostprocessing = 0;
		};
/* End PBXFrameworksBuildPhase section */

/* Begin PBXGroup section */
		BAA07BFC2894BFC90078EA83 /* Resources */ = {
			isa = PBXGroup;
			children = (
				BAE5C9C62894B08C00659F74 /* Info.plist */,
				BAE5C9C12894B08C00659F74 /* Assets.xcassets */,
				BAA07BFD2894C1DA0078EA83 /* Colors.swift */,
				BAA07BFF2894C1E00078EA83 /* Fonts.swift */,
			);
			path = Resources;
			sourceTree = "<group>";
		};
		BAA07C012894C1EC0078EA83 /* Extensions */ = {
			isa = PBXGroup;
			children = (
				BAA07C022894C1FA0078EA83 /* Extensions+UI.swift */,
				BAA07C1A2894F79F0078EA83 /* Extensions+Value.swift */,
				BAA07C042894C2060078EA83 /* Extensions+Func.swift */,
			);
			path = Extensions;
			sourceTree = "<group>";
		};
		BAA07C062894C2120078EA83 /* Classification */ = {
			isa = PBXGroup;
			children = (
				BAA07C1C289509790078EA83 /* Network */,
				BAA07C072894C21C0078EA83 /* Main */,
				BAA07C2F2895276C0078EA83 /* Search */,
			);
			path = Classification;
			sourceTree = "<group>";
		};
		BAA07C072894C21C0078EA83 /* Main */ = {
			isa = PBXGroup;
			children = (
				BAA07C172894F4F10078EA83 /* View */,
				BAA07C0F2894D3430078EA83 /* MainViewController.swift */,
			);
			path = Main;
			sourceTree = "<group>";
		};
		BAA07C0C2894CEE90078EA83 /* Model */ = {
			isa = PBXGroup;
			children = (
			);
			path = Model;
			sourceTree = "<group>";
		};
		BAA07C0D2894CEEC0078EA83 /* Controller */ = {
			isa = PBXGroup;
			children = (
				BAA07C132894E3780078EA83 /* ReadTextController.swift */,
				BAA07C2B289517F50078EA83 /* KakaoBookSearcher.swift */,
				BAA07C152894EC9C0078EA83 /* TextRecognizeController.swift */,
			);
			path = Controller;
			sourceTree = "<group>";
		};
		BAA07C0E2894CF0D0078EA83 /* Base */ = {
			isa = PBXGroup;
			children = (
				BAE5C9C32894B08C00659F74 /* LaunchScreen.storyboard */,
				BAE5C9B82894B08A00659F74 /* AppDelegate.swift */,
				BAE5C9BC2894B08A00659F74 /* ViewController.swift */,
			);
			path = Base;
			sourceTree = "<group>";
		};
		BAA07C172894F4F10078EA83 /* View */ = {
			isa = PBXGroup;
			children = (
				BAA07C182894F51C0078EA83 /* StickerTextView.swift */,
			);
			path = View;
			sourceTree = "<group>";
		};
		BAA07C1C289509790078EA83 /* Network */ = {
			isa = PBXGroup;
			children = (
				BAA07C2328950B870078EA83 /* Model */,
				BAA07C2A289517E40078EA83 /* Controller */,
				BAA07C1D289509940078EA83 /* NWMonitor.swift */,
				BAA07C1F289509AF0078EA83 /* EventMonitor.swift */,
				BAA07C21289509EC0078EA83 /* AFHandler.swift */,
			);
			path = Network;
			sourceTree = "<group>";
		};
		BAA07C2328950B870078EA83 /* Model */ = {
			isa = PBXGroup;
			children = (
				BAA07C2428950B930078EA83 /* ResponsableResult.swift */,
				BAA07C2628950EC00078EA83 /* SearchBookStatus.swift */,
				BAA07C28289512DC0078EA83 /* RequestInterceptor.swift */,
			);
			path = Model;
			sourceTree = "<group>";
		};
		BAA07C2A289517E40078EA83 /* Controller */ = {
			isa = PBXGroup;
			children = (
			);
			path = Controller;
			sourceTree = "<group>";
		};
		BAA07C2F2895276C0078EA83 /* Search */ = {
			isa = PBXGroup;
			children = (
				BAA07C0C2894CEE90078EA83 /* Model */,
				BAA07C30289528820078EA83 /* View */,
				BAA07C0D2894CEEC0078EA83 /* Controller */,
				BAA07C0A2894CED80078EA83 /* CameraViewController.swift */,
				BAA07C2D289527660078EA83 /* SearchBookViewController.swift */,
				BAA07C352895394C0078EA83 /* BarcodeViewController.swift */,
			);
			path = Search;
			sourceTree = "<group>";
		};
		BAA07C30289528820078EA83 /* View */ = {
			isa = PBXGroup;
			children = (
				BAA07C3328952D360078EA83 /* SearchedTypeView.swift */,
				BAA07C31289528A10078EA83 /* SearchedListView.swift */,
			);
			path = View;
			sourceTree = "<group>";
		};
		BAE5C9AC2894B08A00659F74 = {
			isa = PBXGroup;
			children = (
				BAE5C9B72894B08A00659F74 /* lines_iOS */,
				BAE5C9B62894B08A00659F74 /* Products */,
				BB9F99D65F9C4795120EE8D9 /* Pods */,
				EDB9167F6D9872969830FABC /* Frameworks */,
			);
			sourceTree = "<group>";
		};
		BAE5C9B62894B08A00659F74 /* Products */ = {
			isa = PBXGroup;
			children = (
				BAE5C9B52894B08A00659F74 /* lines_iOS.app */,
			);
			name = Products;
			sourceTree = "<group>";
		};
		BAE5C9B72894B08A00659F74 /* lines_iOS */ = {
			isa = PBXGroup;
			children = (
				BAA07C0E2894CF0D0078EA83 /* Base */,
				BAA07BFC2894BFC90078EA83 /* Resources */,
				BAA07C012894C1EC0078EA83 /* Extensions */,
				BAA07C062894C2120078EA83 /* Classification */,
			);
			path = lines_iOS;
			sourceTree = "<group>";
		};
		BB9F99D65F9C4795120EE8D9 /* Pods */ = {
			isa = PBXGroup;
			children = (
				89EBF471927421B13CAF5923 /* Pods-lines_iOS.debug.xcconfig */,
				95F41FDAA66CDF70A7DB6CE3 /* Pods-lines_iOS.release.xcconfig */,
			);
			path = Pods;
			sourceTree = "<group>";
		};
		EDB9167F6D9872969830FABC /* Frameworks */ = {
			isa = PBXGroup;
			children = (
				6C1553B13AD637E8346E0EA5 /* Pods_lines_iOS.framework */,
			);
			name = Frameworks;
			sourceTree = "<group>";
		};
/* End PBXGroup section */

/* Begin PBXNativeTarget section */
		BAE5C9B42894B08A00659F74 /* lines_iOS */ = {
			isa = PBXNativeTarget;
			buildConfigurationList = BAE5C9C92894B08C00659F74 /* Build configuration list for PBXNativeTarget "lines_iOS" */;
			buildPhases = (
				CF690BF42C5E2DD122C837B6 /* [CP] Check Pods Manifest.lock */,
				BAE5C9B12894B08A00659F74 /* Sources */,
				BAE5C9B22894B08A00659F74 /* Frameworks */,
				BAE5C9B32894B08A00659F74 /* Resources */,
				122A764644D96DA0877D0BD5 /* [CP] Embed Pods Frameworks */,
				D5FBE9E7CAB82204133264FF /* [CP] Copy Pods Resources */,
			);
			buildRules = (
			);
			dependencies = (
			);
			name = lines_iOS;
			productName = lines_iOS;
			productReference = BAE5C9B52894B08A00659F74 /* lines_iOS.app */;
			productType = "com.apple.product-type.application";
		};
/* End PBXNativeTarget section */

/* Begin PBXProject section */
		BAE5C9AD2894B08A00659F74 /* Project object */ = {
			isa = PBXProject;
			attributes = {
				BuildIndependentTargetsInParallel = 1;
				LastSwiftUpdateCheck = 1340;
				LastUpgradeCheck = 1340;
				TargetAttributes = {
					BAE5C9B42894B08A00659F74 = {
						CreatedOnToolsVersion = 13.4.1;
					};
				};
			};
			buildConfigurationList = BAE5C9B02894B08A00659F74 /* Build configuration list for PBXProject "lines_iOS" */;
			compatibilityVersion = "Xcode 13.0";
			developmentRegion = en;
			hasScannedForEncodings = 0;
			knownRegions = (
				en,
				Base,
			);
			mainGroup = BAE5C9AC2894B08A00659F74;
			productRefGroup = BAE5C9B62894B08A00659F74 /* Products */;
			projectDirPath = "";
			projectRoot = "";
			targets = (
				BAE5C9B42894B08A00659F74 /* lines_iOS */,
			);
		};
/* End PBXProject section */

/* Begin PBXResourcesBuildPhase section */
		BAE5C9B32894B08A00659F74 /* Resources */ = {
			isa = PBXResourcesBuildPhase;
			buildActionMask = 2147483647;
			files = (
				BAE5C9C52894B08C00659F74 /* LaunchScreen.storyboard in Resources */,
				BAE5C9C22894B08C00659F74 /* Assets.xcassets in Resources */,
			);
			runOnlyForDeploymentPostprocessing = 0;
		};
/* End PBXResourcesBuildPhase section */

/* Begin PBXShellScriptBuildPhase section */
		122A764644D96DA0877D0BD5 /* [CP] Embed Pods Frameworks */ = {
			isa = PBXShellScriptBuildPhase;
			buildActionMask = 2147483647;
			files = (
			);
			inputFileListPaths = (
				"${PODS_ROOT}/Target Support Files/Pods-lines_iOS/Pods-lines_iOS-frameworks-${CONFIGURATION}-input-files.xcfilelist",
			);
			name = "[CP] Embed Pods Frameworks";
			outputFileListPaths = (
				"${PODS_ROOT}/Target Support Files/Pods-lines_iOS/Pods-lines_iOS-frameworks-${CONFIGURATION}-output-files.xcfilelist",
			);
			runOnlyForDeploymentPostprocessing = 0;
			shellPath = /bin/sh;
			shellScript = "\"${PODS_ROOT}/Target Support Files/Pods-lines_iOS/Pods-lines_iOS-frameworks.sh\"\n";
			showEnvVarsInLog = 0;
		};
		CF690BF42C5E2DD122C837B6 /* [CP] Check Pods Manifest.lock */ = {
			isa = PBXShellScriptBuildPhase;
			buildActionMask = 2147483647;
			files = (
			);
			inputFileListPaths = (
			);
			inputPaths = (
				"${PODS_PODFILE_DIR_PATH}/Podfile.lock",
				"${PODS_ROOT}/Manifest.lock",
			);
			name = "[CP] Check Pods Manifest.lock";
			outputFileListPaths = (
			);
			outputPaths = (
				"$(DERIVED_FILE_DIR)/Pods-lines_iOS-checkManifestLockResult.txt",
			);
			runOnlyForDeploymentPostprocessing = 0;
			shellPath = /bin/sh;
			shellScript = "diff \"${PODS_PODFILE_DIR_PATH}/Podfile.lock\" \"${PODS_ROOT}/Manifest.lock\" > /dev/null\nif [ $? != 0 ] ; then\n    # print error to STDERR\n    echo \"error: The sandbox is not in sync with the Podfile.lock. Run 'pod install' or update your CocoaPods installation.\" >&2\n    exit 1\nfi\n# This output is used by Xcode 'outputs' to avoid re-running this script phase.\necho \"SUCCESS\" > \"${SCRIPT_OUTPUT_FILE_0}\"\n";
			showEnvVarsInLog = 0;
		};
		D5FBE9E7CAB82204133264FF /* [CP] Copy Pods Resources */ = {
			isa = PBXShellScriptBuildPhase;
			buildActionMask = 2147483647;
			files = (
			);
			inputFileListPaths = (
				"${PODS_ROOT}/Target Support Files/Pods-lines_iOS/Pods-lines_iOS-resources-${CONFIGURATION}-input-files.xcfilelist",
			);
			name = "[CP] Copy Pods Resources";
			outputFileListPaths = (
				"${PODS_ROOT}/Target Support Files/Pods-lines_iOS/Pods-lines_iOS-resources-${CONFIGURATION}-output-files.xcfilelist",
			);
			runOnlyForDeploymentPostprocessing = 0;
			shellPath = /bin/sh;
			shellScript = "\"${PODS_ROOT}/Target Support Files/Pods-lines_iOS/Pods-lines_iOS-resources.sh\"\n";
			showEnvVarsInLog = 0;
		};
/* End PBXShellScriptBuildPhase section */

/* Begin PBXSourcesBuildPhase section */
		BAE5C9B12894B08A00659F74 /* Sources */ = {
			isa = PBXSourcesBuildPhase;
			buildActionMask = 2147483647;
			files = (
				BAA07C002894C1E00078EA83 /* Fonts.swift in Sources */,
				BAA07C29289512DC0078EA83 /* RequestInterceptor.swift in Sources */,
				BAA07C192894F51C0078EA83 /* StickerTextView.swift in Sources */,
				BAA07C052894C2060078EA83 /* Extensions+Func.swift in Sources */,
				BAE5C9BD2894B08A00659F74 /* ViewController.swift in Sources */,
				BAA07C32289528A10078EA83 /* SearchedListView.swift in Sources */,
				BAA07C2E289527660078EA83 /* SearchBookViewController.swift in Sources */,
				BAA07C2C289517F50078EA83 /* KakaoBookSearcher.swift in Sources */,
				BAA07C22289509EC0078EA83 /* AFHandler.swift in Sources */,
				BAA07C162894EC9C0078EA83 /* TextRecognizeController.swift in Sources */,
				BAA07BFE2894C1DA0078EA83 /* Colors.swift in Sources */,
				BAA07C3428952D360078EA83 /* SearchedTypeView.swift in Sources */,
				BAA07C2728950EC00078EA83 /* SearchBookStatus.swift in Sources */,
				BAA07C142894E3780078EA83 /* ReadTextController.swift in Sources */,
				BAA07C1E289509940078EA83 /* NWMonitor.swift in Sources */,
				BAA07C0B2894CED80078EA83 /* CameraViewController.swift in Sources */,
				BAE5C9B92894B08A00659F74 /* AppDelegate.swift in Sources */,
				BAA07C1B2894F79F0078EA83 /* Extensions+Value.swift in Sources */,
				BAA07C20289509AF0078EA83 /* EventMonitor.swift in Sources */,
				BAA07C032894C1FA0078EA83 /* Extensions+UI.swift in Sources */,
				BAA07C362895394C0078EA83 /* BarcodeViewController.swift in Sources */,
				BAA07C102894D3430078EA83 /* MainViewController.swift in Sources */,
				BAA07C2528950B930078EA83 /* ResponsableResult.swift in Sources */,
			);
			runOnlyForDeploymentPostprocessing = 0;
		};
/* End PBXSourcesBuildPhase section */

/* Begin PBXVariantGroup section */
		BAE5C9C32894B08C00659F74 /* LaunchScreen.storyboard */ = {
			isa = PBXVariantGroup;
			children = (
				BAE5C9C42894B08C00659F74 /* Base */,
			);
			name = LaunchScreen.storyboard;
			sourceTree = "<group>";
		};
/* End PBXVariantGroup section */

/* Begin XCBuildConfiguration section */
		BAE5C9C72894B08C00659F74 /* Debug */ = {
			isa = XCBuildConfiguration;
			buildSettings = {
				ALWAYS_SEARCH_USER_PATHS = NO;
				CLANG_ANALYZER_NONNULL = YES;
				CLANG_ANALYZER_NUMBER_OBJECT_CONVERSION = YES_AGGRESSIVE;
				CLANG_CXX_LANGUAGE_STANDARD = "gnu++17";
				CLANG_ENABLE_MODULES = YES;
				CLANG_ENABLE_OBJC_ARC = YES;
				CLANG_ENABLE_OBJC_WEAK = YES;
				CLANG_WARN_BLOCK_CAPTURE_AUTORELEASING = YES;
				CLANG_WARN_BOOL_CONVERSION = YES;
				CLANG_WARN_COMMA = YES;
				CLANG_WARN_CONSTANT_CONVERSION = YES;
				CLANG_WARN_DEPRECATED_OBJC_IMPLEMENTATIONS = YES;
				CLANG_WARN_DIRECT_OBJC_ISA_USAGE = YES_ERROR;
				CLANG_WARN_DOCUMENTATION_COMMENTS = YES;
				CLANG_WARN_EMPTY_BODY = YES;
				CLANG_WARN_ENUM_CONVERSION = YES;
				CLANG_WARN_INFINITE_RECURSION = YES;
				CLANG_WARN_INT_CONVERSION = YES;
				CLANG_WARN_NON_LITERAL_NULL_CONVERSION = YES;
				CLANG_WARN_OBJC_IMPLICIT_RETAIN_SELF = YES;
				CLANG_WARN_OBJC_LITERAL_CONVERSION = YES;
				CLANG_WARN_OBJC_ROOT_CLASS = YES_ERROR;
				CLANG_WARN_QUOTED_INCLUDE_IN_FRAMEWORK_HEADER = YES;
				CLANG_WARN_RANGE_LOOP_ANALYSIS = YES;
				CLANG_WARN_STRICT_PROTOTYPES = YES;
				CLANG_WARN_SUSPICIOUS_MOVE = YES;
				CLANG_WARN_UNGUARDED_AVAILABILITY = YES_AGGRESSIVE;
				CLANG_WARN_UNREACHABLE_CODE = YES;
				CLANG_WARN__DUPLICATE_METHOD_MATCH = YES;
				COPY_PHASE_STRIP = NO;
				DEBUG_INFORMATION_FORMAT = dwarf;
				ENABLE_STRICT_OBJC_MSGSEND = YES;
				ENABLE_TESTABILITY = YES;
				GCC_C_LANGUAGE_STANDARD = gnu11;
				GCC_DYNAMIC_NO_PIC = NO;
				GCC_NO_COMMON_BLOCKS = YES;
				GCC_OPTIMIZATION_LEVEL = 0;
				GCC_PREPROCESSOR_DEFINITIONS = (
					"DEBUG=1",
					"$(inherited)",
				);
				GCC_WARN_64_TO_32_BIT_CONVERSION = YES;
				GCC_WARN_ABOUT_RETURN_TYPE = YES_ERROR;
				GCC_WARN_UNDECLARED_SELECTOR = YES;
				GCC_WARN_UNINITIALIZED_AUTOS = YES_AGGRESSIVE;
				GCC_WARN_UNUSED_FUNCTION = YES;
				GCC_WARN_UNUSED_VARIABLE = YES;
				IPHONEOS_DEPLOYMENT_TARGET = 15.5;
				MTL_ENABLE_DEBUG_INFO = INCLUDE_SOURCE;
				MTL_FAST_MATH = YES;
				ONLY_ACTIVE_ARCH = YES;
				SDKROOT = iphoneos;
				SWIFT_ACTIVE_COMPILATION_CONDITIONS = DEBUG;
				SWIFT_OPTIMIZATION_LEVEL = "-Onone";
			};
			name = Debug;
		};
		BAE5C9C82894B08C00659F74 /* Release */ = {
			isa = XCBuildConfiguration;
			buildSettings = {
				ALWAYS_SEARCH_USER_PATHS = NO;
				CLANG_ANALYZER_NONNULL = YES;
				CLANG_ANALYZER_NUMBER_OBJECT_CONVERSION = YES_AGGRESSIVE;
				CLANG_CXX_LANGUAGE_STANDARD = "gnu++17";
				CLANG_ENABLE_MODULES = YES;
				CLANG_ENABLE_OBJC_ARC = YES;
				CLANG_ENABLE_OBJC_WEAK = YES;
				CLANG_WARN_BLOCK_CAPTURE_AUTORELEASING = YES;
				CLANG_WARN_BOOL_CONVERSION = YES;
				CLANG_WARN_COMMA = YES;
				CLANG_WARN_CONSTANT_CONVERSION = YES;
				CLANG_WARN_DEPRECATED_OBJC_IMPLEMENTATIONS = YES;
				CLANG_WARN_DIRECT_OBJC_ISA_USAGE = YES_ERROR;
				CLANG_WARN_DOCUMENTATION_COMMENTS = YES;
				CLANG_WARN_EMPTY_BODY = YES;
				CLANG_WARN_ENUM_CONVERSION = YES;
				CLANG_WARN_INFINITE_RECURSION = YES;
				CLANG_WARN_INT_CONVERSION = YES;
				CLANG_WARN_NON_LITERAL_NULL_CONVERSION = YES;
				CLANG_WARN_OBJC_IMPLICIT_RETAIN_SELF = YES;
				CLANG_WARN_OBJC_LITERAL_CONVERSION = YES;
				CLANG_WARN_OBJC_ROOT_CLASS = YES_ERROR;
				CLANG_WARN_QUOTED_INCLUDE_IN_FRAMEWORK_HEADER = YES;
				CLANG_WARN_RANGE_LOOP_ANALYSIS = YES;
				CLANG_WARN_STRICT_PROTOTYPES = YES;
				CLANG_WARN_SUSPICIOUS_MOVE = YES;
				CLANG_WARN_UNGUARDED_AVAILABILITY = YES_AGGRESSIVE;
				CLANG_WARN_UNREACHABLE_CODE = YES;
				CLANG_WARN__DUPLICATE_METHOD_MATCH = YES;
				COPY_PHASE_STRIP = NO;
				DEBUG_INFORMATION_FORMAT = "dwarf-with-dsym";
				ENABLE_NS_ASSERTIONS = NO;
				ENABLE_STRICT_OBJC_MSGSEND = YES;
				GCC_C_LANGUAGE_STANDARD = gnu11;
				GCC_NO_COMMON_BLOCKS = YES;
				GCC_WARN_64_TO_32_BIT_CONVERSION = YES;
				GCC_WARN_ABOUT_RETURN_TYPE = YES_ERROR;
				GCC_WARN_UNDECLARED_SELECTOR = YES;
				GCC_WARN_UNINITIALIZED_AUTOS = YES_AGGRESSIVE;
				GCC_WARN_UNUSED_FUNCTION = YES;
				GCC_WARN_UNUSED_VARIABLE = YES;
				IPHONEOS_DEPLOYMENT_TARGET = 15.5;
				MTL_ENABLE_DEBUG_INFO = NO;
				MTL_FAST_MATH = YES;
				SDKROOT = iphoneos;
				SWIFT_COMPILATION_MODE = wholemodule;
				SWIFT_OPTIMIZATION_LEVEL = "-O";
				VALIDATE_PRODUCT = YES;
			};
			name = Release;
		};
		BAE5C9CA2894B08C00659F74 /* Debug */ = {
			isa = XCBuildConfiguration;
			baseConfigurationReference = 89EBF471927421B13CAF5923 /* Pods-lines_iOS.debug.xcconfig */;
			buildSettings = {
				ASSETCATALOG_COMPILER_APPICON_NAME = AppIcon;
				ASSETCATALOG_COMPILER_GLOBAL_ACCENT_COLOR_NAME = AccentColor;
				CODE_SIGN_STYLE = Automatic;
				CURRENT_PROJECT_VERSION = 1;
				DEVELOPMENT_TEAM = 4UY2M9TWUY;
				GENERATE_INFOPLIST_FILE = YES;
				INFOPLIST_FILE = lines_iOS/Resources/Info.plist;
				INFOPLIST_KEY_UIApplicationSupportsIndirectInputEvents = YES;
				INFOPLIST_KEY_UILaunchStoryboardName = LaunchScreen;
				INFOPLIST_KEY_UISupportedInterfaceOrientations_iPad = "UIInterfaceOrientationPortrait UIInterfaceOrientationPortraitUpsideDown UIInterfaceOrientationLandscapeLeft UIInterfaceOrientationLandscapeRight";
				INFOPLIST_KEY_UISupportedInterfaceOrientations_iPhone = "UIInterfaceOrientationPortrait UIInterfaceOrientationLandscapeLeft UIInterfaceOrientationLandscapeRight";
				LD_RUNPATH_SEARCH_PATHS = (
					"$(inherited)",
					"@executable_path/Frameworks",
				);
				MARKETING_VERSION = 1.0;
				PRODUCT_BUNDLE_IDENTIFIER = "com.lines.lines-iOS";
				PRODUCT_NAME = "$(TARGET_NAME)";
				SWIFT_EMIT_LOC_STRINGS = YES;
				SWIFT_VERSION = 5.0;
				TARGETED_DEVICE_FAMILY = "1,2";
			};
			name = Debug;
		};
		BAE5C9CB2894B08C00659F74 /* Release */ = {
			isa = XCBuildConfiguration;
			baseConfigurationReference = 95F41FDAA66CDF70A7DB6CE3 /* Pods-lines_iOS.release.xcconfig */;
			buildSettings = {
				ASSETCATALOG_COMPILER_APPICON_NAME = AppIcon;
				ASSETCATALOG_COMPILER_GLOBAL_ACCENT_COLOR_NAME = AccentColor;
				CODE_SIGN_STYLE = Automatic;
				CURRENT_PROJECT_VERSION = 1;
				DEVELOPMENT_TEAM = 4UY2M9TWUY;
				GENERATE_INFOPLIST_FILE = YES;
				INFOPLIST_FILE = lines_iOS/Resources/Info.plist;
				INFOPLIST_KEY_UIApplicationSupportsIndirectInputEvents = YES;
				INFOPLIST_KEY_UILaunchStoryboardName = LaunchScreen;
				INFOPLIST_KEY_UISupportedInterfaceOrientations_iPad = "UIInterfaceOrientationPortrait UIInterfaceOrientationPortraitUpsideDown UIInterfaceOrientationLandscapeLeft UIInterfaceOrientationLandscapeRight";
				INFOPLIST_KEY_UISupportedInterfaceOrientations_iPhone = "UIInterfaceOrientationPortrait UIInterfaceOrientationLandscapeLeft UIInterfaceOrientationLandscapeRight";
				LD_RUNPATH_SEARCH_PATHS = (
					"$(inherited)",
					"@executable_path/Frameworks",
				);
				MARKETING_VERSION = 1.0;
				PRODUCT_BUNDLE_IDENTIFIER = "com.lines.lines-iOS";
				PRODUCT_NAME = "$(TARGET_NAME)";
				SWIFT_EMIT_LOC_STRINGS = YES;
				SWIFT_VERSION = 5.0;
				TARGETED_DEVICE_FAMILY = "1,2";
			};
			name = Release;
		};
/* End XCBuildConfiguration section */

/* Begin XCConfigurationList section */
		BAE5C9B02894B08A00659F74 /* Build configuration list for PBXProject "lines_iOS" */ = {
			isa = XCConfigurationList;
			buildConfigurations = (
				BAE5C9C72894B08C00659F74 /* Debug */,
				BAE5C9C82894B08C00659F74 /* Release */,
			);
			defaultConfigurationIsVisible = 0;
			defaultConfigurationName = Release;
		};
		BAE5C9C92894B08C00659F74 /* Build configuration list for PBXNativeTarget "lines_iOS" */ = {
			isa = XCConfigurationList;
			buildConfigurations = (
				BAE5C9CA2894B08C00659F74 /* Debug */,
				BAE5C9CB2894B08C00659F74 /* Release */,
			);
			defaultConfigurationIsVisible = 0;
			defaultConfigurationName = Release;
		};
/* End XCConfigurationList section */
	};
	rootObject = BAE5C9AD2894B08A00659F74 /* Project object */;
}
